
Microsoft Visual Studio Solution File, Format Version 12.00
# Visual Studio 15
VisualStudioVersion = 15.0.27428.2037
MinimumVisualStudioVersion = 10.0.40219.1
Project("{FAE04EC0-301F-11D3-BF4B-00C04F79EFBC}") = "MVVM_Sample.Android", "MVVM_Sample\MVVM_Sample.Android\MVVM_Sample.Android.csproj", "{989CD929-5CB1-44C2-9C14-6F4F1E9F972A}"
EndProject
Project("{FAE04EC0-301F-11D3-BF4B-00C04F79EFBC}") = "MVVM_Sample.iOS", "MVVM_Sample\MVVM_Sample.iOS\MVVM_Sample.iOS.csproj", "{C8C7CF21-8996-40A5-A7D4-1AF6789BACE4}"
EndProject
Project("{FAE04EC0-301F-11D3-BF4B-00C04F79EFBC}") = "MVVM_Sample.UWP", "MVVM_Sample\MVVM_Sample.UWP\MVVM_Sample.UWP.csproj", "{18CAE039-4689-49FD-AD27-CD956991EC4D}"
EndProject
Project("{FAE04EC0-301F-11D3-BF4B-00C04F79EFBC}") = "MVVM_Sample", "MVVM_Sample\MVVM_Sample\MVVM_Sample.csproj", "{5FA5094F-87CD-4C08-A219-A77B06630869}"
EndProject
Global
	GlobalSection(SolutionConfigurationPlatforms) = preSolution
		Ad-Hoc|Any CPU = Ad-Hoc|Any CPU
		Ad-Hoc|ARM = Ad-Hoc|ARM
		Ad-Hoc|iPhone = Ad-Hoc|iPhone
		Ad-Hoc|iPhoneSimulator = Ad-Hoc|iPhoneSimulator
		Ad-Hoc|x64 = Ad-Hoc|x64
		Ad-Hoc|x86 = Ad-Hoc|x86
		AppStore|Any CPU = AppStore|Any CPU
		AppStore|ARM = AppStore|ARM
		AppStore|iPhone = AppStore|iPhone
		AppStore|iPhoneSimulator = AppStore|iPhoneSimulator
		AppStore|x64 = AppStore|x64
		AppStore|x86 = AppStore|x86
		Debug|Any CPU = Debug|Any CPU
		Debug|ARM = Debug|ARM
		Debug|iPhone = Debug|iPhone
		Debug|iPhoneSimulator = Debug|iPhoneSimulator
		Debug|x64 = Debug|x64
		Debug|x86 = Debug|x86
		Release|Any CPU = Release|Any CPU
		Release|ARM = Release|ARM
		Release|iPhone = Release|iPhone
		Release|iPhoneSimulator = Release|iPhoneSimulator
		Release|x64 = Release|x64
		Release|x86 = Release|x86
	EndGlobalSection
	GlobalSection(ProjectConfigurationPlatforms) = postSolution
		{989CD929-5CB1-44C2-9C14-6F4F1E9F972A}.Ad-Hoc|Any CPU.ActiveCfg = Release|Any CPU
		{989CD929-5CB1-44C2-9C14-6F4F1E9F972A}.Ad-Hoc|Any CPU.Build.0 = Release|Any CPU
		{989CD929-5CB1-44C2-9C14-6F4F1E9F972A}.Ad-Hoc|Any CPU.Deploy.0 = Release|Any CPU
		{989CD929-5CB1-44C2-9C14-6F4F1E9F972A}.Ad-Hoc|ARM.ActiveCfg = Release|Any CPU
		{989CD929-5CB1-44C2-9C14-6F4F1E9F972A}.Ad-Hoc|ARM.Build.0 = Release|Any CPU
		{989CD929-5CB1-44C2-9C14-6F4F1E9F972A}.Ad-Hoc|ARM.Deploy.0 = Release|Any CPU
		{989CD929-5CB1-44C2-9C14-6F4F1E9F972A}.Ad-Hoc|iPhone.ActiveCfg = Release|Any CPU
		{989CD929-5CB1-44C2-9C14-6F4F1E9F972A}.Ad-Hoc|iPhone.Build.0 = Release|Any CPU
		{989CD929-5CB1-44C2-9C14-6F4F1E9F972A}.Ad-Hoc|iPhone.Deploy.0 = Release|Any CPU
		{989CD929-5CB1-44C2-9C14-6F4F1E9F972A}.Ad-Hoc|iPhoneSimulator.ActiveCfg = Release|Any CPU
		{989CD929-5CB1-44C2-9C14-6F4F1E9F972A}.Ad-Hoc|iPhoneSimulator.Build.0 = Release|Any CPU
		{989CD929-5CB1-44C2-9C14-6F4F1E9F972A}.Ad-Hoc|iPhoneSimulator.Deploy.0 = Release|Any CPU
		{989CD929-5CB1-44C2-9C14-6F4F1E9F972A}.Ad-Hoc|x64.ActiveCfg = Release|Any CPU
		{989CD929-5CB1-44C2-9C14-6F4F1E9F972A}.Ad-Hoc|x64.Build.0 = Release|Any CPU
		{989CD929-5CB1-44C2-9C14-6F4F1E9F972A}.Ad-Hoc|x64.Deploy.0 = Release|Any CPU
		{989CD929-5CB1-44C2-9C14-6F4F1E9F972A}.Ad-Hoc|x86.ActiveCfg = Release|Any CPU
		{989CD929-5CB1-44C2-9C14-6F4F1E9F972A}.Ad-Hoc|x86.Build.0 = Release|Any CPU
		{989CD929-5CB1-44C2-9C14-6F4F1E9F972A}.Ad-Hoc|x86.Deploy.0 = Release|Any CPU
		{989CD929-5CB1-44C2-9C14-6F4F1E9F972A}.AppStore|Any CPU.ActiveCfg = Release|Any CPU
		{989CD929-5CB1-44C2-9C14-6F4F1E9F972A}.AppStore|Any CPU.Build.0 = Release|Any CPU
		{989CD929-5CB1-44C2-9C14-6F4F1E9F972A}.AppStore|Any CPU.Deploy.0 = Release|Any CPU
		{989CD929-5CB1-44C2-9C14-6F4F1E9F972A}.AppStore|ARM.ActiveCfg = Release|Any CPU
		{989CD929-5CB1-44C2-9C14-6F4F1E9F972A}.AppStore|ARM.Build.0 = Release|Any CPU
		{989CD929-5CB1-44C2-9C14-6F4F1E9F972A}.AppStore|ARM.Deploy.0 = Release|Any CPU
		{989CD929-5CB1-44C2-9C14-6F4F1E9F972A}.AppStore|iPhone.ActiveCfg = Release|Any CPU
		{989CD929-5CB1-44C2-9C14-6F4F1E9F972A}.AppStore|iPhone.Build.0 = Release|Any CPU
		{989CD929-5CB1-44C2-9C14-6F4F1E9F972A}.AppStore|iPhone.Deploy.0 = Release|Any CPU
		{989CD929-5CB1-44C2-9C14-6F4F1E9F972A}.AppStore|iPhoneSimulator.ActiveCfg = Release|Any CPU
		{989CD929-5CB1-44C2-9C14-6F4F1E9F972A}.AppStore|iPhoneSimulator.Build.0 = Release|Any CPU
		{989CD929-5CB1-44C2-9C14-6F4F1E9F972A}.AppStore|iPhoneSimulator.Deploy.0 = Release|Any CPU
		{989CD929-5CB1-44C2-9C14-6F4F1E9F972A}.AppStore|x64.ActiveCfg = Release|Any CPU
		{989CD929-5CB1-44C2-9C14-6F4F1E9F972A}.AppStore|x64.Build.0 = Release|Any CPU
		{989CD929-5CB1-44C2-9C14-6F4F1E9F972A}.AppStore|x64.Deploy.0 = Release|Any CPU
		{989CD929-5CB1-44C2-9C14-6F4F1E9F972A}.AppStore|x86.ActiveCfg = Release|Any CPU
		{989CD929-5CB1-44C2-9C14-6F4F1E9F972A}.AppStore|x86.Build.0 = Release|Any CPU
		{989CD929-5CB1-44C2-9C14-6F4F1E9F972A}.AppStore|x86.Deploy.0 = Release|Any CPU
		{989CD929-5CB1-44C2-9C14-6F4F1E9F972A}.Debug|Any CPU.ActiveCfg = Debug|Any CPU
		{989CD929-5CB1-44C2-9C14-6F4F1E9F972A}.Debug|Any CPU.Build.0 = Debug|Any CPU
		{989CD929-5CB1-44C2-9C14-6F4F1E9F972A}.Debug|Any CPU.Deploy.0 = Debug|Any CPU
		{989CD929-5CB1-44C2-9C14-6F4F1E9F972A}.Debug|ARM.ActiveCfg = Debug|Any CPU
		{989CD929-5CB1-44C2-9C14-6F4F1E9F972A}.Debug|ARM.Build.0 = Debug|Any CPU
		{989CD929-5CB1-44C2-9C14-6F4F1E9F972A}.Debug|ARM.Deploy.0 = Debug|Any CPU
		{989CD929-5CB1-44C2-9C14-6F4F1E9F972A}.Debug|iPhone.ActiveCfg = Debug|Any CPU
		{989CD929-5CB1-44C2-9C14-6F4F1E9F972A}.Debug|iPhone.Build.0 = Debug|Any CPU
		{989CD929-5CB1-44C2-9C14-6F4F1E9F972A}.Debug|iPhone.Deploy.0 = Debug|Any CPU
		{989CD929-5CB1-44C2-9C14-6F4F1E9F972A}.Debug|iPhoneSimulator.ActiveCfg = Debug|Any CPU
		{989CD929-5CB1-44C2-9C14-6F4F1E9F972A}.Debug|iPhoneSimulator.Build.0 = Debug|Any CPU
		{989CD929-5CB1-44C2-9C14-6F4F1E9F972A}.Debug|iPhoneSimulator.Deploy.0 = Debug|Any CPU
		{989CD929-5CB1-44C2-9C14-6F4F1E9F972A}.Debug|x64.ActiveCfg = Debug|Any CPU
		{989CD929-5CB1-44C2-9C14-6F4F1E9F972A}.Debug|x64.Build.0 = Debug|Any CPU
		{989CD929-5CB1-44C2-9C14-6F4F1E9F972A}.Debug|x64.Deploy.0 = Debug|Any CPU
		{989CD929-5CB1-44C2-9C14-6F4F1E9F972A}.Debug|x86.ActiveCfg = Debug|Any CPU
		{989CD929-5CB1-44C2-9C14-6F4F1E9F972A}.Debug|x86.Build.0 = Debug|Any CPU
		{989CD929-5CB1-44C2-9C14-6F4F1E9F972A}.Debug|x86.Deploy.0 = Debug|Any CPU
		{989CD929-5CB1-44C2-9C14-6F4F1E9F972A}.Release|Any CPU.ActiveCfg = Release|Any CPU
		{989CD929-5CB1-44C2-9C14-6F4F1E9F972A}.Release|Any CPU.Build.0 = Release|Any CPU
		{989CD929-5CB1-44C2-9C14-6F4F1E9F972A}.Release|Any CPU.Deploy.0 = Release|Any CPU
		{989CD929-5CB1-44C2-9C14-6F4F1E9F972A}.Release|ARM.ActiveCfg = Release|Any CPU
		{989CD929-5CB1-44C2-9C14-6F4F1E9F972A}.Release|ARM.Build.0 = Release|Any CPU
		{989CD929-5CB1-44C2-9C14-6F4F1E9F972A}.Release|ARM.Deploy.0 = Release|Any CPU
		{989CD929-5CB1-44C2-9C14-6F4F1E9F972A}.Release|iPhone.ActiveCfg = Release|Any CPU
		{989CD929-5CB1-44C2-9C14-6F4F1E9F972A}.Release|iPhone.Build.0 = Release|Any CPU
		{989CD929-5CB1-44C2-9C14-6F4F1E9F972A}.Release|iPhone.Deploy.0 = Release|Any CPU
		{989CD929-5CB1-44C2-9C14-6F4F1E9F972A}.Release|iPhoneSimulator.ActiveCfg = Release|Any CPU
		{989CD929-5CB1-44C2-9C14-6F4F1E9F972A}.Release|iPhoneSimulator.Build.0 = Release|Any CPU
		{989CD929-5CB1-44C2-9C14-6F4F1E9F972A}.Release|iPhoneSimulator.Deploy.0 = Release|Any CPU
		{989CD929-5CB1-44C2-9C14-6F4F1E9F972A}.Release|x64.ActiveCfg = Release|Any CPU
		{989CD929-5CB1-44C2-9C14-6F4F1E9F972A}.Release|x64.Build.0 = Release|Any CPU
		{989CD929-5CB1-44C2-9C14-6F4F1E9F972A}.Release|x64.Deploy.0 = Release|Any CPU
		{989CD929-5CB1-44C2-9C14-6F4F1E9F972A}.Release|x86.ActiveCfg = Release|Any CPU
		{989CD929-5CB1-44C2-9C14-6F4F1E9F972A}.Release|x86.Build.0 = Release|Any CPU
		{989CD929-5CB1-44C2-9C14-6F4F1E9F972A}.Release|x86.Deploy.0 = Release|Any CPU
		{C8C7CF21-8996-40A5-A7D4-1AF6789BACE4}.Ad-Hoc|Any CPU.ActiveCfg = Ad-Hoc|iPhone
		{C8C7CF21-8996-40A5-A7D4-1AF6789BACE4}.Ad-Hoc|ARM.ActiveCfg = Ad-Hoc|iPhone
		{C8C7CF21-8996-40A5-A7D4-1AF6789BACE4}.Ad-Hoc|iPhone.ActiveCfg = Ad-Hoc|iPhone
		{C8C7CF21-8996-40A5-A7D4-1AF6789BACE4}.Ad-Hoc|iPhone.Build.0 = Ad-Hoc|iPhone
		{C8C7CF21-8996-40A5-A7D4-1AF6789BACE4}.Ad-Hoc|iPhoneSimulator.ActiveCfg = Ad-Hoc|iPhoneSimulator
		{C8C7CF21-8996-40A5-A7D4-1AF6789BACE4}.Ad-Hoc|iPhoneSimulator.Build.0 = Ad-Hoc|iPhoneSimulator
		{C8C7CF21-8996-40A5-A7D4-1AF6789BACE4}.Ad-Hoc|x64.ActiveCfg = Ad-Hoc|iPhone
		{C8C7CF21-8996-40A5-A7D4-1AF6789BACE4}.Ad-Hoc|x86.ActiveCfg = Ad-Hoc|iPhone
		{C8C7CF21-8996-40A5-A7D4-1AF6789BACE4}.AppStore|Any CPU.ActiveCfg = AppStore|iPhone
		{C8C7CF21-8996-40A5-A7D4-1AF6789BACE4}.AppStore|ARM.ActiveCfg = AppStore|iPhone
		{C8C7CF21-8996-40A5-A7D4-1AF6789BACE4}.AppStore|iPhone.ActiveCfg = AppStore|iPhone
		{C8C7CF21-8996-40A5-A7D4-1AF6789BACE4}.AppStore|iPhone.Build.0 = AppStore|iPhone
		{C8C7CF21-8996-40A5-A7D4-1AF6789BACE4}.AppStore|iPhoneSimulator.ActiveCfg = AppStore|iPhoneSimulator
		{C8C7CF21-8996-40A5-A7D4-1AF6789BACE4}.AppStore|iPhoneSimulator.Build.0 = AppStore|iPhoneSimulator
		{C8C7CF21-8996-40A5-A7D4-1AF6789BACE4}.AppStore|x64.ActiveCfg = AppStore|iPhone
		{C8C7CF21-8996-40A5-A7D4-1AF6789BACE4}.AppStore|x86.ActiveCfg = AppStore|iPhone
		{C8C7CF21-8996-40A5-A7D4-1AF6789BACE4}.Debug|Any CPU.ActiveCfg = Debug|iPhone
		{C8C7CF21-8996-40A5-A7D4-1AF6789BACE4}.Debug|ARM.ActiveCfg = Debug|iPhone
		{C8C7CF21-8996-40A5-A7D4-1AF6789BACE4}.Debug|iPhone.ActiveCfg = Debug|iPhone
		{C8C7CF21-8996-40A5-A7D4-1AF6789BACE4}.Debug|iPhone.Build.0 = Debug|iPhone
		{C8C7CF21-8996-40A5-A7D4-1AF6789BACE4}.Debug|iPhoneSimulator.ActiveCfg = Debug|iPhoneSimulator
		{C8C7CF21-8996-40A5-A7D4-1AF6789BACE4}.Debug|iPhoneSimulator.Build.0 = Debug|iPhoneSimulator
		{C8C7CF21-8996-40A5-A7D4-1AF6789BACE4}.Debug|x64.ActiveCfg = Debug|iPhone
		{C8C7CF21-8996-40A5-A7D4-1AF6789BACE4}.Debug|x86.ActiveCfg = Debug|iPhone
		{C8C7CF21-8996-40A5-A7D4-1AF6789BACE4}.Release|Any CPU.ActiveCfg = Release|iPhone
		{C8C7CF21-8996-40A5-A7D4-1AF6789BACE4}.Release|ARM.ActiveCfg = Release|iPhone
		{C8C7CF21-8996-40A5-A7D4-1AF6789BACE4}.Release|iPhone.ActiveCfg = Release|iPhone
		{C8C7CF21-8996-40A5-A7D4-1AF6789BACE4}.Release|iPhone.Build.0 = Release|iPhone
		{C8C7CF21-8996-40A5-A7D4-1AF6789BACE4}.Release|iPhoneSimulator.ActiveCfg = Release|iPhoneSimulator
		{C8C7CF21-8996-40A5-A7D4-1AF6789BACE4}.Release|iPhoneSimulator.Build.0 = Release|iPhoneSimulator
		{C8C7CF21-8996-40A5-A7D4-1AF6789BACE4}.Release|x64.ActiveCfg = Release|iPhone
		{C8C7CF21-8996-40A5-A7D4-1AF6789BACE4}.Release|x86.ActiveCfg = Release|iPhone
		{18CAE039-4689-49FD-AD27-CD956991EC4D}.Ad-Hoc|Any CPU.ActiveCfg = Release|x86
		{18CAE039-4689-49FD-AD27-CD956991EC4D}.Ad-Hoc|Any CPU.Build.0 = Release|x86
		{18CAE039-4689-49FD-AD27-CD956991EC4D}.Ad-Hoc|Any CPU.Deploy.0 = Release|x86
		{18CAE039-4689-49FD-AD27-CD956991EC4D}.Ad-Hoc|ARM.ActiveCfg = Release|ARM
		{18CAE039-4689-49FD-AD27-CD956991EC4D}.Ad-Hoc|ARM.Build.0 = Release|ARM
		{18CAE039-4689-49FD-AD27-CD956991EC4D}.Ad-Hoc|ARM.Deploy.0 = Release|ARM
		{18CAE039-4689-49FD-AD27-CD956991EC4D}.Ad-Hoc|iPhone.ActiveCfg = Release|x86
		{18CAE039-4689-49FD-AD27-CD956991EC4D}.Ad-Hoc|iPhone.Build.0 = Release|x86
		{18CAE039-4689-49FD-AD27-CD956991EC4D}.Ad-Hoc|iPhone.Deploy.0 = Release|x86
		{18CAE039-4689-49FD-AD27-CD956991EC4D}.Ad-Hoc|iPhoneSimulator.ActiveCfg = Release|x86
		{18CAE039-4689-49FD-AD27-CD956991EC4D}.Ad-Hoc|iPhoneSimulator.Build.0 = Release|x86
		{18CAE039-4689-49FD-AD27-CD956991EC4D}.Ad-Hoc|iPhoneSimulator.Deploy.0 = Release|x86
		{18CAE039-4689-49FD-AD27-CD956991EC4D}.Ad-Hoc|x64.ActiveCfg = Release|x64
		{18CAE039-4689-49FD-AD27-CD956991EC4D}.Ad-Hoc|x64.Build.0 = Release|x64
		{18CAE039-4689-49FD-AD27-CD956991EC4D}.Ad-Hoc|x64.Deploy.0 = Release|x64
		{18CAE039-4689-49FD-AD27-CD956991EC4D}.Ad-Hoc|x86.ActiveCfg = Release|x86
		{18CAE039-4689-49FD-AD27-CD956991EC4D}.Ad-Hoc|x86.Build.0 = Release|x86
		{18CAE039-4689-49FD-AD27-CD956991EC4D}.Ad-Hoc|x86.Deploy.0 = Release|x86
		{18CAE039-4689-49FD-AD27-CD956991EC4D}.AppStore|Any CPU.ActiveCfg = Release|x86
		{18CAE039-4689-49FD-AD27-CD956991EC4D}.AppStore|Any CPU.Build.0 = Release|x86
		{18CAE039-4689-49FD-AD27-CD956991EC4D}.AppStore|Any CPU.Deploy.0 = Release|x86
		{18CAE039-4689-49FD-AD27-CD956991EC4D}.AppStore|ARM.ActiveCfg = Release|ARM
		{18CAE039-4689-49FD-AD27-CD956991EC4D}.AppStore|ARM.Build.0 = Release|ARM
		{18CAE039-4689-49FD-AD27-CD956991EC4D}.AppStore|ARM.Deploy.0 = Release|ARM
		{18CAE039-4689-49FD-AD27-CD956991EC4D}.AppStore|iPhone.ActiveCfg = Release|x86
		{18CAE039-4689-49FD-AD27-CD956991EC4D}.AppStore|iPhone.Build.0 = Release|x86
		{18CAE039-4689-49FD-AD27-CD956991EC4D}.AppStore|iPhone.Deploy.0 = Release|x86
		{18CAE039-4689-49FD-AD27-CD956991EC4D}.AppStore|iPhoneSimulator.ActiveCfg = Release|x86
		{18CAE039-4689-49FD-AD27-CD956991EC4D}.AppStore|iPhoneSimulator.Build.0 = Release|x86
		{18CAE039-4689-49FD-AD27-CD956991EC4D}.AppStore|iPhoneSimulator.Deploy.0 = Release|x86
		{18CAE039-4689-49FD-AD27-CD956991EC4D}.AppStore|x64.ActiveCfg = Release|x64
		{18CAE039-4689-49FD-AD27-CD956991EC4D}.AppStore|x64.Build.0 = Release|x64
		{18CAE039-4689-49FD-AD27-CD956991EC4D}.AppStore|x64.Deploy.0 = Release|x64
		{18CAE039-4689-49FD-AD27-CD956991EC4D}.AppStore|x86.ActiveCfg = Release|x86
		{18CAE039-4689-49FD-AD27-CD956991EC4D}.AppStore|x86.Build.0 = Release|x86
		{18CAE039-4689-49FD-AD27-CD956991EC4D}.AppStore|x86.Deploy.0 = Release|x86
		{18CAE039-4689-49FD-AD27-CD956991EC4D}.Debug|Any CPU.ActiveCfg = Debug|x86
		{18CAE039-4689-49FD-AD27-CD956991EC4D}.Debug|ARM.ActiveCfg = Debug|ARM
		{18CAE039-4689-49FD-AD27-CD956991EC4D}.Debug|ARM.Build.0 = Debug|ARM
		{18CAE039-4689-49FD-AD27-CD956991EC4D}.Debug|ARM.Deploy.0 = Debug|ARM
		{18CAE039-4689-49FD-AD27-CD956991EC4D}.Debug|iPhone.ActiveCfg = Debug|x86
		{18CAE039-4689-49FD-AD27-CD956991EC4D}.Debug|iPhoneSimulator.ActiveCfg = Debug|x86
		{18CAE039-4689-49FD-AD27-CD956991EC4D}.Debug|x64.ActiveCfg = Debug|x64
		{18CAE039-4689-49FD-AD27-CD956991EC4D}.Debug|x64.Build.0 = Debug|x64
		{18CAE039-4689-49FD-AD27-CD956991EC4D}.Debug|x64.Deploy.0 = Debug|x64
		{18CAE039-4689-49FD-AD27-CD956991EC4D}.Debug|x86.ActiveCfg = Debug|x86
		{18CAE039-4689-49FD-AD27-CD956991EC4D}.Debug|x86.Build.0 = Debug|x86
		{18CAE039-4689-49FD-AD27-CD956991EC4D}.Debug|x86.Deploy.0 = Debug|x86
		{18CAE039-4689-49FD-AD27-CD956991EC4D}.Release|Any CPU.ActiveCfg = Release|x86
		{18CAE039-4689-49FD-AD27-CD956991EC4D}.Release|ARM.ActiveCfg = Release|ARM
		{18CAE039-4689-49FD-AD27-CD956991EC4D}.Release|ARM.Build.0 = Release|ARM
		{18CAE039-4689-49FD-AD27-CD956991EC4D}.Release|ARM.Deploy.0 = Release|ARM
		{18CAE039-4689-49FD-AD27-CD956991EC4D}.Release|iPhone.ActiveCfg = Release|x86
		{18CAE039-4689-49FD-AD27-CD956991EC4D}.Release|iPhoneSimulator.ActiveCfg = Release|x86
		{18CAE039-4689-49FD-AD27-CD956991EC4D}.Release|x64.ActiveCfg = Release|x64
		{18CAE039-4689-49FD-AD27-CD956991EC4D}.Release|x64.Build.0 = Release|x64
		{18CAE039-4689-49FD-AD27-CD956991EC4D}.Release|x64.Deploy.0 = Release|x64
		{18CAE039-4689-49FD-AD27-CD956991EC4D}.Release|x86.ActiveCfg = Release|x86
		{18CAE039-4689-49FD-AD27-CD956991EC4D}.Release|x86.Build.0 = Release|x86
		{18CAE039-4689-49FD-AD27-CD956991EC4D}.Release|x86.Deploy.0 = Release|x86
		{5FA5094F-87CD-4C08-A219-A77B06630869}.Ad-Hoc|Any CPU.ActiveCfg = Debug|Any CPU
		{5FA5094F-87CD-4C08-A219-A77B06630869}.Ad-Hoc|Any CPU.Build.0 = Debug|Any CPU
		{5FA5094F-87CD-4C08-A219-A77B06630869}.Ad-Hoc|ARM.ActiveCfg = Debug|Any CPU
		{5FA5094F-87CD-4C08-A219-A77B06630869}.Ad-Hoc|ARM.Build.0 = Debug|Any CPU
		{5FA5094F-87CD-4C08-A219-A77B06630869}.Ad-Hoc|iPhone.ActiveCfg = Debug|Any CPU
		{5FA5094F-87CD-4C08-A219-A77B06630869}.Ad-Hoc|iPhone.Build.0 = Debug|Any CPU
		{5FA5094F-87CD-4C08-A219-A77B06630869}.Ad-Hoc|iPhoneSimulator.ActiveCfg = Debug|Any CPU
		{5FA5094F-87CD-4C08-A219-A77B06630869}.Ad-Hoc|iPhoneSimulator.Build.0 = Debug|Any CPU
		{5FA5094F-87CD-4C08-A219-A77B06630869}.Ad-Hoc|x64.ActiveCfg = Debug|Any CPU
		{5FA5094F-87CD-4C08-A219-A77B06630869}.Ad-Hoc|x64.Build.0 = Debug|Any CPU
		{5FA5094F-87CD-4C08-A219-A77B06630869}.Ad-Hoc|x86.ActiveCfg = Debug|Any CPU
		{5FA5094F-87CD-4C08-A219-A77B06630869}.Ad-Hoc|x86.Build.0 = Debug|Any CPU
		{5FA5094F-87CD-4C08-A219-A77B06630869}.AppStore|Any CPU.ActiveCfg = Debug|Any CPU
		{5FA5094F-87CD-4C08-A219-A77B06630869}.AppStore|Any CPU.Build.0 = Debug|Any CPU
		{5FA5094F-87CD-4C08-A219-A77B06630869}.AppStore|ARM.ActiveCfg = Debug|Any CPU
		{5FA5094F-87CD-4C08-A219-A77B06630869}.AppStore|ARM.Build.0 = Debug|Any CPU
		{5FA5094F-87CD-4C08-A219-A77B06630869}.AppStore|iPhone.ActiveCfg = Debug|Any CPU
		{5FA5094F-87CD-4C08-A219-A77B06630869}.AppStore|iPhone.Build.0 = Debug|Any CPU
		{5FA5094F-87CD-4C08-A219-A77B06630869}.AppStore|iPhoneSimulator.ActiveCfg = Debug|Any CPU
		{5FA5094F-87CD-4C08-A219-A77B06630869}.AppStore|iPhoneSimulator.Build.0 = Debug|Any CPU
		{5FA5094F-87CD-4C08-A219-A77B06630869}.AppStore|x64.ActiveCfg = Debug|Any CPU
		{5FA5094F-87CD-4C08-A219-A77B06630869}.AppStore|x64.Build.0 = Debug|Any CPU
		{5FA5094F-87CD-4C08-A219-A77B06630869}.AppStore|x86.ActiveCfg = Debug|Any CPU
		{5FA5094F-87CD-4C08-A219-A77B06630869}.AppStore|x86.Build.0 = Debug|Any CPU
		{5FA5094F-87CD-4C08-A219-A77B06630869}.Debug|Any CPU.ActiveCfg = Debug|Any CPU
		{5FA5094F-87CD-4C08-A219-A77B06630869}.Debug|Any CPU.Build.0 = Debug|Any CPU
		{5FA5094F-87CD-4C08-A219-A77B06630869}.Debug|ARM.ActiveCfg = Debug|Any CPU
		{5FA5094F-87CD-4C08-A219-A77B06630869}.Debug|ARM.Build.0 = Debug|Any CPU
		{5FA5094F-87CD-4C08-A219-A77B06630869}.Debug|iPhone.ActiveCfg = Debug|Any CPU
		{5FA5094F-87CD-4C08-A219-A77B06630869}.Debug|iPhone.Build.0 = Debug|Any CPU
		{5FA5094F-87CD-4C08-A219-A77B06630869}.Debug|iPhoneSimulator.ActiveCfg = Debug|Any CPU
		{5FA5094F-87CD-4C08-A219-A77B06630869}.Debug|iPhoneSimulator.Build.0 = Debug|Any CPU
		{5FA5094F-87CD-4C08-A219-A77B06630869}.Debug|x64.ActiveCfg = Debug|Any CPU
		{5FA5094F-87CD-4C08-A219-A77B06630869}.Debug|x64.Build.0 = Debug|Any CPU
		{5FA5094F-87CD-4C08-A219-A77B06630869}.Debug|x86.ActiveCfg = Debug|Any CPU
		{5FA5094F-87CD-4C08-A219-A77B06630869}.Debug|x86.Build.0 = Debug|Any CPU
		{5FA5094F-87CD-4C08-A219-A77B06630869}.Release|Any CPU.ActiveCfg = Release|Any CPU
		{5FA5094F-87CD-4C08-A219-A77B06630869}.Release|Any CPU.Build.0 = Release|Any CPU
		{5FA5094F-87CD-4C08-A219-A77B06630869}.Release|ARM.ActiveCfg = Release|Any CPU
		{5FA5094F-87CD-4C08-A219-A77B06630869}.Release|ARM.Build.0 = Release|Any CPU
		{5FA5094F-87CD-4C08-A219-A77B06630869}.Release|iPhone.ActiveCfg = Release|Any CPU
		{5FA5094F-87CD-4C08-A219-A77B06630869}.Release|iPhone.Build.0 = Release|Any CPU
		{5FA5094F-87CD-4C08-A219-A77B06630869}.Release|iPhoneSimulator.ActiveCfg = Release|Any CPU
		{5FA5094F-87CD-4C08-A219-A77B06630869}.Release|iPhoneSimulator.Build.0 = Release|Any CPU
		{5FA5094F-87CD-4C08-A219-A77B06630869}.Release|x64.ActiveCfg = Release|Any CPU
		{5FA5094F-87CD-4C08-A219-A77B06630869}.Release|x64.Build.0 = Release|Any CPU
		{5FA5094F-87CD-4C08-A219-A77B06630869}.Release|x86.ActiveCfg = Release|Any CPU
		{5FA5094F-87CD-4C08-A219-A77B06630869}.Release|x86.Build.0 = Release|Any CPU
	EndGlobalSection
	GlobalSection(SolutionProperties) = preSolution
		HideSolutionNode = FALSE
	EndGlobalSection
	GlobalSection(ExtensibilityGlobals) = postSolution
		SolutionGuid = {D4FAEF73-F77B-4512-8136-6AA4BC0DB6EB}
	EndGlobalSection
EndGlobal
