
Microsoft Visual Studio Solution File, Format Version 12.00
# Visual Studio 15
VisualStudioVersion = 15.0.27428.2037
MinimumVisualStudioVersion = 10.0.40219.1
Project("{FAE04EC0-301F-11D3-BF4B-00C04F79EFBC}") = "DataTemplates.Android", "DataTemplates\DataTemplates.Android\DataTemplates.Android.csproj", "{AAD13C75-6FD9-4668-B108-4FF04B777C4C}"
EndProject
Project("{FAE04EC0-301F-11D3-BF4B-00C04F79EFBC}") = "DataTemplates.iOS", "DataTemplates\DataTemplates.iOS\DataTemplates.iOS.csproj", "{50D22A19-4037-4506-80F6-133489EA4D6B}"
EndProject
Project("{FAE04EC0-301F-11D3-BF4B-00C04F79EFBC}") = "DataTemplates.UWP", "DataTemplates\DataTemplates.UWP\DataTemplates.UWP.csproj", "{CBDCC5FF-DA55-4539-9DDD-7E22E9E4B2EA}"
EndProject
Project("{FAE04EC0-301F-11D3-BF4B-00C04F79EFBC}") = "DataTemplates", "DataTemplates\DataTemplates\DataTemplates.csproj", "{7EC744CA-84B5-4C18-9D00-53287AF7C095}"
EndProject
Global
	GlobalSection(SolutionConfigurationPlatforms) = preSolution
		Ad-Hoc|Any CPU = Ad-Hoc|Any CPU
		Ad-Hoc|ARM = Ad-Hoc|ARM
		Ad-Hoc|iPhone = Ad-Hoc|iPhone
		Ad-Hoc|iPhoneSimulator = Ad-Hoc|iPhoneSimulator
		Ad-Hoc|x64 = Ad-Hoc|x64
		Ad-Hoc|x86 = Ad-Hoc|x86
		AppStore|Any CPU = AppStore|Any CPU
		AppStore|ARM = AppStore|ARM
		AppStore|iPhone = AppStore|iPhone
		AppStore|iPhoneSimulator = AppStore|iPhoneSimulator
		AppStore|x64 = AppStore|x64
		AppStore|x86 = AppStore|x86
		Debug|Any CPU = Debug|Any CPU
		Debug|ARM = Debug|ARM
		Debug|iPhone = Debug|iPhone
		Debug|iPhoneSimulator = Debug|iPhoneSimulator
		Debug|x64 = Debug|x64
		Debug|x86 = Debug|x86
		Release|Any CPU = Release|Any CPU
		Release|ARM = Release|ARM
		Release|iPhone = Release|iPhone
		Release|iPhoneSimulator = Release|iPhoneSimulator
		Release|x64 = Release|x64
		Release|x86 = Release|x86
	EndGlobalSection
	GlobalSection(ProjectConfigurationPlatforms) = postSolution
		{AAD13C75-6FD9-4668-B108-4FF04B777C4C}.Ad-Hoc|Any CPU.ActiveCfg = Release|Any CPU
		{AAD13C75-6FD9-4668-B108-4FF04B777C4C}.Ad-Hoc|Any CPU.Build.0 = Release|Any CPU
		{AAD13C75-6FD9-4668-B108-4FF04B777C4C}.Ad-Hoc|Any CPU.Deploy.0 = Release|Any CPU
		{AAD13C75-6FD9-4668-B108-4FF04B777C4C}.Ad-Hoc|ARM.ActiveCfg = Release|Any CPU
		{AAD13C75-6FD9-4668-B108-4FF04B777C4C}.Ad-Hoc|ARM.Build.0 = Release|Any CPU
		{AAD13C75-6FD9-4668-B108-4FF04B777C4C}.Ad-Hoc|ARM.Deploy.0 = Release|Any CPU
		{AAD13C75-6FD9-4668-B108-4FF04B777C4C}.Ad-Hoc|iPhone.ActiveCfg = Release|Any CPU
		{AAD13C75-6FD9-4668-B108-4FF04B777C4C}.Ad-Hoc|iPhone.Build.0 = Release|Any CPU
		{AAD13C75-6FD9-4668-B108-4FF04B777C4C}.Ad-Hoc|iPhone.Deploy.0 = Release|Any CPU
		{AAD13C75-6FD9-4668-B108-4FF04B777C4C}.Ad-Hoc|iPhoneSimulator.ActiveCfg = Release|Any CPU
		{AAD13C75-6FD9-4668-B108-4FF04B777C4C}.Ad-Hoc|iPhoneSimulator.Build.0 = Release|Any CPU
		{AAD13C75-6FD9-4668-B108-4FF04B777C4C}.Ad-Hoc|iPhoneSimulator.Deploy.0 = Release|Any CPU
		{AAD13C75-6FD9-4668-B108-4FF04B777C4C}.Ad-Hoc|x64.ActiveCfg = Release|Any CPU
		{AAD13C75-6FD9-4668-B108-4FF04B777C4C}.Ad-Hoc|x64.Build.0 = Release|Any CPU
		{AAD13C75-6FD9-4668-B108-4FF04B777C4C}.Ad-Hoc|x64.Deploy.0 = Release|Any CPU
		{AAD13C75-6FD9-4668-B108-4FF04B777C4C}.Ad-Hoc|x86.ActiveCfg = Release|Any CPU
		{AAD13C75-6FD9-4668-B108-4FF04B777C4C}.Ad-Hoc|x86.Build.0 = Release|Any CPU
		{AAD13C75-6FD9-4668-B108-4FF04B777C4C}.Ad-Hoc|x86.Deploy.0 = Release|Any CPU
		{AAD13C75-6FD9-4668-B108-4FF04B777C4C}.AppStore|Any CPU.ActiveCfg = Release|Any CPU
		{AAD13C75-6FD9-4668-B108-4FF04B777C4C}.AppStore|Any CPU.Build.0 = Release|Any CPU
		{AAD13C75-6FD9-4668-B108-4FF04B777C4C}.AppStore|Any CPU.Deploy.0 = Release|Any CPU
		{AAD13C75-6FD9-4668-B108-4FF04B777C4C}.AppStore|ARM.ActiveCfg = Release|Any CPU
		{AAD13C75-6FD9-4668-B108-4FF04B777C4C}.AppStore|ARM.Build.0 = Release|Any CPU
		{AAD13C75-6FD9-4668-B108-4FF04B777C4C}.AppStore|ARM.Deploy.0 = Release|Any CPU
		{AAD13C75-6FD9-4668-B108-4FF04B777C4C}.AppStore|iPhone.ActiveCfg = Release|Any CPU
		{AAD13C75-6FD9-4668-B108-4FF04B777C4C}.AppStore|iPhone.Build.0 = Release|Any CPU
		{AAD13C75-6FD9-4668-B108-4FF04B777C4C}.AppStore|iPhone.Deploy.0 = Release|Any CPU
		{AAD13C75-6FD9-4668-B108-4FF04B777C4C}.AppStore|iPhoneSimulator.ActiveCfg = Release|Any CPU
		{AAD13C75-6FD9-4668-B108-4FF04B777C4C}.AppStore|iPhoneSimulator.Build.0 = Release|Any CPU
		{AAD13C75-6FD9-4668-B108-4FF04B777C4C}.AppStore|iPhoneSimulator.Deploy.0 = Release|Any CPU
		{AAD13C75-6FD9-4668-B108-4FF04B777C4C}.AppStore|x64.ActiveCfg = Release|Any CPU
		{AAD13C75-6FD9-4668-B108-4FF04B777C4C}.AppStore|x64.Build.0 = Release|Any CPU
		{AAD13C75-6FD9-4668-B108-4FF04B777C4C}.AppStore|x64.Deploy.0 = Release|Any CPU
		{AAD13C75-6FD9-4668-B108-4FF04B777C4C}.AppStore|x86.ActiveCfg = Release|Any CPU
		{AAD13C75-6FD9-4668-B108-4FF04B777C4C}.AppStore|x86.Build.0 = Release|Any CPU
		{AAD13C75-6FD9-4668-B108-4FF04B777C4C}.AppStore|x86.Deploy.0 = Release|Any CPU
		{AAD13C75-6FD9-4668-B108-4FF04B777C4C}.Debug|Any CPU.ActiveCfg = Debug|Any CPU
		{AAD13C75-6FD9-4668-B108-4FF04B777C4C}.Debug|Any CPU.Build.0 = Debug|Any CPU
		{AAD13C75-6FD9-4668-B108-4FF04B777C4C}.Debug|Any CPU.Deploy.0 = Debug|Any CPU
		{AAD13C75-6FD9-4668-B108-4FF04B777C4C}.Debug|ARM.ActiveCfg = Debug|Any CPU
		{AAD13C75-6FD9-4668-B108-4FF04B777C4C}.Debug|ARM.Build.0 = Debug|Any CPU
		{AAD13C75-6FD9-4668-B108-4FF04B777C4C}.Debug|ARM.Deploy.0 = Debug|Any CPU
		{AAD13C75-6FD9-4668-B108-4FF04B777C4C}.Debug|iPhone.ActiveCfg = Debug|Any CPU
		{AAD13C75-6FD9-4668-B108-4FF04B777C4C}.Debug|iPhone.Build.0 = Debug|Any CPU
		{AAD13C75-6FD9-4668-B108-4FF04B777C4C}.Debug|iPhone.Deploy.0 = Debug|Any CPU
		{AAD13C75-6FD9-4668-B108-4FF04B777C4C}.Debug|iPhoneSimulator.ActiveCfg = Debug|Any CPU
		{AAD13C75-6FD9-4668-B108-4FF04B777C4C}.Debug|iPhoneSimulator.Build.0 = Debug|Any CPU
		{AAD13C75-6FD9-4668-B108-4FF04B777C4C}.Debug|iPhoneSimulator.Deploy.0 = Debug|Any CPU
		{AAD13C75-6FD9-4668-B108-4FF04B777C4C}.Debug|x64.ActiveCfg = Debug|Any CPU
		{AAD13C75-6FD9-4668-B108-4FF04B777C4C}.Debug|x64.Build.0 = Debug|Any CPU
		{AAD13C75-6FD9-4668-B108-4FF04B777C4C}.Debug|x64.Deploy.0 = Debug|Any CPU
		{AAD13C75-6FD9-4668-B108-4FF04B777C4C}.Debug|x86.ActiveCfg = Debug|Any CPU
		{AAD13C75-6FD9-4668-B108-4FF04B777C4C}.Debug|x86.Build.0 = Debug|Any CPU
		{AAD13C75-6FD9-4668-B108-4FF04B777C4C}.Debug|x86.Deploy.0 = Debug|Any CPU
		{AAD13C75-6FD9-4668-B108-4FF04B777C4C}.Release|Any CPU.ActiveCfg = Release|Any CPU
		{AAD13C75-6FD9-4668-B108-4FF04B777C4C}.Release|Any CPU.Build.0 = Release|Any CPU
		{AAD13C75-6FD9-4668-B108-4FF04B777C4C}.Release|Any CPU.Deploy.0 = Release|Any CPU
		{AAD13C75-6FD9-4668-B108-4FF04B777C4C}.Release|ARM.ActiveCfg = Release|Any CPU
		{AAD13C75-6FD9-4668-B108-4FF04B777C4C}.Release|ARM.Build.0 = Release|Any CPU
		{AAD13C75-6FD9-4668-B108-4FF04B777C4C}.Release|ARM.Deploy.0 = Release|Any CPU
		{AAD13C75-6FD9-4668-B108-4FF04B777C4C}.Release|iPhone.ActiveCfg = Release|Any CPU
		{AAD13C75-6FD9-4668-B108-4FF04B777C4C}.Release|iPhone.Build.0 = Release|Any CPU
		{AAD13C75-6FD9-4668-B108-4FF04B777C4C}.Release|iPhone.Deploy.0 = Release|Any CPU
		{AAD13C75-6FD9-4668-B108-4FF04B777C4C}.Release|iPhoneSimulator.ActiveCfg = Release|Any CPU
		{AAD13C75-6FD9-4668-B108-4FF04B777C4C}.Release|iPhoneSimulator.Build.0 = Release|Any CPU
		{AAD13C75-6FD9-4668-B108-4FF04B777C4C}.Release|iPhoneSimulator.Deploy.0 = Release|Any CPU
		{AAD13C75-6FD9-4668-B108-4FF04B777C4C}.Release|x64.ActiveCfg = Release|Any CPU
		{AAD13C75-6FD9-4668-B108-4FF04B777C4C}.Release|x64.Build.0 = Release|Any CPU
		{AAD13C75-6FD9-4668-B108-4FF04B777C4C}.Release|x64.Deploy.0 = Release|Any CPU
		{AAD13C75-6FD9-4668-B108-4FF04B777C4C}.Release|x86.ActiveCfg = Release|Any CPU
		{AAD13C75-6FD9-4668-B108-4FF04B777C4C}.Release|x86.Build.0 = Release|Any CPU
		{AAD13C75-6FD9-4668-B108-4FF04B777C4C}.Release|x86.Deploy.0 = Release|Any CPU
		{50D22A19-4037-4506-80F6-133489EA4D6B}.Ad-Hoc|Any CPU.ActiveCfg = Ad-Hoc|iPhone
		{50D22A19-4037-4506-80F6-133489EA4D6B}.Ad-Hoc|ARM.ActiveCfg = Ad-Hoc|iPhone
		{50D22A19-4037-4506-80F6-133489EA4D6B}.Ad-Hoc|iPhone.ActiveCfg = Ad-Hoc|iPhone
		{50D22A19-4037-4506-80F6-133489EA4D6B}.Ad-Hoc|iPhone.Build.0 = Ad-Hoc|iPhone
		{50D22A19-4037-4506-80F6-133489EA4D6B}.Ad-Hoc|iPhoneSimulator.ActiveCfg = Ad-Hoc|iPhoneSimulator
		{50D22A19-4037-4506-80F6-133489EA4D6B}.Ad-Hoc|iPhoneSimulator.Build.0 = Ad-Hoc|iPhoneSimulator
		{50D22A19-4037-4506-80F6-133489EA4D6B}.Ad-Hoc|x64.ActiveCfg = Ad-Hoc|iPhone
		{50D22A19-4037-4506-80F6-133489EA4D6B}.Ad-Hoc|x86.ActiveCfg = Ad-Hoc|iPhone
		{50D22A19-4037-4506-80F6-133489EA4D6B}.AppStore|Any CPU.ActiveCfg = AppStore|iPhone
		{50D22A19-4037-4506-80F6-133489EA4D6B}.AppStore|ARM.ActiveCfg = AppStore|iPhone
		{50D22A19-4037-4506-80F6-133489EA4D6B}.AppStore|iPhone.ActiveCfg = AppStore|iPhone
		{50D22A19-4037-4506-80F6-133489EA4D6B}.AppStore|iPhone.Build.0 = AppStore|iPhone
		{50D22A19-4037-4506-80F6-133489EA4D6B}.AppStore|iPhoneSimulator.ActiveCfg = AppStore|iPhoneSimulator
		{50D22A19-4037-4506-80F6-133489EA4D6B}.AppStore|iPhoneSimulator.Build.0 = AppStore|iPhoneSimulator
		{50D22A19-4037-4506-80F6-133489EA4D6B}.AppStore|x64.ActiveCfg = AppStore|iPhone
		{50D22A19-4037-4506-80F6-133489EA4D6B}.AppStore|x86.ActiveCfg = AppStore|iPhone
		{50D22A19-4037-4506-80F6-133489EA4D6B}.Debug|Any CPU.ActiveCfg = Debug|iPhone
		{50D22A19-4037-4506-80F6-133489EA4D6B}.Debug|ARM.ActiveCfg = Debug|iPhone
		{50D22A19-4037-4506-80F6-133489EA4D6B}.Debug|iPhone.ActiveCfg = Debug|iPhone
		{50D22A19-4037-4506-80F6-133489EA4D6B}.Debug|iPhone.Build.0 = Debug|iPhone
		{50D22A19-4037-4506-80F6-133489EA4D6B}.Debug|iPhoneSimulator.ActiveCfg = Debug|iPhoneSimulator
		{50D22A19-4037-4506-80F6-133489EA4D6B}.Debug|iPhoneSimulator.Build.0 = Debug|iPhoneSimulator
		{50D22A19-4037-4506-80F6-133489EA4D6B}.Debug|x64.ActiveCfg = Debug|iPhone
		{50D22A19-4037-4506-80F6-133489EA4D6B}.Debug|x86.ActiveCfg = Debug|iPhone
		{50D22A19-4037-4506-80F6-133489EA4D6B}.Release|Any CPU.ActiveCfg = Release|iPhone
		{50D22A19-4037-4506-80F6-133489EA4D6B}.Release|ARM.ActiveCfg = Release|iPhone
		{50D22A19-4037-4506-80F6-133489EA4D6B}.Release|iPhone.ActiveCfg = Release|iPhone
		{50D22A19-4037-4506-80F6-133489EA4D6B}.Release|iPhone.Build.0 = Release|iPhone
		{50D22A19-4037-4506-80F6-133489EA4D6B}.Release|iPhoneSimulator.ActiveCfg = Release|iPhoneSimulator
		{50D22A19-4037-4506-80F6-133489EA4D6B}.Release|iPhoneSimulator.Build.0 = Release|iPhoneSimulator
		{50D22A19-4037-4506-80F6-133489EA4D6B}.Release|x64.ActiveCfg = Release|iPhone
		{50D22A19-4037-4506-80F6-133489EA4D6B}.Release|x86.ActiveCfg = Release|iPhone
		{CBDCC5FF-DA55-4539-9DDD-7E22E9E4B2EA}.Ad-Hoc|Any CPU.ActiveCfg = Release|x86
		{CBDCC5FF-DA55-4539-9DDD-7E22E9E4B2EA}.Ad-Hoc|Any CPU.Build.0 = Release|x86
		{CBDCC5FF-DA55-4539-9DDD-7E22E9E4B2EA}.Ad-Hoc|Any CPU.Deploy.0 = Release|x86
		{CBDCC5FF-DA55-4539-9DDD-7E22E9E4B2EA}.Ad-Hoc|ARM.ActiveCfg = Release|ARM
		{CBDCC5FF-DA55-4539-9DDD-7E22E9E4B2EA}.Ad-Hoc|ARM.Build.0 = Release|ARM
		{CBDCC5FF-DA55-4539-9DDD-7E22E9E4B2EA}.Ad-Hoc|ARM.Deploy.0 = Release|ARM
		{CBDCC5FF-DA55-4539-9DDD-7E22E9E4B2EA}.Ad-Hoc|iPhone.ActiveCfg = Release|x86
		{CBDCC5FF-DA55-4539-9DDD-7E22E9E4B2EA}.Ad-Hoc|iPhone.Build.0 = Release|x86
		{CBDCC5FF-DA55-4539-9DDD-7E22E9E4B2EA}.Ad-Hoc|iPhone.Deploy.0 = Release|x86
		{CBDCC5FF-DA55-4539-9DDD-7E22E9E4B2EA}.Ad-Hoc|iPhoneSimulator.ActiveCfg = Release|x86
		{CBDCC5FF-DA55-4539-9DDD-7E22E9E4B2EA}.Ad-Hoc|iPhoneSimulator.Build.0 = Release|x86
		{CBDCC5FF-DA55-4539-9DDD-7E22E9E4B2EA}.Ad-Hoc|iPhoneSimulator.Deploy.0 = Release|x86
		{CBDCC5FF-DA55-4539-9DDD-7E22E9E4B2EA}.Ad-Hoc|x64.ActiveCfg = Release|x64
		{CBDCC5FF-DA55-4539-9DDD-7E22E9E4B2EA}.Ad-Hoc|x64.Build.0 = Release|x64
		{CBDCC5FF-DA55-4539-9DDD-7E22E9E4B2EA}.Ad-Hoc|x64.Deploy.0 = Release|x64
		{CBDCC5FF-DA55-4539-9DDD-7E22E9E4B2EA}.Ad-Hoc|x86.ActiveCfg = Release|x86
		{CBDCC5FF-DA55-4539-9DDD-7E22E9E4B2EA}.Ad-Hoc|x86.Build.0 = Release|x86
		{CBDCC5FF-DA55-4539-9DDD-7E22E9E4B2EA}.Ad-Hoc|x86.Deploy.0 = Release|x86
		{CBDCC5FF-DA55-4539-9DDD-7E22E9E4B2EA}.AppStore|Any CPU.ActiveCfg = Release|x86
		{CBDCC5FF-DA55-4539-9DDD-7E22E9E4B2EA}.AppStore|Any CPU.Build.0 = Release|x86
		{CBDCC5FF-DA55-4539-9DDD-7E22E9E4B2EA}.AppStore|Any CPU.Deploy.0 = Release|x86
		{CBDCC5FF-DA55-4539-9DDD-7E22E9E4B2EA}.AppStore|ARM.ActiveCfg = Release|ARM
		{CBDCC5FF-DA55-4539-9DDD-7E22E9E4B2EA}.AppStore|ARM.Build.0 = Release|ARM
		{CBDCC5FF-DA55-4539-9DDD-7E22E9E4B2EA}.AppStore|ARM.Deploy.0 = Release|ARM
		{CBDCC5FF-DA55-4539-9DDD-7E22E9E4B2EA}.AppStore|iPhone.ActiveCfg = Release|x86
		{CBDCC5FF-DA55-4539-9DDD-7E22E9E4B2EA}.AppStore|iPhone.Build.0 = Release|x86
		{CBDCC5FF-DA55-4539-9DDD-7E22E9E4B2EA}.AppStore|iPhone.Deploy.0 = Release|x86
		{CBDCC5FF-DA55-4539-9DDD-7E22E9E4B2EA}.AppStore|iPhoneSimulator.ActiveCfg = Release|x86
		{CBDCC5FF-DA55-4539-9DDD-7E22E9E4B2EA}.AppStore|iPhoneSimulator.Build.0 = Release|x86
		{CBDCC5FF-DA55-4539-9DDD-7E22E9E4B2EA}.AppStore|iPhoneSimulator.Deploy.0 = Release|x86
		{CBDCC5FF-DA55-4539-9DDD-7E22E9E4B2EA}.AppStore|x64.ActiveCfg = Release|x64
		{CBDCC5FF-DA55-4539-9DDD-7E22E9E4B2EA}.AppStore|x64.Build.0 = Release|x64
		{CBDCC5FF-DA55-4539-9DDD-7E22E9E4B2EA}.AppStore|x64.Deploy.0 = Release|x64
		{CBDCC5FF-DA55-4539-9DDD-7E22E9E4B2EA}.AppStore|x86.ActiveCfg = Release|x86
		{CBDCC5FF-DA55-4539-9DDD-7E22E9E4B2EA}.AppStore|x86.Build.0 = Release|x86
		{CBDCC5FF-DA55-4539-9DDD-7E22E9E4B2EA}.AppStore|x86.Deploy.0 = Release|x86
		{CBDCC5FF-DA55-4539-9DDD-7E22E9E4B2EA}.Debug|Any CPU.ActiveCfg = Debug|x86
		{CBDCC5FF-DA55-4539-9DDD-7E22E9E4B2EA}.Debug|ARM.ActiveCfg = Debug|ARM
		{CBDCC5FF-DA55-4539-9DDD-7E22E9E4B2EA}.Debug|ARM.Build.0 = Debug|ARM
		{CBDCC5FF-DA55-4539-9DDD-7E22E9E4B2EA}.Debug|ARM.Deploy.0 = Debug|ARM
		{CBDCC5FF-DA55-4539-9DDD-7E22E9E4B2EA}.Debug|iPhone.ActiveCfg = Debug|x86
		{CBDCC5FF-DA55-4539-9DDD-7E22E9E4B2EA}.Debug|iPhoneSimulator.ActiveCfg = Debug|x86
		{CBDCC5FF-DA55-4539-9DDD-7E22E9E4B2EA}.Debug|x64.ActiveCfg = Debug|x64
		{CBDCC5FF-DA55-4539-9DDD-7E22E9E4B2EA}.Debug|x64.Build.0 = Debug|x64
		{CBDCC5FF-DA55-4539-9DDD-7E22E9E4B2EA}.Debug|x64.Deploy.0 = Debug|x64
		{CBDCC5FF-DA55-4539-9DDD-7E22E9E4B2EA}.Debug|x86.ActiveCfg = Debug|x86
		{CBDCC5FF-DA55-4539-9DDD-7E22E9E4B2EA}.Debug|x86.Build.0 = Debug|x86
		{CBDCC5FF-DA55-4539-9DDD-7E22E9E4B2EA}.Debug|x86.Deploy.0 = Debug|x86
		{CBDCC5FF-DA55-4539-9DDD-7E22E9E4B2EA}.Release|Any CPU.ActiveCfg = Release|x86
		{CBDCC5FF-DA55-4539-9DDD-7E22E9E4B2EA}.Release|ARM.ActiveCfg = Release|ARM
		{CBDCC5FF-DA55-4539-9DDD-7E22E9E4B2EA}.Release|ARM.Build.0 = Release|ARM
		{CBDCC5FF-DA55-4539-9DDD-7E22E9E4B2EA}.Release|ARM.Deploy.0 = Release|ARM
		{CBDCC5FF-DA55-4539-9DDD-7E22E9E4B2EA}.Release|iPhone.ActiveCfg = Release|x86
		{CBDCC5FF-DA55-4539-9DDD-7E22E9E4B2EA}.Release|iPhoneSimulator.ActiveCfg = Release|x86
		{CBDCC5FF-DA55-4539-9DDD-7E22E9E4B2EA}.Release|x64.ActiveCfg = Release|x64
		{CBDCC5FF-DA55-4539-9DDD-7E22E9E4B2EA}.Release|x64.Build.0 = Release|x64
		{CBDCC5FF-DA55-4539-9DDD-7E22E9E4B2EA}.Release|x64.Deploy.0 = Release|x64
		{CBDCC5FF-DA55-4539-9DDD-7E22E9E4B2EA}.Release|x86.ActiveCfg = Release|x86
		{CBDCC5FF-DA55-4539-9DDD-7E22E9E4B2EA}.Release|x86.Build.0 = Release|x86
		{CBDCC5FF-DA55-4539-9DDD-7E22E9E4B2EA}.Release|x86.Deploy.0 = Release|x86
		{7EC744CA-84B5-4C18-9D00-53287AF7C095}.Ad-Hoc|Any CPU.ActiveCfg = Debug|Any CPU
		{7EC744CA-84B5-4C18-9D00-53287AF7C095}.Ad-Hoc|Any CPU.Build.0 = Debug|Any CPU
		{7EC744CA-84B5-4C18-9D00-53287AF7C095}.Ad-Hoc|ARM.ActiveCfg = Debug|Any CPU
		{7EC744CA-84B5-4C18-9D00-53287AF7C095}.Ad-Hoc|ARM.Build.0 = Debug|Any CPU
		{7EC744CA-84B5-4C18-9D00-53287AF7C095}.Ad-Hoc|iPhone.ActiveCfg = Debug|Any CPU
		{7EC744CA-84B5-4C18-9D00-53287AF7C095}.Ad-Hoc|iPhone.Build.0 = Debug|Any CPU
		{7EC744CA-84B5-4C18-9D00-53287AF7C095}.Ad-Hoc|iPhoneSimulator.ActiveCfg = Debug|Any CPU
		{7EC744CA-84B5-4C18-9D00-53287AF7C095}.Ad-Hoc|iPhoneSimulator.Build.0 = Debug|Any CPU
		{7EC744CA-84B5-4C18-9D00-53287AF7C095}.Ad-Hoc|x64.ActiveCfg = Debug|Any CPU
		{7EC744CA-84B5-4C18-9D00-53287AF7C095}.Ad-Hoc|x64.Build.0 = Debug|Any CPU
		{7EC744CA-84B5-4C18-9D00-53287AF7C095}.Ad-Hoc|x86.ActiveCfg = Debug|Any CPU
		{7EC744CA-84B5-4C18-9D00-53287AF7C095}.Ad-Hoc|x86.Build.0 = Debug|Any CPU
		{7EC744CA-84B5-4C18-9D00-53287AF7C095}.AppStore|Any CPU.ActiveCfg = Debug|Any CPU
		{7EC744CA-84B5-4C18-9D00-53287AF7C095}.AppStore|Any CPU.Build.0 = Debug|Any CPU
		{7EC744CA-84B5-4C18-9D00-53287AF7C095}.AppStore|ARM.ActiveCfg = Debug|Any CPU
		{7EC744CA-84B5-4C18-9D00-53287AF7C095}.AppStore|ARM.Build.0 = Debug|Any CPU
		{7EC744CA-84B5-4C18-9D00-53287AF7C095}.AppStore|iPhone.ActiveCfg = Debug|Any CPU
		{7EC744CA-84B5-4C18-9D00-53287AF7C095}.AppStore|iPhone.Build.0 = Debug|Any CPU
		{7EC744CA-84B5-4C18-9D00-53287AF7C095}.AppStore|iPhoneSimulator.ActiveCfg = Debug|Any CPU
		{7EC744CA-84B5-4C18-9D00-53287AF7C095}.AppStore|iPhoneSimulator.Build.0 = Debug|Any CPU
		{7EC744CA-84B5-4C18-9D00-53287AF7C095}.AppStore|x64.ActiveCfg = Debug|Any CPU
		{7EC744CA-84B5-4C18-9D00-53287AF7C095}.AppStore|x64.Build.0 = Debug|Any CPU
		{7EC744CA-84B5-4C18-9D00-53287AF7C095}.AppStore|x86.ActiveCfg = Debug|Any CPU
		{7EC744CA-84B5-4C18-9D00-53287AF7C095}.AppStore|x86.Build.0 = Debug|Any CPU
		{7EC744CA-84B5-4C18-9D00-53287AF7C095}.Debug|Any CPU.ActiveCfg = Debug|Any CPU
		{7EC744CA-84B5-4C18-9D00-53287AF7C095}.Debug|Any CPU.Build.0 = Debug|Any CPU
		{7EC744CA-84B5-4C18-9D00-53287AF7C095}.Debug|ARM.ActiveCfg = Debug|Any CPU
		{7EC744CA-84B5-4C18-9D00-53287AF7C095}.Debug|ARM.Build.0 = Debug|Any CPU
		{7EC744CA-84B5-4C18-9D00-53287AF7C095}.Debug|iPhone.ActiveCfg = Debug|Any CPU
		{7EC744CA-84B5-4C18-9D00-53287AF7C095}.Debug|iPhone.Build.0 = Debug|Any CPU
		{7EC744CA-84B5-4C18-9D00-53287AF7C095}.Debug|iPhoneSimulator.ActiveCfg = Debug|Any CPU
		{7EC744CA-84B5-4C18-9D00-53287AF7C095}.Debug|iPhoneSimulator.Build.0 = Debug|Any CPU
		{7EC744CA-84B5-4C18-9D00-53287AF7C095}.Debug|x64.ActiveCfg = Debug|Any CPU
		{7EC744CA-84B5-4C18-9D00-53287AF7C095}.Debug|x64.Build.0 = Debug|Any CPU
		{7EC744CA-84B5-4C18-9D00-53287AF7C095}.Debug|x86.ActiveCfg = Debug|Any CPU
		{7EC744CA-84B5-4C18-9D00-53287AF7C095}.Debug|x86.Build.0 = Debug|Any CPU
		{7EC744CA-84B5-4C18-9D00-53287AF7C095}.Release|Any CPU.ActiveCfg = Release|Any CPU
		{7EC744CA-84B5-4C18-9D00-53287AF7C095}.Release|Any CPU.Build.0 = Release|Any CPU
		{7EC744CA-84B5-4C18-9D00-53287AF7C095}.Release|ARM.ActiveCfg = Release|Any CPU
		{7EC744CA-84B5-4C18-9D00-53287AF7C095}.Release|ARM.Build.0 = Release|Any CPU
		{7EC744CA-84B5-4C18-9D00-53287AF7C095}.Release|iPhone.ActiveCfg = Release|Any CPU
		{7EC744CA-84B5-4C18-9D00-53287AF7C095}.Release|iPhone.Build.0 = Release|Any CPU
		{7EC744CA-84B5-4C18-9D00-53287AF7C095}.Release|iPhoneSimulator.ActiveCfg = Release|Any CPU
		{7EC744CA-84B5-4C18-9D00-53287AF7C095}.Release|iPhoneSimulator.Build.0 = Release|Any CPU
		{7EC744CA-84B5-4C18-9D00-53287AF7C095}.Release|x64.ActiveCfg = Release|Any CPU
		{7EC744CA-84B5-4C18-9D00-53287AF7C095}.Release|x64.Build.0 = Release|Any CPU
		{7EC744CA-84B5-4C18-9D00-53287AF7C095}.Release|x86.ActiveCfg = Release|Any CPU
		{7EC744CA-84B5-4C18-9D00-53287AF7C095}.Release|x86.Build.0 = Release|Any CPU
	EndGlobalSection
	GlobalSection(SolutionProperties) = preSolution
		HideSolutionNode = FALSE
	EndGlobalSection
	GlobalSection(ExtensibilityGlobals) = postSolution
		SolutionGuid = {C46637BA-E946-490C-B5B8-EC05505F2077}
	EndGlobalSection
EndGlobal
