
Microsoft Visual Studio Solution File, Format Version 12.00
# Visual Studio 15
VisualStudioVersion = 15.0.27428.2037
MinimumVisualStudioVersion = 10.0.40219.1
Project("{FAE04EC0-301F-11D3-BF4B-00C04F79EFBC}") = "LoginNavi.Android", "LoginNavi\LoginNavi.Android\LoginNavi.Android.csproj", "{BBCF2E2A-582C-41A9-8087-CA6B7F821FDC}"
EndProject
Project("{FAE04EC0-301F-11D3-BF4B-00C04F79EFBC}") = "LoginNavi.iOS", "LoginNavi\LoginNavi.iOS\LoginNavi.iOS.csproj", "{C01DA4B5-6636-4A27-B243-E3BC711F56E5}"
EndProject
Project("{FAE04EC0-301F-11D3-BF4B-00C04F79EFBC}") = "LoginNavi.UWP", "LoginNavi\LoginNavi.UWP\LoginNavi.UWP.csproj", "{269CD729-EB8B-43E2-9446-19CB7A695E1D}"
EndProject
Project("{FAE04EC0-301F-11D3-BF4B-00C04F79EFBC}") = "LoginNavi", "LoginNavi\LoginNavi\LoginNavi.csproj", "{CBB3E5FB-692A-46CF-B705-CB63D3744C91}"
EndProject
Global
	GlobalSection(SolutionConfigurationPlatforms) = preSolution
		Ad-Hoc|Any CPU = Ad-Hoc|Any CPU
		Ad-Hoc|ARM = Ad-Hoc|ARM
		Ad-Hoc|iPhone = Ad-Hoc|iPhone
		Ad-Hoc|iPhoneSimulator = Ad-Hoc|iPhoneSimulator
		Ad-Hoc|x64 = Ad-Hoc|x64
		Ad-Hoc|x86 = Ad-Hoc|x86
		AppStore|Any CPU = AppStore|Any CPU
		AppStore|ARM = AppStore|ARM
		AppStore|iPhone = AppStore|iPhone
		AppStore|iPhoneSimulator = AppStore|iPhoneSimulator
		AppStore|x64 = AppStore|x64
		AppStore|x86 = AppStore|x86
		Debug|Any CPU = Debug|Any CPU
		Debug|ARM = Debug|ARM
		Debug|iPhone = Debug|iPhone
		Debug|iPhoneSimulator = Debug|iPhoneSimulator
		Debug|x64 = Debug|x64
		Debug|x86 = Debug|x86
		Release|Any CPU = Release|Any CPU
		Release|ARM = Release|ARM
		Release|iPhone = Release|iPhone
		Release|iPhoneSimulator = Release|iPhoneSimulator
		Release|x64 = Release|x64
		Release|x86 = Release|x86
	EndGlobalSection
	GlobalSection(ProjectConfigurationPlatforms) = postSolution
		{BBCF2E2A-582C-41A9-8087-CA6B7F821FDC}.Ad-Hoc|Any CPU.ActiveCfg = Release|Any CPU
		{BBCF2E2A-582C-41A9-8087-CA6B7F821FDC}.Ad-Hoc|Any CPU.Build.0 = Release|Any CPU
		{BBCF2E2A-582C-41A9-8087-CA6B7F821FDC}.Ad-Hoc|Any CPU.Deploy.0 = Release|Any CPU
		{BBCF2E2A-582C-41A9-8087-CA6B7F821FDC}.Ad-Hoc|ARM.ActiveCfg = Release|Any CPU
		{BBCF2E2A-582C-41A9-8087-CA6B7F821FDC}.Ad-Hoc|ARM.Build.0 = Release|Any CPU
		{BBCF2E2A-582C-41A9-8087-CA6B7F821FDC}.Ad-Hoc|ARM.Deploy.0 = Release|Any CPU
		{BBCF2E2A-582C-41A9-8087-CA6B7F821FDC}.Ad-Hoc|iPhone.ActiveCfg = Release|Any CPU
		{BBCF2E2A-582C-41A9-8087-CA6B7F821FDC}.Ad-Hoc|iPhone.Build.0 = Release|Any CPU
		{BBCF2E2A-582C-41A9-8087-CA6B7F821FDC}.Ad-Hoc|iPhone.Deploy.0 = Release|Any CPU
		{BBCF2E2A-582C-41A9-8087-CA6B7F821FDC}.Ad-Hoc|iPhoneSimulator.ActiveCfg = Release|Any CPU
		{BBCF2E2A-582C-41A9-8087-CA6B7F821FDC}.Ad-Hoc|iPhoneSimulator.Build.0 = Release|Any CPU
		{BBCF2E2A-582C-41A9-8087-CA6B7F821FDC}.Ad-Hoc|iPhoneSimulator.Deploy.0 = Release|Any CPU
		{BBCF2E2A-582C-41A9-8087-CA6B7F821FDC}.Ad-Hoc|x64.ActiveCfg = Release|Any CPU
		{BBCF2E2A-582C-41A9-8087-CA6B7F821FDC}.Ad-Hoc|x64.Build.0 = Release|Any CPU
		{BBCF2E2A-582C-41A9-8087-CA6B7F821FDC}.Ad-Hoc|x64.Deploy.0 = Release|Any CPU
		{BBCF2E2A-582C-41A9-8087-CA6B7F821FDC}.Ad-Hoc|x86.ActiveCfg = Release|Any CPU
		{BBCF2E2A-582C-41A9-8087-CA6B7F821FDC}.Ad-Hoc|x86.Build.0 = Release|Any CPU
		{BBCF2E2A-582C-41A9-8087-CA6B7F821FDC}.Ad-Hoc|x86.Deploy.0 = Release|Any CPU
		{BBCF2E2A-582C-41A9-8087-CA6B7F821FDC}.AppStore|Any CPU.ActiveCfg = Release|Any CPU
		{BBCF2E2A-582C-41A9-8087-CA6B7F821FDC}.AppStore|Any CPU.Build.0 = Release|Any CPU
		{BBCF2E2A-582C-41A9-8087-CA6B7F821FDC}.AppStore|Any CPU.Deploy.0 = Release|Any CPU
		{BBCF2E2A-582C-41A9-8087-CA6B7F821FDC}.AppStore|ARM.ActiveCfg = Release|Any CPU
		{BBCF2E2A-582C-41A9-8087-CA6B7F821FDC}.AppStore|ARM.Build.0 = Release|Any CPU
		{BBCF2E2A-582C-41A9-8087-CA6B7F821FDC}.AppStore|ARM.Deploy.0 = Release|Any CPU
		{BBCF2E2A-582C-41A9-8087-CA6B7F821FDC}.AppStore|iPhone.ActiveCfg = Release|Any CPU
		{BBCF2E2A-582C-41A9-8087-CA6B7F821FDC}.AppStore|iPhone.Build.0 = Release|Any CPU
		{BBCF2E2A-582C-41A9-8087-CA6B7F821FDC}.AppStore|iPhone.Deploy.0 = Release|Any CPU
		{BBCF2E2A-582C-41A9-8087-CA6B7F821FDC}.AppStore|iPhoneSimulator.ActiveCfg = Release|Any CPU
		{BBCF2E2A-582C-41A9-8087-CA6B7F821FDC}.AppStore|iPhoneSimulator.Build.0 = Release|Any CPU
		{BBCF2E2A-582C-41A9-8087-CA6B7F821FDC}.AppStore|iPhoneSimulator.Deploy.0 = Release|Any CPU
		{BBCF2E2A-582C-41A9-8087-CA6B7F821FDC}.AppStore|x64.ActiveCfg = Release|Any CPU
		{BBCF2E2A-582C-41A9-8087-CA6B7F821FDC}.AppStore|x64.Build.0 = Release|Any CPU
		{BBCF2E2A-582C-41A9-8087-CA6B7F821FDC}.AppStore|x64.Deploy.0 = Release|Any CPU
		{BBCF2E2A-582C-41A9-8087-CA6B7F821FDC}.AppStore|x86.ActiveCfg = Release|Any CPU
		{BBCF2E2A-582C-41A9-8087-CA6B7F821FDC}.AppStore|x86.Build.0 = Release|Any CPU
		{BBCF2E2A-582C-41A9-8087-CA6B7F821FDC}.AppStore|x86.Deploy.0 = Release|Any CPU
		{BBCF2E2A-582C-41A9-8087-CA6B7F821FDC}.Debug|Any CPU.ActiveCfg = Debug|Any CPU
		{BBCF2E2A-582C-41A9-8087-CA6B7F821FDC}.Debug|Any CPU.Build.0 = Debug|Any CPU
		{BBCF2E2A-582C-41A9-8087-CA6B7F821FDC}.Debug|Any CPU.Deploy.0 = Debug|Any CPU
		{BBCF2E2A-582C-41A9-8087-CA6B7F821FDC}.Debug|ARM.ActiveCfg = Debug|Any CPU
		{BBCF2E2A-582C-41A9-8087-CA6B7F821FDC}.Debug|ARM.Build.0 = Debug|Any CPU
		{BBCF2E2A-582C-41A9-8087-CA6B7F821FDC}.Debug|ARM.Deploy.0 = Debug|Any CPU
		{BBCF2E2A-582C-41A9-8087-CA6B7F821FDC}.Debug|iPhone.ActiveCfg = Debug|Any CPU
		{BBCF2E2A-582C-41A9-8087-CA6B7F821FDC}.Debug|iPhone.Build.0 = Debug|Any CPU
		{BBCF2E2A-582C-41A9-8087-CA6B7F821FDC}.Debug|iPhone.Deploy.0 = Debug|Any CPU
		{BBCF2E2A-582C-41A9-8087-CA6B7F821FDC}.Debug|iPhoneSimulator.ActiveCfg = Debug|Any CPU
		{BBCF2E2A-582C-41A9-8087-CA6B7F821FDC}.Debug|iPhoneSimulator.Build.0 = Debug|Any CPU
		{BBCF2E2A-582C-41A9-8087-CA6B7F821FDC}.Debug|iPhoneSimulator.Deploy.0 = Debug|Any CPU
		{BBCF2E2A-582C-41A9-8087-CA6B7F821FDC}.Debug|x64.ActiveCfg = Debug|Any CPU
		{BBCF2E2A-582C-41A9-8087-CA6B7F821FDC}.Debug|x64.Build.0 = Debug|Any CPU
		{BBCF2E2A-582C-41A9-8087-CA6B7F821FDC}.Debug|x64.Deploy.0 = Debug|Any CPU
		{BBCF2E2A-582C-41A9-8087-CA6B7F821FDC}.Debug|x86.ActiveCfg = Debug|Any CPU
		{BBCF2E2A-582C-41A9-8087-CA6B7F821FDC}.Debug|x86.Build.0 = Debug|Any CPU
		{BBCF2E2A-582C-41A9-8087-CA6B7F821FDC}.Debug|x86.Deploy.0 = Debug|Any CPU
		{BBCF2E2A-582C-41A9-8087-CA6B7F821FDC}.Release|Any CPU.ActiveCfg = Release|Any CPU
		{BBCF2E2A-582C-41A9-8087-CA6B7F821FDC}.Release|Any CPU.Build.0 = Release|Any CPU
		{BBCF2E2A-582C-41A9-8087-CA6B7F821FDC}.Release|Any CPU.Deploy.0 = Release|Any CPU
		{BBCF2E2A-582C-41A9-8087-CA6B7F821FDC}.Release|ARM.ActiveCfg = Release|Any CPU
		{BBCF2E2A-582C-41A9-8087-CA6B7F821FDC}.Release|ARM.Build.0 = Release|Any CPU
		{BBCF2E2A-582C-41A9-8087-CA6B7F821FDC}.Release|ARM.Deploy.0 = Release|Any CPU
		{BBCF2E2A-582C-41A9-8087-CA6B7F821FDC}.Release|iPhone.ActiveCfg = Release|Any CPU
		{BBCF2E2A-582C-41A9-8087-CA6B7F821FDC}.Release|iPhone.Build.0 = Release|Any CPU
		{BBCF2E2A-582C-41A9-8087-CA6B7F821FDC}.Release|iPhone.Deploy.0 = Release|Any CPU
		{BBCF2E2A-582C-41A9-8087-CA6B7F821FDC}.Release|iPhoneSimulator.ActiveCfg = Release|Any CPU
		{BBCF2E2A-582C-41A9-8087-CA6B7F821FDC}.Release|iPhoneSimulator.Build.0 = Release|Any CPU
		{BBCF2E2A-582C-41A9-8087-CA6B7F821FDC}.Release|iPhoneSimulator.Deploy.0 = Release|Any CPU
		{BBCF2E2A-582C-41A9-8087-CA6B7F821FDC}.Release|x64.ActiveCfg = Release|Any CPU
		{BBCF2E2A-582C-41A9-8087-CA6B7F821FDC}.Release|x64.Build.0 = Release|Any CPU
		{BBCF2E2A-582C-41A9-8087-CA6B7F821FDC}.Release|x64.Deploy.0 = Release|Any CPU
		{BBCF2E2A-582C-41A9-8087-CA6B7F821FDC}.Release|x86.ActiveCfg = Release|Any CPU
		{BBCF2E2A-582C-41A9-8087-CA6B7F821FDC}.Release|x86.Build.0 = Release|Any CPU
		{BBCF2E2A-582C-41A9-8087-CA6B7F821FDC}.Release|x86.Deploy.0 = Release|Any CPU
		{C01DA4B5-6636-4A27-B243-E3BC711F56E5}.Ad-Hoc|Any CPU.ActiveCfg = Ad-Hoc|iPhone
		{C01DA4B5-6636-4A27-B243-E3BC711F56E5}.Ad-Hoc|ARM.ActiveCfg = Ad-Hoc|iPhone
		{C01DA4B5-6636-4A27-B243-E3BC711F56E5}.Ad-Hoc|iPhone.ActiveCfg = Ad-Hoc|iPhone
		{C01DA4B5-6636-4A27-B243-E3BC711F56E5}.Ad-Hoc|iPhone.Build.0 = Ad-Hoc|iPhone
		{C01DA4B5-6636-4A27-B243-E3BC711F56E5}.Ad-Hoc|iPhoneSimulator.ActiveCfg = Ad-Hoc|iPhoneSimulator
		{C01DA4B5-6636-4A27-B243-E3BC711F56E5}.Ad-Hoc|iPhoneSimulator.Build.0 = Ad-Hoc|iPhoneSimulator
		{C01DA4B5-6636-4A27-B243-E3BC711F56E5}.Ad-Hoc|x64.ActiveCfg = Ad-Hoc|iPhone
		{C01DA4B5-6636-4A27-B243-E3BC711F56E5}.Ad-Hoc|x86.ActiveCfg = Ad-Hoc|iPhone
		{C01DA4B5-6636-4A27-B243-E3BC711F56E5}.AppStore|Any CPU.ActiveCfg = AppStore|iPhone
		{C01DA4B5-6636-4A27-B243-E3BC711F56E5}.AppStore|ARM.ActiveCfg = AppStore|iPhone
		{C01DA4B5-6636-4A27-B243-E3BC711F56E5}.AppStore|iPhone.ActiveCfg = AppStore|iPhone
		{C01DA4B5-6636-4A27-B243-E3BC711F56E5}.AppStore|iPhone.Build.0 = AppStore|iPhone
		{C01DA4B5-6636-4A27-B243-E3BC711F56E5}.AppStore|iPhoneSimulator.ActiveCfg = AppStore|iPhoneSimulator
		{C01DA4B5-6636-4A27-B243-E3BC711F56E5}.AppStore|iPhoneSimulator.Build.0 = AppStore|iPhoneSimulator
		{C01DA4B5-6636-4A27-B243-E3BC711F56E5}.AppStore|x64.ActiveCfg = AppStore|iPhone
		{C01DA4B5-6636-4A27-B243-E3BC711F56E5}.AppStore|x86.ActiveCfg = AppStore|iPhone
		{C01DA4B5-6636-4A27-B243-E3BC711F56E5}.Debug|Any CPU.ActiveCfg = Debug|iPhone
		{C01DA4B5-6636-4A27-B243-E3BC711F56E5}.Debug|ARM.ActiveCfg = Debug|iPhone
		{C01DA4B5-6636-4A27-B243-E3BC711F56E5}.Debug|iPhone.ActiveCfg = Debug|iPhone
		{C01DA4B5-6636-4A27-B243-E3BC711F56E5}.Debug|iPhone.Build.0 = Debug|iPhone
		{C01DA4B5-6636-4A27-B243-E3BC711F56E5}.Debug|iPhoneSimulator.ActiveCfg = Debug|iPhoneSimulator
		{C01DA4B5-6636-4A27-B243-E3BC711F56E5}.Debug|iPhoneSimulator.Build.0 = Debug|iPhoneSimulator
		{C01DA4B5-6636-4A27-B243-E3BC711F56E5}.Debug|x64.ActiveCfg = Debug|iPhone
		{C01DA4B5-6636-4A27-B243-E3BC711F56E5}.Debug|x86.ActiveCfg = Debug|iPhone
		{C01DA4B5-6636-4A27-B243-E3BC711F56E5}.Release|Any CPU.ActiveCfg = Release|iPhone
		{C01DA4B5-6636-4A27-B243-E3BC711F56E5}.Release|ARM.ActiveCfg = Release|iPhone
		{C01DA4B5-6636-4A27-B243-E3BC711F56E5}.Release|iPhone.ActiveCfg = Release|iPhone
		{C01DA4B5-6636-4A27-B243-E3BC711F56E5}.Release|iPhone.Build.0 = Release|iPhone
		{C01DA4B5-6636-4A27-B243-E3BC711F56E5}.Release|iPhoneSimulator.ActiveCfg = Release|iPhoneSimulator
		{C01DA4B5-6636-4A27-B243-E3BC711F56E5}.Release|iPhoneSimulator.Build.0 = Release|iPhoneSimulator
		{C01DA4B5-6636-4A27-B243-E3BC711F56E5}.Release|x64.ActiveCfg = Release|iPhone
		{C01DA4B5-6636-4A27-B243-E3BC711F56E5}.Release|x86.ActiveCfg = Release|iPhone
		{269CD729-EB8B-43E2-9446-19CB7A695E1D}.Ad-Hoc|Any CPU.ActiveCfg = Release|x86
		{269CD729-EB8B-43E2-9446-19CB7A695E1D}.Ad-Hoc|Any CPU.Build.0 = Release|x86
		{269CD729-EB8B-43E2-9446-19CB7A695E1D}.Ad-Hoc|Any CPU.Deploy.0 = Release|x86
		{269CD729-EB8B-43E2-9446-19CB7A695E1D}.Ad-Hoc|ARM.ActiveCfg = Release|ARM
		{269CD729-EB8B-43E2-9446-19CB7A695E1D}.Ad-Hoc|ARM.Build.0 = Release|ARM
		{269CD729-EB8B-43E2-9446-19CB7A695E1D}.Ad-Hoc|ARM.Deploy.0 = Release|ARM
		{269CD729-EB8B-43E2-9446-19CB7A695E1D}.Ad-Hoc|iPhone.ActiveCfg = Release|x86
		{269CD729-EB8B-43E2-9446-19CB7A695E1D}.Ad-Hoc|iPhone.Build.0 = Release|x86
		{269CD729-EB8B-43E2-9446-19CB7A695E1D}.Ad-Hoc|iPhone.Deploy.0 = Release|x86
		{269CD729-EB8B-43E2-9446-19CB7A695E1D}.Ad-Hoc|iPhoneSimulator.ActiveCfg = Release|x86
		{269CD729-EB8B-43E2-9446-19CB7A695E1D}.Ad-Hoc|iPhoneSimulator.Build.0 = Release|x86
		{269CD729-EB8B-43E2-9446-19CB7A695E1D}.Ad-Hoc|iPhoneSimulator.Deploy.0 = Release|x86
		{269CD729-EB8B-43E2-9446-19CB7A695E1D}.Ad-Hoc|x64.ActiveCfg = Release|x64
		{269CD729-EB8B-43E2-9446-19CB7A695E1D}.Ad-Hoc|x64.Build.0 = Release|x64
		{269CD729-EB8B-43E2-9446-19CB7A695E1D}.Ad-Hoc|x64.Deploy.0 = Release|x64
		{269CD729-EB8B-43E2-9446-19CB7A695E1D}.Ad-Hoc|x86.ActiveCfg = Release|x86
		{269CD729-EB8B-43E2-9446-19CB7A695E1D}.Ad-Hoc|x86.Build.0 = Release|x86
		{269CD729-EB8B-43E2-9446-19CB7A695E1D}.Ad-Hoc|x86.Deploy.0 = Release|x86
		{269CD729-EB8B-43E2-9446-19CB7A695E1D}.AppStore|Any CPU.ActiveCfg = Release|x86
		{269CD729-EB8B-43E2-9446-19CB7A695E1D}.AppStore|Any CPU.Build.0 = Release|x86
		{269CD729-EB8B-43E2-9446-19CB7A695E1D}.AppStore|Any CPU.Deploy.0 = Release|x86
		{269CD729-EB8B-43E2-9446-19CB7A695E1D}.AppStore|ARM.ActiveCfg = Release|ARM
		{269CD729-EB8B-43E2-9446-19CB7A695E1D}.AppStore|ARM.Build.0 = Release|ARM
		{269CD729-EB8B-43E2-9446-19CB7A695E1D}.AppStore|ARM.Deploy.0 = Release|ARM
		{269CD729-EB8B-43E2-9446-19CB7A695E1D}.AppStore|iPhone.ActiveCfg = Release|x86
		{269CD729-EB8B-43E2-9446-19CB7A695E1D}.AppStore|iPhone.Build.0 = Release|x86
		{269CD729-EB8B-43E2-9446-19CB7A695E1D}.AppStore|iPhone.Deploy.0 = Release|x86
		{269CD729-EB8B-43E2-9446-19CB7A695E1D}.AppStore|iPhoneSimulator.ActiveCfg = Release|x86
		{269CD729-EB8B-43E2-9446-19CB7A695E1D}.AppStore|iPhoneSimulator.Build.0 = Release|x86
		{269CD729-EB8B-43E2-9446-19CB7A695E1D}.AppStore|iPhoneSimulator.Deploy.0 = Release|x86
		{269CD729-EB8B-43E2-9446-19CB7A695E1D}.AppStore|x64.ActiveCfg = Release|x64
		{269CD729-EB8B-43E2-9446-19CB7A695E1D}.AppStore|x64.Build.0 = Release|x64
		{269CD729-EB8B-43E2-9446-19CB7A695E1D}.AppStore|x64.Deploy.0 = Release|x64
		{269CD729-EB8B-43E2-9446-19CB7A695E1D}.AppStore|x86.ActiveCfg = Release|x86
		{269CD729-EB8B-43E2-9446-19CB7A695E1D}.AppStore|x86.Build.0 = Release|x86
		{269CD729-EB8B-43E2-9446-19CB7A695E1D}.AppStore|x86.Deploy.0 = Release|x86
		{269CD729-EB8B-43E2-9446-19CB7A695E1D}.Debug|Any CPU.ActiveCfg = Debug|x86
		{269CD729-EB8B-43E2-9446-19CB7A695E1D}.Debug|ARM.ActiveCfg = Debug|ARM
		{269CD729-EB8B-43E2-9446-19CB7A695E1D}.Debug|ARM.Build.0 = Debug|ARM
		{269CD729-EB8B-43E2-9446-19CB7A695E1D}.Debug|ARM.Deploy.0 = Debug|ARM
		{269CD729-EB8B-43E2-9446-19CB7A695E1D}.Debug|iPhone.ActiveCfg = Debug|x86
		{269CD729-EB8B-43E2-9446-19CB7A695E1D}.Debug|iPhoneSimulator.ActiveCfg = Debug|x86
		{269CD729-EB8B-43E2-9446-19CB7A695E1D}.Debug|x64.ActiveCfg = Debug|x64
		{269CD729-EB8B-43E2-9446-19CB7A695E1D}.Debug|x64.Build.0 = Debug|x64
		{269CD729-EB8B-43E2-9446-19CB7A695E1D}.Debug|x64.Deploy.0 = Debug|x64
		{269CD729-EB8B-43E2-9446-19CB7A695E1D}.Debug|x86.ActiveCfg = Debug|x86
		{269CD729-EB8B-43E2-9446-19CB7A695E1D}.Debug|x86.Build.0 = Debug|x86
		{269CD729-EB8B-43E2-9446-19CB7A695E1D}.Debug|x86.Deploy.0 = Debug|x86
		{269CD729-EB8B-43E2-9446-19CB7A695E1D}.Release|Any CPU.ActiveCfg = Release|x86
		{269CD729-EB8B-43E2-9446-19CB7A695E1D}.Release|ARM.ActiveCfg = Release|ARM
		{269CD729-EB8B-43E2-9446-19CB7A695E1D}.Release|ARM.Build.0 = Release|ARM
		{269CD729-EB8B-43E2-9446-19CB7A695E1D}.Release|ARM.Deploy.0 = Release|ARM
		{269CD729-EB8B-43E2-9446-19CB7A695E1D}.Release|iPhone.ActiveCfg = Release|x86
		{269CD729-EB8B-43E2-9446-19CB7A695E1D}.Release|iPhoneSimulator.ActiveCfg = Release|x86
		{269CD729-EB8B-43E2-9446-19CB7A695E1D}.Release|x64.ActiveCfg = Release|x64
		{269CD729-EB8B-43E2-9446-19CB7A695E1D}.Release|x64.Build.0 = Release|x64
		{269CD729-EB8B-43E2-9446-19CB7A695E1D}.Release|x64.Deploy.0 = Release|x64
		{269CD729-EB8B-43E2-9446-19CB7A695E1D}.Release|x86.ActiveCfg = Release|x86
		{269CD729-EB8B-43E2-9446-19CB7A695E1D}.Release|x86.Build.0 = Release|x86
		{269CD729-EB8B-43E2-9446-19CB7A695E1D}.Release|x86.Deploy.0 = Release|x86
		{CBB3E5FB-692A-46CF-B705-CB63D3744C91}.Ad-Hoc|Any CPU.ActiveCfg = Debug|Any CPU
		{CBB3E5FB-692A-46CF-B705-CB63D3744C91}.Ad-Hoc|Any CPU.Build.0 = Debug|Any CPU
		{CBB3E5FB-692A-46CF-B705-CB63D3744C91}.Ad-Hoc|ARM.ActiveCfg = Debug|Any CPU
		{CBB3E5FB-692A-46CF-B705-CB63D3744C91}.Ad-Hoc|ARM.Build.0 = Debug|Any CPU
		{CBB3E5FB-692A-46CF-B705-CB63D3744C91}.Ad-Hoc|iPhone.ActiveCfg = Debug|Any CPU
		{CBB3E5FB-692A-46CF-B705-CB63D3744C91}.Ad-Hoc|iPhone.Build.0 = Debug|Any CPU
		{CBB3E5FB-692A-46CF-B705-CB63D3744C91}.Ad-Hoc|iPhoneSimulator.ActiveCfg = Debug|Any CPU
		{CBB3E5FB-692A-46CF-B705-CB63D3744C91}.Ad-Hoc|iPhoneSimulator.Build.0 = Debug|Any CPU
		{CBB3E5FB-692A-46CF-B705-CB63D3744C91}.Ad-Hoc|x64.ActiveCfg = Debug|Any CPU
		{CBB3E5FB-692A-46CF-B705-CB63D3744C91}.Ad-Hoc|x64.Build.0 = Debug|Any CPU
		{CBB3E5FB-692A-46CF-B705-CB63D3744C91}.Ad-Hoc|x86.ActiveCfg = Debug|Any CPU
		{CBB3E5FB-692A-46CF-B705-CB63D3744C91}.Ad-Hoc|x86.Build.0 = Debug|Any CPU
		{CBB3E5FB-692A-46CF-B705-CB63D3744C91}.AppStore|Any CPU.ActiveCfg = Debug|Any CPU
		{CBB3E5FB-692A-46CF-B705-CB63D3744C91}.AppStore|Any CPU.Build.0 = Debug|Any CPU
		{CBB3E5FB-692A-46CF-B705-CB63D3744C91}.AppStore|ARM.ActiveCfg = Debug|Any CPU
		{CBB3E5FB-692A-46CF-B705-CB63D3744C91}.AppStore|ARM.Build.0 = Debug|Any CPU
		{CBB3E5FB-692A-46CF-B705-CB63D3744C91}.AppStore|iPhone.ActiveCfg = Debug|Any CPU
		{CBB3E5FB-692A-46CF-B705-CB63D3744C91}.AppStore|iPhone.Build.0 = Debug|Any CPU
		{CBB3E5FB-692A-46CF-B705-CB63D3744C91}.AppStore|iPhoneSimulator.ActiveCfg = Debug|Any CPU
		{CBB3E5FB-692A-46CF-B705-CB63D3744C91}.AppStore|iPhoneSimulator.Build.0 = Debug|Any CPU
		{CBB3E5FB-692A-46CF-B705-CB63D3744C91}.AppStore|x64.ActiveCfg = Debug|Any CPU
		{CBB3E5FB-692A-46CF-B705-CB63D3744C91}.AppStore|x64.Build.0 = Debug|Any CPU
		{CBB3E5FB-692A-46CF-B705-CB63D3744C91}.AppStore|x86.ActiveCfg = Debug|Any CPU
		{CBB3E5FB-692A-46CF-B705-CB63D3744C91}.AppStore|x86.Build.0 = Debug|Any CPU
		{CBB3E5FB-692A-46CF-B705-CB63D3744C91}.Debug|Any CPU.ActiveCfg = Debug|Any CPU
		{CBB3E5FB-692A-46CF-B705-CB63D3744C91}.Debug|Any CPU.Build.0 = Debug|Any CPU
		{CBB3E5FB-692A-46CF-B705-CB63D3744C91}.Debug|ARM.ActiveCfg = Debug|Any CPU
		{CBB3E5FB-692A-46CF-B705-CB63D3744C91}.Debug|ARM.Build.0 = Debug|Any CPU
		{CBB3E5FB-692A-46CF-B705-CB63D3744C91}.Debug|iPhone.ActiveCfg = Debug|Any CPU
		{CBB3E5FB-692A-46CF-B705-CB63D3744C91}.Debug|iPhone.Build.0 = Debug|Any CPU
		{CBB3E5FB-692A-46CF-B705-CB63D3744C91}.Debug|iPhoneSimulator.ActiveCfg = Debug|Any CPU
		{CBB3E5FB-692A-46CF-B705-CB63D3744C91}.Debug|iPhoneSimulator.Build.0 = Debug|Any CPU
		{CBB3E5FB-692A-46CF-B705-CB63D3744C91}.Debug|x64.ActiveCfg = Debug|Any CPU
		{CBB3E5FB-692A-46CF-B705-CB63D3744C91}.Debug|x64.Build.0 = Debug|Any CPU
		{CBB3E5FB-692A-46CF-B705-CB63D3744C91}.Debug|x86.ActiveCfg = Debug|Any CPU
		{CBB3E5FB-692A-46CF-B705-CB63D3744C91}.Debug|x86.Build.0 = Debug|Any CPU
		{CBB3E5FB-692A-46CF-B705-CB63D3744C91}.Release|Any CPU.ActiveCfg = Release|Any CPU
		{CBB3E5FB-692A-46CF-B705-CB63D3744C91}.Release|Any CPU.Build.0 = Release|Any CPU
		{CBB3E5FB-692A-46CF-B705-CB63D3744C91}.Release|ARM.ActiveCfg = Release|Any CPU
		{CBB3E5FB-692A-46CF-B705-CB63D3744C91}.Release|ARM.Build.0 = Release|Any CPU
		{CBB3E5FB-692A-46CF-B705-CB63D3744C91}.Release|iPhone.ActiveCfg = Release|Any CPU
		{CBB3E5FB-692A-46CF-B705-CB63D3744C91}.Release|iPhone.Build.0 = Release|Any CPU
		{CBB3E5FB-692A-46CF-B705-CB63D3744C91}.Release|iPhoneSimulator.ActiveCfg = Release|Any CPU
		{CBB3E5FB-692A-46CF-B705-CB63D3744C91}.Release|iPhoneSimulator.Build.0 = Release|Any CPU
		{CBB3E5FB-692A-46CF-B705-CB63D3744C91}.Release|x64.ActiveCfg = Release|Any CPU
		{CBB3E5FB-692A-46CF-B705-CB63D3744C91}.Release|x64.Build.0 = Release|Any CPU
		{CBB3E5FB-692A-46CF-B705-CB63D3744C91}.Release|x86.ActiveCfg = Release|Any CPU
		{CBB3E5FB-692A-46CF-B705-CB63D3744C91}.Release|x86.Build.0 = Release|Any CPU
	EndGlobalSection
	GlobalSection(SolutionProperties) = preSolution
		HideSolutionNode = FALSE
	EndGlobalSection
	GlobalSection(ExtensibilityGlobals) = postSolution
		SolutionGuid = {FF861CA6-B397-4789-95B7-EFE08B80E8DA}
	EndGlobalSection
EndGlobal
