
Microsoft Visual Studio Solution File, Format Version 12.00
# Visual Studio 15
VisualStudioVersion = 15.0.27428.2027
MinimumVisualStudioVersion = 10.0.40219.1
Project("{FAE04EC0-301F-11D3-BF4B-00C04F79EFBC}") = "SwitchSample.Android", "SwitchSample\SwitchSample.Android\SwitchSample.Android.csproj", "{6A0DDD2F-209F-4477-988A-31FE80B3B952}"
EndProject
Project("{FAE04EC0-301F-11D3-BF4B-00C04F79EFBC}") = "SwitchSample.iOS", "SwitchSample\SwitchSample.iOS\SwitchSample.iOS.csproj", "{69E54E04-9051-4AB7-81D3-137FF03F4433}"
EndProject
Project("{FAE04EC0-301F-11D3-BF4B-00C04F79EFBC}") = "SwitchSample", "SwitchSample\SwitchSample\SwitchSample.csproj", "{4DACE60C-8C1C-4DFA-8577-16A97B549FE7}"
EndProject
Global
	GlobalSection(SolutionConfigurationPlatforms) = preSolution
		Ad-Hoc|Any CPU = Ad-Hoc|Any CPU
		Ad-Hoc|iPhone = Ad-Hoc|iPhone
		Ad-Hoc|iPhoneSimulator = Ad-Hoc|iPhoneSimulator
		AppStore|Any CPU = AppStore|Any CPU
		AppStore|iPhone = AppStore|iPhone
		AppStore|iPhoneSimulator = AppStore|iPhoneSimulator
		Debug|Any CPU = Debug|Any CPU
		Debug|iPhone = Debug|iPhone
		Debug|iPhoneSimulator = Debug|iPhoneSimulator
		Release|Any CPU = Release|Any CPU
		Release|iPhone = Release|iPhone
		Release|iPhoneSimulator = Release|iPhoneSimulator
	EndGlobalSection
	GlobalSection(ProjectConfigurationPlatforms) = postSolution
		{6A0DDD2F-209F-4477-988A-31FE80B3B952}.Ad-Hoc|Any CPU.ActiveCfg = Release|Any CPU
		{6A0DDD2F-209F-4477-988A-31FE80B3B952}.Ad-Hoc|Any CPU.Build.0 = Release|Any CPU
		{6A0DDD2F-209F-4477-988A-31FE80B3B952}.Ad-Hoc|Any CPU.Deploy.0 = Release|Any CPU
		{6A0DDD2F-209F-4477-988A-31FE80B3B952}.Ad-Hoc|iPhone.ActiveCfg = Release|Any CPU
		{6A0DDD2F-209F-4477-988A-31FE80B3B952}.Ad-Hoc|iPhone.Build.0 = Release|Any CPU
		{6A0DDD2F-209F-4477-988A-31FE80B3B952}.Ad-Hoc|iPhone.Deploy.0 = Release|Any CPU
		{6A0DDD2F-209F-4477-988A-31FE80B3B952}.Ad-Hoc|iPhoneSimulator.ActiveCfg = Release|Any CPU
		{6A0DDD2F-209F-4477-988A-31FE80B3B952}.Ad-Hoc|iPhoneSimulator.Build.0 = Release|Any CPU
		{6A0DDD2F-209F-4477-988A-31FE80B3B952}.Ad-Hoc|iPhoneSimulator.Deploy.0 = Release|Any CPU
		{6A0DDD2F-209F-4477-988A-31FE80B3B952}.AppStore|Any CPU.ActiveCfg = Release|Any CPU
		{6A0DDD2F-209F-4477-988A-31FE80B3B952}.AppStore|Any CPU.Build.0 = Release|Any CPU
		{6A0DDD2F-209F-4477-988A-31FE80B3B952}.AppStore|Any CPU.Deploy.0 = Release|Any CPU
		{6A0DDD2F-209F-4477-988A-31FE80B3B952}.AppStore|iPhone.ActiveCfg = Release|Any CPU
		{6A0DDD2F-209F-4477-988A-31FE80B3B952}.AppStore|iPhone.Build.0 = Release|Any CPU
		{6A0DDD2F-209F-4477-988A-31FE80B3B952}.AppStore|iPhone.Deploy.0 = Release|Any CPU
		{6A0DDD2F-209F-4477-988A-31FE80B3B952}.AppStore|iPhoneSimulator.ActiveCfg = Release|Any CPU
		{6A0DDD2F-209F-4477-988A-31FE80B3B952}.AppStore|iPhoneSimulator.Build.0 = Release|Any CPU
		{6A0DDD2F-209F-4477-988A-31FE80B3B952}.AppStore|iPhoneSimulator.Deploy.0 = Release|Any CPU
		{6A0DDD2F-209F-4477-988A-31FE80B3B952}.Debug|Any CPU.ActiveCfg = Debug|Any CPU
		{6A0DDD2F-209F-4477-988A-31FE80B3B952}.Debug|Any CPU.Build.0 = Debug|Any CPU
		{6A0DDD2F-209F-4477-988A-31FE80B3B952}.Debug|Any CPU.Deploy.0 = Debug|Any CPU
		{6A0DDD2F-209F-4477-988A-31FE80B3B952}.Debug|iPhone.ActiveCfg = Debug|Any CPU
		{6A0DDD2F-209F-4477-988A-31FE80B3B952}.Debug|iPhone.Build.0 = Debug|Any CPU
		{6A0DDD2F-209F-4477-988A-31FE80B3B952}.Debug|iPhone.Deploy.0 = Debug|Any CPU
		{6A0DDD2F-209F-4477-988A-31FE80B3B952}.Debug|iPhoneSimulator.ActiveCfg = Debug|Any CPU
		{6A0DDD2F-209F-4477-988A-31FE80B3B952}.Debug|iPhoneSimulator.Build.0 = Debug|Any CPU
		{6A0DDD2F-209F-4477-988A-31FE80B3B952}.Debug|iPhoneSimulator.Deploy.0 = Debug|Any CPU
		{6A0DDD2F-209F-4477-988A-31FE80B3B952}.Release|Any CPU.ActiveCfg = Release|Any CPU
		{6A0DDD2F-209F-4477-988A-31FE80B3B952}.Release|Any CPU.Build.0 = Release|Any CPU
		{6A0DDD2F-209F-4477-988A-31FE80B3B952}.Release|Any CPU.Deploy.0 = Release|Any CPU
		{6A0DDD2F-209F-4477-988A-31FE80B3B952}.Release|iPhone.ActiveCfg = Release|Any CPU
		{6A0DDD2F-209F-4477-988A-31FE80B3B952}.Release|iPhone.Build.0 = Release|Any CPU
		{6A0DDD2F-209F-4477-988A-31FE80B3B952}.Release|iPhone.Deploy.0 = Release|Any CPU
		{6A0DDD2F-209F-4477-988A-31FE80B3B952}.Release|iPhoneSimulator.ActiveCfg = Release|Any CPU
		{6A0DDD2F-209F-4477-988A-31FE80B3B952}.Release|iPhoneSimulator.Build.0 = Release|Any CPU
		{6A0DDD2F-209F-4477-988A-31FE80B3B952}.Release|iPhoneSimulator.Deploy.0 = Release|Any CPU
		{69E54E04-9051-4AB7-81D3-137FF03F4433}.Ad-Hoc|Any CPU.ActiveCfg = Ad-Hoc|iPhone
		{69E54E04-9051-4AB7-81D3-137FF03F4433}.Ad-Hoc|iPhone.ActiveCfg = Ad-Hoc|iPhone
		{69E54E04-9051-4AB7-81D3-137FF03F4433}.Ad-Hoc|iPhone.Build.0 = Ad-Hoc|iPhone
		{69E54E04-9051-4AB7-81D3-137FF03F4433}.Ad-Hoc|iPhoneSimulator.ActiveCfg = Ad-Hoc|iPhoneSimulator
		{69E54E04-9051-4AB7-81D3-137FF03F4433}.Ad-Hoc|iPhoneSimulator.Build.0 = Ad-Hoc|iPhoneSimulator
		{69E54E04-9051-4AB7-81D3-137FF03F4433}.AppStore|Any CPU.ActiveCfg = AppStore|iPhone
		{69E54E04-9051-4AB7-81D3-137FF03F4433}.AppStore|iPhone.ActiveCfg = AppStore|iPhone
		{69E54E04-9051-4AB7-81D3-137FF03F4433}.AppStore|iPhone.Build.0 = AppStore|iPhone
		{69E54E04-9051-4AB7-81D3-137FF03F4433}.AppStore|iPhoneSimulator.ActiveCfg = AppStore|iPhoneSimulator
		{69E54E04-9051-4AB7-81D3-137FF03F4433}.AppStore|iPhoneSimulator.Build.0 = AppStore|iPhoneSimulator
		{69E54E04-9051-4AB7-81D3-137FF03F4433}.Debug|Any CPU.ActiveCfg = Debug|iPhone
		{69E54E04-9051-4AB7-81D3-137FF03F4433}.Debug|iPhone.ActiveCfg = Debug|iPhone
		{69E54E04-9051-4AB7-81D3-137FF03F4433}.Debug|iPhone.Build.0 = Debug|iPhone
		{69E54E04-9051-4AB7-81D3-137FF03F4433}.Debug|iPhoneSimulator.ActiveCfg = Debug|iPhoneSimulator
		{69E54E04-9051-4AB7-81D3-137FF03F4433}.Debug|iPhoneSimulator.Build.0 = Debug|iPhoneSimulator
		{69E54E04-9051-4AB7-81D3-137FF03F4433}.Release|Any CPU.ActiveCfg = Release|iPhone
		{69E54E04-9051-4AB7-81D3-137FF03F4433}.Release|iPhone.ActiveCfg = Release|iPhone
		{69E54E04-9051-4AB7-81D3-137FF03F4433}.Release|iPhone.Build.0 = Release|iPhone
		{69E54E04-9051-4AB7-81D3-137FF03F4433}.Release|iPhoneSimulator.ActiveCfg = Release|iPhoneSimulator
		{69E54E04-9051-4AB7-81D3-137FF03F4433}.Release|iPhoneSimulator.Build.0 = Release|iPhoneSimulator
		{4DACE60C-8C1C-4DFA-8577-16A97B549FE7}.Ad-Hoc|Any CPU.ActiveCfg = Debug|Any CPU
		{4DACE60C-8C1C-4DFA-8577-16A97B549FE7}.Ad-Hoc|Any CPU.Build.0 = Debug|Any CPU
		{4DACE60C-8C1C-4DFA-8577-16A97B549FE7}.Ad-Hoc|iPhone.ActiveCfg = Debug|Any CPU
		{4DACE60C-8C1C-4DFA-8577-16A97B549FE7}.Ad-Hoc|iPhone.Build.0 = Debug|Any CPU
		{4DACE60C-8C1C-4DFA-8577-16A97B549FE7}.Ad-Hoc|iPhoneSimulator.ActiveCfg = Debug|Any CPU
		{4DACE60C-8C1C-4DFA-8577-16A97B549FE7}.Ad-Hoc|iPhoneSimulator.Build.0 = Debug|Any CPU
		{4DACE60C-8C1C-4DFA-8577-16A97B549FE7}.AppStore|Any CPU.ActiveCfg = Debug|Any CPU
		{4DACE60C-8C1C-4DFA-8577-16A97B549FE7}.AppStore|Any CPU.Build.0 = Debug|Any CPU
		{4DACE60C-8C1C-4DFA-8577-16A97B549FE7}.AppStore|iPhone.ActiveCfg = Debug|Any CPU
		{4DACE60C-8C1C-4DFA-8577-16A97B549FE7}.AppStore|iPhone.Build.0 = Debug|Any CPU
		{4DACE60C-8C1C-4DFA-8577-16A97B549FE7}.AppStore|iPhoneSimulator.ActiveCfg = Debug|Any CPU
		{4DACE60C-8C1C-4DFA-8577-16A97B549FE7}.AppStore|iPhoneSimulator.Build.0 = Debug|Any CPU
		{4DACE60C-8C1C-4DFA-8577-16A97B549FE7}.Debug|Any CPU.ActiveCfg = Debug|Any CPU
		{4DACE60C-8C1C-4DFA-8577-16A97B549FE7}.Debug|Any CPU.Build.0 = Debug|Any CPU
		{4DACE60C-8C1C-4DFA-8577-16A97B549FE7}.Debug|iPhone.ActiveCfg = Debug|Any CPU
		{4DACE60C-8C1C-4DFA-8577-16A97B549FE7}.Debug|iPhone.Build.0 = Debug|Any CPU
		{4DACE60C-8C1C-4DFA-8577-16A97B549FE7}.Debug|iPhoneSimulator.ActiveCfg = Debug|Any CPU
		{4DACE60C-8C1C-4DFA-8577-16A97B549FE7}.Debug|iPhoneSimulator.Build.0 = Debug|Any CPU
		{4DACE60C-8C1C-4DFA-8577-16A97B549FE7}.Release|Any CPU.ActiveCfg = Release|Any CPU
		{4DACE60C-8C1C-4DFA-8577-16A97B549FE7}.Release|Any CPU.Build.0 = Release|Any CPU
		{4DACE60C-8C1C-4DFA-8577-16A97B549FE7}.Release|iPhone.ActiveCfg = Release|Any CPU
		{4DACE60C-8C1C-4DFA-8577-16A97B549FE7}.Release|iPhone.Build.0 = Release|Any CPU
		{4DACE60C-8C1C-4DFA-8577-16A97B549FE7}.Release|iPhoneSimulator.ActiveCfg = Release|Any CPU
		{4DACE60C-8C1C-4DFA-8577-16A97B549FE7}.Release|iPhoneSimulator.Build.0 = Release|Any CPU
	EndGlobalSection
	GlobalSection(SolutionProperties) = preSolution
		HideSolutionNode = FALSE
	EndGlobalSection
	GlobalSection(ExtensibilityGlobals) = postSolution
		SolutionGuid = {0EF98340-3D51-4E81-AFAB-027DA43CD500}
	EndGlobalSection
EndGlobal
