
Microsoft Visual Studio Solution File, Format Version 12.00
# Visual Studio 15
VisualStudioVersion = 15.0.27428.2037
MinimumVisualStudioVersion = 10.0.40219.1
Project("{FAE04EC0-301F-11D3-BF4B-00C04F79EFBC}") = "SaveToDevices.Android", "SaveToDevices\SaveToDevices.Android\SaveToDevices.Android.csproj", "{DE7F0A60-8A5C-4E87-B5C0-E24ED7A3B375}"
EndProject
Project("{FAE04EC0-301F-11D3-BF4B-00C04F79EFBC}") = "SaveToDevices.iOS", "SaveToDevices\SaveToDevices.iOS\SaveToDevices.iOS.csproj", "{80467C54-7B85-4470-964E-5FB5BE386552}"
EndProject
Project("{FAE04EC0-301F-11D3-BF4B-00C04F79EFBC}") = "SaveToDevices.UWP", "SaveToDevices\SaveToDevices.UWP\SaveToDevices.UWP.csproj", "{D6600D9E-C969-4B7A-8A0E-D39B9B70E881}"
EndProject
Project("{FAE04EC0-301F-11D3-BF4B-00C04F79EFBC}") = "SaveToDevices", "SaveToDevices\SaveToDevices\SaveToDevices.csproj", "{83670A0A-CAA2-46F6-AA2D-9FD5D6D9E472}"
EndProject
Global
	GlobalSection(SolutionConfigurationPlatforms) = preSolution
		Ad-Hoc|Any CPU = Ad-Hoc|Any CPU
		Ad-Hoc|ARM = Ad-Hoc|ARM
		Ad-Hoc|iPhone = Ad-Hoc|iPhone
		Ad-Hoc|iPhoneSimulator = Ad-Hoc|iPhoneSimulator
		Ad-Hoc|x64 = Ad-Hoc|x64
		Ad-Hoc|x86 = Ad-Hoc|x86
		AppStore|Any CPU = AppStore|Any CPU
		AppStore|ARM = AppStore|ARM
		AppStore|iPhone = AppStore|iPhone
		AppStore|iPhoneSimulator = AppStore|iPhoneSimulator
		AppStore|x64 = AppStore|x64
		AppStore|x86 = AppStore|x86
		Debug|Any CPU = Debug|Any CPU
		Debug|ARM = Debug|ARM
		Debug|iPhone = Debug|iPhone
		Debug|iPhoneSimulator = Debug|iPhoneSimulator
		Debug|x64 = Debug|x64
		Debug|x86 = Debug|x86
		Release|Any CPU = Release|Any CPU
		Release|ARM = Release|ARM
		Release|iPhone = Release|iPhone
		Release|iPhoneSimulator = Release|iPhoneSimulator
		Release|x64 = Release|x64
		Release|x86 = Release|x86
	EndGlobalSection
	GlobalSection(ProjectConfigurationPlatforms) = postSolution
		{DE7F0A60-8A5C-4E87-B5C0-E24ED7A3B375}.Ad-Hoc|Any CPU.ActiveCfg = Release|Any CPU
		{DE7F0A60-8A5C-4E87-B5C0-E24ED7A3B375}.Ad-Hoc|Any CPU.Build.0 = Release|Any CPU
		{DE7F0A60-8A5C-4E87-B5C0-E24ED7A3B375}.Ad-Hoc|Any CPU.Deploy.0 = Release|Any CPU
		{DE7F0A60-8A5C-4E87-B5C0-E24ED7A3B375}.Ad-Hoc|ARM.ActiveCfg = Release|Any CPU
		{DE7F0A60-8A5C-4E87-B5C0-E24ED7A3B375}.Ad-Hoc|ARM.Build.0 = Release|Any CPU
		{DE7F0A60-8A5C-4E87-B5C0-E24ED7A3B375}.Ad-Hoc|ARM.Deploy.0 = Release|Any CPU
		{DE7F0A60-8A5C-4E87-B5C0-E24ED7A3B375}.Ad-Hoc|iPhone.ActiveCfg = Release|Any CPU
		{DE7F0A60-8A5C-4E87-B5C0-E24ED7A3B375}.Ad-Hoc|iPhone.Build.0 = Release|Any CPU
		{DE7F0A60-8A5C-4E87-B5C0-E24ED7A3B375}.Ad-Hoc|iPhone.Deploy.0 = Release|Any CPU
		{DE7F0A60-8A5C-4E87-B5C0-E24ED7A3B375}.Ad-Hoc|iPhoneSimulator.ActiveCfg = Release|Any CPU
		{DE7F0A60-8A5C-4E87-B5C0-E24ED7A3B375}.Ad-Hoc|iPhoneSimulator.Build.0 = Release|Any CPU
		{DE7F0A60-8A5C-4E87-B5C0-E24ED7A3B375}.Ad-Hoc|iPhoneSimulator.Deploy.0 = Release|Any CPU
		{DE7F0A60-8A5C-4E87-B5C0-E24ED7A3B375}.Ad-Hoc|x64.ActiveCfg = Release|Any CPU
		{DE7F0A60-8A5C-4E87-B5C0-E24ED7A3B375}.Ad-Hoc|x64.Build.0 = Release|Any CPU
		{DE7F0A60-8A5C-4E87-B5C0-E24ED7A3B375}.Ad-Hoc|x64.Deploy.0 = Release|Any CPU
		{DE7F0A60-8A5C-4E87-B5C0-E24ED7A3B375}.Ad-Hoc|x86.ActiveCfg = Release|Any CPU
		{DE7F0A60-8A5C-4E87-B5C0-E24ED7A3B375}.Ad-Hoc|x86.Build.0 = Release|Any CPU
		{DE7F0A60-8A5C-4E87-B5C0-E24ED7A3B375}.Ad-Hoc|x86.Deploy.0 = Release|Any CPU
		{DE7F0A60-8A5C-4E87-B5C0-E24ED7A3B375}.AppStore|Any CPU.ActiveCfg = Release|Any CPU
		{DE7F0A60-8A5C-4E87-B5C0-E24ED7A3B375}.AppStore|Any CPU.Build.0 = Release|Any CPU
		{DE7F0A60-8A5C-4E87-B5C0-E24ED7A3B375}.AppStore|Any CPU.Deploy.0 = Release|Any CPU
		{DE7F0A60-8A5C-4E87-B5C0-E24ED7A3B375}.AppStore|ARM.ActiveCfg = Release|Any CPU
		{DE7F0A60-8A5C-4E87-B5C0-E24ED7A3B375}.AppStore|ARM.Build.0 = Release|Any CPU
		{DE7F0A60-8A5C-4E87-B5C0-E24ED7A3B375}.AppStore|ARM.Deploy.0 = Release|Any CPU
		{DE7F0A60-8A5C-4E87-B5C0-E24ED7A3B375}.AppStore|iPhone.ActiveCfg = Release|Any CPU
		{DE7F0A60-8A5C-4E87-B5C0-E24ED7A3B375}.AppStore|iPhone.Build.0 = Release|Any CPU
		{DE7F0A60-8A5C-4E87-B5C0-E24ED7A3B375}.AppStore|iPhone.Deploy.0 = Release|Any CPU
		{DE7F0A60-8A5C-4E87-B5C0-E24ED7A3B375}.AppStore|iPhoneSimulator.ActiveCfg = Release|Any CPU
		{DE7F0A60-8A5C-4E87-B5C0-E24ED7A3B375}.AppStore|iPhoneSimulator.Build.0 = Release|Any CPU
		{DE7F0A60-8A5C-4E87-B5C0-E24ED7A3B375}.AppStore|iPhoneSimulator.Deploy.0 = Release|Any CPU
		{DE7F0A60-8A5C-4E87-B5C0-E24ED7A3B375}.AppStore|x64.ActiveCfg = Release|Any CPU
		{DE7F0A60-8A5C-4E87-B5C0-E24ED7A3B375}.AppStore|x64.Build.0 = Release|Any CPU
		{DE7F0A60-8A5C-4E87-B5C0-E24ED7A3B375}.AppStore|x64.Deploy.0 = Release|Any CPU
		{DE7F0A60-8A5C-4E87-B5C0-E24ED7A3B375}.AppStore|x86.ActiveCfg = Release|Any CPU
		{DE7F0A60-8A5C-4E87-B5C0-E24ED7A3B375}.AppStore|x86.Build.0 = Release|Any CPU
		{DE7F0A60-8A5C-4E87-B5C0-E24ED7A3B375}.AppStore|x86.Deploy.0 = Release|Any CPU
		{DE7F0A60-8A5C-4E87-B5C0-E24ED7A3B375}.Debug|Any CPU.ActiveCfg = Debug|Any CPU
		{DE7F0A60-8A5C-4E87-B5C0-E24ED7A3B375}.Debug|Any CPU.Build.0 = Debug|Any CPU
		{DE7F0A60-8A5C-4E87-B5C0-E24ED7A3B375}.Debug|Any CPU.Deploy.0 = Debug|Any CPU
		{DE7F0A60-8A5C-4E87-B5C0-E24ED7A3B375}.Debug|ARM.ActiveCfg = Debug|Any CPU
		{DE7F0A60-8A5C-4E87-B5C0-E24ED7A3B375}.Debug|ARM.Build.0 = Debug|Any CPU
		{DE7F0A60-8A5C-4E87-B5C0-E24ED7A3B375}.Debug|ARM.Deploy.0 = Debug|Any CPU
		{DE7F0A60-8A5C-4E87-B5C0-E24ED7A3B375}.Debug|iPhone.ActiveCfg = Debug|Any CPU
		{DE7F0A60-8A5C-4E87-B5C0-E24ED7A3B375}.Debug|iPhone.Build.0 = Debug|Any CPU
		{DE7F0A60-8A5C-4E87-B5C0-E24ED7A3B375}.Debug|iPhone.Deploy.0 = Debug|Any CPU
		{DE7F0A60-8A5C-4E87-B5C0-E24ED7A3B375}.Debug|iPhoneSimulator.ActiveCfg = Debug|Any CPU
		{DE7F0A60-8A5C-4E87-B5C0-E24ED7A3B375}.Debug|iPhoneSimulator.Build.0 = Debug|Any CPU
		{DE7F0A60-8A5C-4E87-B5C0-E24ED7A3B375}.Debug|iPhoneSimulator.Deploy.0 = Debug|Any CPU
		{DE7F0A60-8A5C-4E87-B5C0-E24ED7A3B375}.Debug|x64.ActiveCfg = Debug|Any CPU
		{DE7F0A60-8A5C-4E87-B5C0-E24ED7A3B375}.Debug|x64.Build.0 = Debug|Any CPU
		{DE7F0A60-8A5C-4E87-B5C0-E24ED7A3B375}.Debug|x64.Deploy.0 = Debug|Any CPU
		{DE7F0A60-8A5C-4E87-B5C0-E24ED7A3B375}.Debug|x86.ActiveCfg = Debug|Any CPU
		{DE7F0A60-8A5C-4E87-B5C0-E24ED7A3B375}.Debug|x86.Build.0 = Debug|Any CPU
		{DE7F0A60-8A5C-4E87-B5C0-E24ED7A3B375}.Debug|x86.Deploy.0 = Debug|Any CPU
		{DE7F0A60-8A5C-4E87-B5C0-E24ED7A3B375}.Release|Any CPU.ActiveCfg = Release|Any CPU
		{DE7F0A60-8A5C-4E87-B5C0-E24ED7A3B375}.Release|Any CPU.Build.0 = Release|Any CPU
		{DE7F0A60-8A5C-4E87-B5C0-E24ED7A3B375}.Release|Any CPU.Deploy.0 = Release|Any CPU
		{DE7F0A60-8A5C-4E87-B5C0-E24ED7A3B375}.Release|ARM.ActiveCfg = Release|Any CPU
		{DE7F0A60-8A5C-4E87-B5C0-E24ED7A3B375}.Release|ARM.Build.0 = Release|Any CPU
		{DE7F0A60-8A5C-4E87-B5C0-E24ED7A3B375}.Release|ARM.Deploy.0 = Release|Any CPU
		{DE7F0A60-8A5C-4E87-B5C0-E24ED7A3B375}.Release|iPhone.ActiveCfg = Release|Any CPU
		{DE7F0A60-8A5C-4E87-B5C0-E24ED7A3B375}.Release|iPhone.Build.0 = Release|Any CPU
		{DE7F0A60-8A5C-4E87-B5C0-E24ED7A3B375}.Release|iPhone.Deploy.0 = Release|Any CPU
		{DE7F0A60-8A5C-4E87-B5C0-E24ED7A3B375}.Release|iPhoneSimulator.ActiveCfg = Release|Any CPU
		{DE7F0A60-8A5C-4E87-B5C0-E24ED7A3B375}.Release|iPhoneSimulator.Build.0 = Release|Any CPU
		{DE7F0A60-8A5C-4E87-B5C0-E24ED7A3B375}.Release|iPhoneSimulator.Deploy.0 = Release|Any CPU
		{DE7F0A60-8A5C-4E87-B5C0-E24ED7A3B375}.Release|x64.ActiveCfg = Release|Any CPU
		{DE7F0A60-8A5C-4E87-B5C0-E24ED7A3B375}.Release|x64.Build.0 = Release|Any CPU
		{DE7F0A60-8A5C-4E87-B5C0-E24ED7A3B375}.Release|x64.Deploy.0 = Release|Any CPU
		{DE7F0A60-8A5C-4E87-B5C0-E24ED7A3B375}.Release|x86.ActiveCfg = Release|Any CPU
		{DE7F0A60-8A5C-4E87-B5C0-E24ED7A3B375}.Release|x86.Build.0 = Release|Any CPU
		{DE7F0A60-8A5C-4E87-B5C0-E24ED7A3B375}.Release|x86.Deploy.0 = Release|Any CPU
		{80467C54-7B85-4470-964E-5FB5BE386552}.Ad-Hoc|Any CPU.ActiveCfg = Ad-Hoc|iPhone
		{80467C54-7B85-4470-964E-5FB5BE386552}.Ad-Hoc|ARM.ActiveCfg = Ad-Hoc|iPhone
		{80467C54-7B85-4470-964E-5FB5BE386552}.Ad-Hoc|iPhone.ActiveCfg = Ad-Hoc|iPhone
		{80467C54-7B85-4470-964E-5FB5BE386552}.Ad-Hoc|iPhone.Build.0 = Ad-Hoc|iPhone
		{80467C54-7B85-4470-964E-5FB5BE386552}.Ad-Hoc|iPhoneSimulator.ActiveCfg = Ad-Hoc|iPhoneSimulator
		{80467C54-7B85-4470-964E-5FB5BE386552}.Ad-Hoc|iPhoneSimulator.Build.0 = Ad-Hoc|iPhoneSimulator
		{80467C54-7B85-4470-964E-5FB5BE386552}.Ad-Hoc|x64.ActiveCfg = Ad-Hoc|iPhone
		{80467C54-7B85-4470-964E-5FB5BE386552}.Ad-Hoc|x86.ActiveCfg = Ad-Hoc|iPhone
		{80467C54-7B85-4470-964E-5FB5BE386552}.AppStore|Any CPU.ActiveCfg = AppStore|iPhone
		{80467C54-7B85-4470-964E-5FB5BE386552}.AppStore|ARM.ActiveCfg = AppStore|iPhone
		{80467C54-7B85-4470-964E-5FB5BE386552}.AppStore|iPhone.ActiveCfg = AppStore|iPhone
		{80467C54-7B85-4470-964E-5FB5BE386552}.AppStore|iPhone.Build.0 = AppStore|iPhone
		{80467C54-7B85-4470-964E-5FB5BE386552}.AppStore|iPhoneSimulator.ActiveCfg = AppStore|iPhoneSimulator
		{80467C54-7B85-4470-964E-5FB5BE386552}.AppStore|iPhoneSimulator.Build.0 = AppStore|iPhoneSimulator
		{80467C54-7B85-4470-964E-5FB5BE386552}.AppStore|x64.ActiveCfg = AppStore|iPhone
		{80467C54-7B85-4470-964E-5FB5BE386552}.AppStore|x86.ActiveCfg = AppStore|iPhone
		{80467C54-7B85-4470-964E-5FB5BE386552}.Debug|Any CPU.ActiveCfg = Debug|iPhone
		{80467C54-7B85-4470-964E-5FB5BE386552}.Debug|ARM.ActiveCfg = Debug|iPhone
		{80467C54-7B85-4470-964E-5FB5BE386552}.Debug|iPhone.ActiveCfg = Debug|iPhone
		{80467C54-7B85-4470-964E-5FB5BE386552}.Debug|iPhone.Build.0 = Debug|iPhone
		{80467C54-7B85-4470-964E-5FB5BE386552}.Debug|iPhoneSimulator.ActiveCfg = Debug|iPhoneSimulator
		{80467C54-7B85-4470-964E-5FB5BE386552}.Debug|iPhoneSimulator.Build.0 = Debug|iPhoneSimulator
		{80467C54-7B85-4470-964E-5FB5BE386552}.Debug|x64.ActiveCfg = Debug|iPhone
		{80467C54-7B85-4470-964E-5FB5BE386552}.Debug|x86.ActiveCfg = Debug|iPhone
		{80467C54-7B85-4470-964E-5FB5BE386552}.Release|Any CPU.ActiveCfg = Release|iPhone
		{80467C54-7B85-4470-964E-5FB5BE386552}.Release|ARM.ActiveCfg = Release|iPhone
		{80467C54-7B85-4470-964E-5FB5BE386552}.Release|iPhone.ActiveCfg = Release|iPhone
		{80467C54-7B85-4470-964E-5FB5BE386552}.Release|iPhone.Build.0 = Release|iPhone
		{80467C54-7B85-4470-964E-5FB5BE386552}.Release|iPhoneSimulator.ActiveCfg = Release|iPhoneSimulator
		{80467C54-7B85-4470-964E-5FB5BE386552}.Release|iPhoneSimulator.Build.0 = Release|iPhoneSimulator
		{80467C54-7B85-4470-964E-5FB5BE386552}.Release|x64.ActiveCfg = Release|iPhone
		{80467C54-7B85-4470-964E-5FB5BE386552}.Release|x86.ActiveCfg = Release|iPhone
		{D6600D9E-C969-4B7A-8A0E-D39B9B70E881}.Ad-Hoc|Any CPU.ActiveCfg = Release|x86
		{D6600D9E-C969-4B7A-8A0E-D39B9B70E881}.Ad-Hoc|Any CPU.Build.0 = Release|x86
		{D6600D9E-C969-4B7A-8A0E-D39B9B70E881}.Ad-Hoc|Any CPU.Deploy.0 = Release|x86
		{D6600D9E-C969-4B7A-8A0E-D39B9B70E881}.Ad-Hoc|ARM.ActiveCfg = Release|ARM
		{D6600D9E-C969-4B7A-8A0E-D39B9B70E881}.Ad-Hoc|ARM.Build.0 = Release|ARM
		{D6600D9E-C969-4B7A-8A0E-D39B9B70E881}.Ad-Hoc|ARM.Deploy.0 = Release|ARM
		{D6600D9E-C969-4B7A-8A0E-D39B9B70E881}.Ad-Hoc|iPhone.ActiveCfg = Release|x86
		{D6600D9E-C969-4B7A-8A0E-D39B9B70E881}.Ad-Hoc|iPhone.Build.0 = Release|x86
		{D6600D9E-C969-4B7A-8A0E-D39B9B70E881}.Ad-Hoc|iPhone.Deploy.0 = Release|x86
		{D6600D9E-C969-4B7A-8A0E-D39B9B70E881}.Ad-Hoc|iPhoneSimulator.ActiveCfg = Release|x86
		{D6600D9E-C969-4B7A-8A0E-D39B9B70E881}.Ad-Hoc|iPhoneSimulator.Build.0 = Release|x86
		{D6600D9E-C969-4B7A-8A0E-D39B9B70E881}.Ad-Hoc|iPhoneSimulator.Deploy.0 = Release|x86
		{D6600D9E-C969-4B7A-8A0E-D39B9B70E881}.Ad-Hoc|x64.ActiveCfg = Release|x64
		{D6600D9E-C969-4B7A-8A0E-D39B9B70E881}.Ad-Hoc|x64.Build.0 = Release|x64
		{D6600D9E-C969-4B7A-8A0E-D39B9B70E881}.Ad-Hoc|x64.Deploy.0 = Release|x64
		{D6600D9E-C969-4B7A-8A0E-D39B9B70E881}.Ad-Hoc|x86.ActiveCfg = Release|x86
		{D6600D9E-C969-4B7A-8A0E-D39B9B70E881}.Ad-Hoc|x86.Build.0 = Release|x86
		{D6600D9E-C969-4B7A-8A0E-D39B9B70E881}.Ad-Hoc|x86.Deploy.0 = Release|x86
		{D6600D9E-C969-4B7A-8A0E-D39B9B70E881}.AppStore|Any CPU.ActiveCfg = Release|x86
		{D6600D9E-C969-4B7A-8A0E-D39B9B70E881}.AppStore|Any CPU.Build.0 = Release|x86
		{D6600D9E-C969-4B7A-8A0E-D39B9B70E881}.AppStore|Any CPU.Deploy.0 = Release|x86
		{D6600D9E-C969-4B7A-8A0E-D39B9B70E881}.AppStore|ARM.ActiveCfg = Release|ARM
		{D6600D9E-C969-4B7A-8A0E-D39B9B70E881}.AppStore|ARM.Build.0 = Release|ARM
		{D6600D9E-C969-4B7A-8A0E-D39B9B70E881}.AppStore|ARM.Deploy.0 = Release|ARM
		{D6600D9E-C969-4B7A-8A0E-D39B9B70E881}.AppStore|iPhone.ActiveCfg = Release|x86
		{D6600D9E-C969-4B7A-8A0E-D39B9B70E881}.AppStore|iPhone.Build.0 = Release|x86
		{D6600D9E-C969-4B7A-8A0E-D39B9B70E881}.AppStore|iPhone.Deploy.0 = Release|x86
		{D6600D9E-C969-4B7A-8A0E-D39B9B70E881}.AppStore|iPhoneSimulator.ActiveCfg = Release|x86
		{D6600D9E-C969-4B7A-8A0E-D39B9B70E881}.AppStore|iPhoneSimulator.Build.0 = Release|x86
		{D6600D9E-C969-4B7A-8A0E-D39B9B70E881}.AppStore|iPhoneSimulator.Deploy.0 = Release|x86
		{D6600D9E-C969-4B7A-8A0E-D39B9B70E881}.AppStore|x64.ActiveCfg = Release|x64
		{D6600D9E-C969-4B7A-8A0E-D39B9B70E881}.AppStore|x64.Build.0 = Release|x64
		{D6600D9E-C969-4B7A-8A0E-D39B9B70E881}.AppStore|x64.Deploy.0 = Release|x64
		{D6600D9E-C969-4B7A-8A0E-D39B9B70E881}.AppStore|x86.ActiveCfg = Release|x86
		{D6600D9E-C969-4B7A-8A0E-D39B9B70E881}.AppStore|x86.Build.0 = Release|x86
		{D6600D9E-C969-4B7A-8A0E-D39B9B70E881}.AppStore|x86.Deploy.0 = Release|x86
		{D6600D9E-C969-4B7A-8A0E-D39B9B70E881}.Debug|Any CPU.ActiveCfg = Debug|x86
		{D6600D9E-C969-4B7A-8A0E-D39B9B70E881}.Debug|ARM.ActiveCfg = Debug|ARM
		{D6600D9E-C969-4B7A-8A0E-D39B9B70E881}.Debug|ARM.Build.0 = Debug|ARM
		{D6600D9E-C969-4B7A-8A0E-D39B9B70E881}.Debug|ARM.Deploy.0 = Debug|ARM
		{D6600D9E-C969-4B7A-8A0E-D39B9B70E881}.Debug|iPhone.ActiveCfg = Debug|x86
		{D6600D9E-C969-4B7A-8A0E-D39B9B70E881}.Debug|iPhoneSimulator.ActiveCfg = Debug|x86
		{D6600D9E-C969-4B7A-8A0E-D39B9B70E881}.Debug|x64.ActiveCfg = Debug|x64
		{D6600D9E-C969-4B7A-8A0E-D39B9B70E881}.Debug|x64.Build.0 = Debug|x64
		{D6600D9E-C969-4B7A-8A0E-D39B9B70E881}.Debug|x64.Deploy.0 = Debug|x64
		{D6600D9E-C969-4B7A-8A0E-D39B9B70E881}.Debug|x86.ActiveCfg = Debug|x86
		{D6600D9E-C969-4B7A-8A0E-D39B9B70E881}.Debug|x86.Build.0 = Debug|x86
		{D6600D9E-C969-4B7A-8A0E-D39B9B70E881}.Debug|x86.Deploy.0 = Debug|x86
		{D6600D9E-C969-4B7A-8A0E-D39B9B70E881}.Release|Any CPU.ActiveCfg = Release|x86
		{D6600D9E-C969-4B7A-8A0E-D39B9B70E881}.Release|ARM.ActiveCfg = Release|ARM
		{D6600D9E-C969-4B7A-8A0E-D39B9B70E881}.Release|ARM.Build.0 = Release|ARM
		{D6600D9E-C969-4B7A-8A0E-D39B9B70E881}.Release|ARM.Deploy.0 = Release|ARM
		{D6600D9E-C969-4B7A-8A0E-D39B9B70E881}.Release|iPhone.ActiveCfg = Release|x86
		{D6600D9E-C969-4B7A-8A0E-D39B9B70E881}.Release|iPhoneSimulator.ActiveCfg = Release|x86
		{D6600D9E-C969-4B7A-8A0E-D39B9B70E881}.Release|x64.ActiveCfg = Release|x64
		{D6600D9E-C969-4B7A-8A0E-D39B9B70E881}.Release|x64.Build.0 = Release|x64
		{D6600D9E-C969-4B7A-8A0E-D39B9B70E881}.Release|x64.Deploy.0 = Release|x64
		{D6600D9E-C969-4B7A-8A0E-D39B9B70E881}.Release|x86.ActiveCfg = Release|x86
		{D6600D9E-C969-4B7A-8A0E-D39B9B70E881}.Release|x86.Build.0 = Release|x86
		{D6600D9E-C969-4B7A-8A0E-D39B9B70E881}.Release|x86.Deploy.0 = Release|x86
		{83670A0A-CAA2-46F6-AA2D-9FD5D6D9E472}.Ad-Hoc|Any CPU.ActiveCfg = Debug|Any CPU
		{83670A0A-CAA2-46F6-AA2D-9FD5D6D9E472}.Ad-Hoc|Any CPU.Build.0 = Debug|Any CPU
		{83670A0A-CAA2-46F6-AA2D-9FD5D6D9E472}.Ad-Hoc|ARM.ActiveCfg = Debug|Any CPU
		{83670A0A-CAA2-46F6-AA2D-9FD5D6D9E472}.Ad-Hoc|ARM.Build.0 = Debug|Any CPU
		{83670A0A-CAA2-46F6-AA2D-9FD5D6D9E472}.Ad-Hoc|iPhone.ActiveCfg = Debug|Any CPU
		{83670A0A-CAA2-46F6-AA2D-9FD5D6D9E472}.Ad-Hoc|iPhone.Build.0 = Debug|Any CPU
		{83670A0A-CAA2-46F6-AA2D-9FD5D6D9E472}.Ad-Hoc|iPhoneSimulator.ActiveCfg = Debug|Any CPU
		{83670A0A-CAA2-46F6-AA2D-9FD5D6D9E472}.Ad-Hoc|iPhoneSimulator.Build.0 = Debug|Any CPU
		{83670A0A-CAA2-46F6-AA2D-9FD5D6D9E472}.Ad-Hoc|x64.ActiveCfg = Debug|Any CPU
		{83670A0A-CAA2-46F6-AA2D-9FD5D6D9E472}.Ad-Hoc|x64.Build.0 = Debug|Any CPU
		{83670A0A-CAA2-46F6-AA2D-9FD5D6D9E472}.Ad-Hoc|x86.ActiveCfg = Debug|Any CPU
		{83670A0A-CAA2-46F6-AA2D-9FD5D6D9E472}.Ad-Hoc|x86.Build.0 = Debug|Any CPU
		{83670A0A-CAA2-46F6-AA2D-9FD5D6D9E472}.AppStore|Any CPU.ActiveCfg = Debug|Any CPU
		{83670A0A-CAA2-46F6-AA2D-9FD5D6D9E472}.AppStore|Any CPU.Build.0 = Debug|Any CPU
		{83670A0A-CAA2-46F6-AA2D-9FD5D6D9E472}.AppStore|ARM.ActiveCfg = Debug|Any CPU
		{83670A0A-CAA2-46F6-AA2D-9FD5D6D9E472}.AppStore|ARM.Build.0 = Debug|Any CPU
		{83670A0A-CAA2-46F6-AA2D-9FD5D6D9E472}.AppStore|iPhone.ActiveCfg = Debug|Any CPU
		{83670A0A-CAA2-46F6-AA2D-9FD5D6D9E472}.AppStore|iPhone.Build.0 = Debug|Any CPU
		{83670A0A-CAA2-46F6-AA2D-9FD5D6D9E472}.AppStore|iPhoneSimulator.ActiveCfg = Debug|Any CPU
		{83670A0A-CAA2-46F6-AA2D-9FD5D6D9E472}.AppStore|iPhoneSimulator.Build.0 = Debug|Any CPU
		{83670A0A-CAA2-46F6-AA2D-9FD5D6D9E472}.AppStore|x64.ActiveCfg = Debug|Any CPU
		{83670A0A-CAA2-46F6-AA2D-9FD5D6D9E472}.AppStore|x64.Build.0 = Debug|Any CPU
		{83670A0A-CAA2-46F6-AA2D-9FD5D6D9E472}.AppStore|x86.ActiveCfg = Debug|Any CPU
		{83670A0A-CAA2-46F6-AA2D-9FD5D6D9E472}.AppStore|x86.Build.0 = Debug|Any CPU
		{83670A0A-CAA2-46F6-AA2D-9FD5D6D9E472}.Debug|Any CPU.ActiveCfg = Debug|Any CPU
		{83670A0A-CAA2-46F6-AA2D-9FD5D6D9E472}.Debug|Any CPU.Build.0 = Debug|Any CPU
		{83670A0A-CAA2-46F6-AA2D-9FD5D6D9E472}.Debug|ARM.ActiveCfg = Debug|Any CPU
		{83670A0A-CAA2-46F6-AA2D-9FD5D6D9E472}.Debug|ARM.Build.0 = Debug|Any CPU
		{83670A0A-CAA2-46F6-AA2D-9FD5D6D9E472}.Debug|iPhone.ActiveCfg = Debug|Any CPU
		{83670A0A-CAA2-46F6-AA2D-9FD5D6D9E472}.Debug|iPhone.Build.0 = Debug|Any CPU
		{83670A0A-CAA2-46F6-AA2D-9FD5D6D9E472}.Debug|iPhoneSimulator.ActiveCfg = Debug|Any CPU
		{83670A0A-CAA2-46F6-AA2D-9FD5D6D9E472}.Debug|iPhoneSimulator.Build.0 = Debug|Any CPU
		{83670A0A-CAA2-46F6-AA2D-9FD5D6D9E472}.Debug|x64.ActiveCfg = Debug|Any CPU
		{83670A0A-CAA2-46F6-AA2D-9FD5D6D9E472}.Debug|x64.Build.0 = Debug|Any CPU
		{83670A0A-CAA2-46F6-AA2D-9FD5D6D9E472}.Debug|x86.ActiveCfg = Debug|Any CPU
		{83670A0A-CAA2-46F6-AA2D-9FD5D6D9E472}.Debug|x86.Build.0 = Debug|Any CPU
		{83670A0A-CAA2-46F6-AA2D-9FD5D6D9E472}.Release|Any CPU.ActiveCfg = Release|Any CPU
		{83670A0A-CAA2-46F6-AA2D-9FD5D6D9E472}.Release|Any CPU.Build.0 = Release|Any CPU
		{83670A0A-CAA2-46F6-AA2D-9FD5D6D9E472}.Release|ARM.ActiveCfg = Release|Any CPU
		{83670A0A-CAA2-46F6-AA2D-9FD5D6D9E472}.Release|ARM.Build.0 = Release|Any CPU
		{83670A0A-CAA2-46F6-AA2D-9FD5D6D9E472}.Release|iPhone.ActiveCfg = Release|Any CPU
		{83670A0A-CAA2-46F6-AA2D-9FD5D6D9E472}.Release|iPhone.Build.0 = Release|Any CPU
		{83670A0A-CAA2-46F6-AA2D-9FD5D6D9E472}.Release|iPhoneSimulator.ActiveCfg = Release|Any CPU
		{83670A0A-CAA2-46F6-AA2D-9FD5D6D9E472}.Release|iPhoneSimulator.Build.0 = Release|Any CPU
		{83670A0A-CAA2-46F6-AA2D-9FD5D6D9E472}.Release|x64.ActiveCfg = Release|Any CPU
		{83670A0A-CAA2-46F6-AA2D-9FD5D6D9E472}.Release|x64.Build.0 = Release|Any CPU
		{83670A0A-CAA2-46F6-AA2D-9FD5D6D9E472}.Release|x86.ActiveCfg = Release|Any CPU
		{83670A0A-CAA2-46F6-AA2D-9FD5D6D9E472}.Release|x86.Build.0 = Release|Any CPU
	EndGlobalSection
	GlobalSection(SolutionProperties) = preSolution
		HideSolutionNode = FALSE
	EndGlobalSection
	GlobalSection(ExtensibilityGlobals) = postSolution
		SolutionGuid = {B537910B-B482-4EAE-AB85-91990EE5ECCA}
	EndGlobalSection
EndGlobal
