
Microsoft Visual Studio Solution File, Format Version 12.00
# Visual Studio 15
VisualStudioVersion = 15.0.27428.2037
MinimumVisualStudioVersion = 10.0.40219.1
Project("{FAE04EC0-301F-11D3-BF4B-00C04F79EFBC}") = "TabbedSample.Android", "TabbedSample\TabbedSample.Android\TabbedSample.Android.csproj", "{F5ECE06B-C922-42B0-B455-03D0DD07AA0B}"
EndProject
Project("{FAE04EC0-301F-11D3-BF4B-00C04F79EFBC}") = "TabbedSample.iOS", "TabbedSample\TabbedSample.iOS\TabbedSample.iOS.csproj", "{DB4CA052-73BF-4401-A59C-45130640BF3B}"
EndProject
Project("{FAE04EC0-301F-11D3-BF4B-00C04F79EFBC}") = "TabbedSample.UWP", "TabbedSample\TabbedSample.UWP\TabbedSample.UWP.csproj", "{E7F3FC80-ECDB-4DC8-95FD-419BF0880ECD}"
EndProject
Project("{FAE04EC0-301F-11D3-BF4B-00C04F79EFBC}") = "TabbedSample", "TabbedSample\TabbedSample\TabbedSample.csproj", "{298997DB-513F-4C41-B1E0-620BB73076DA}"
EndProject
Global
	GlobalSection(SolutionConfigurationPlatforms) = preSolution
		Ad-Hoc|Any CPU = Ad-Hoc|Any CPU
		Ad-Hoc|ARM = Ad-Hoc|ARM
		Ad-Hoc|iPhone = Ad-Hoc|iPhone
		Ad-Hoc|iPhoneSimulator = Ad-Hoc|iPhoneSimulator
		Ad-Hoc|x64 = Ad-Hoc|x64
		Ad-Hoc|x86 = Ad-Hoc|x86
		AppStore|Any CPU = AppStore|Any CPU
		AppStore|ARM = AppStore|ARM
		AppStore|iPhone = AppStore|iPhone
		AppStore|iPhoneSimulator = AppStore|iPhoneSimulator
		AppStore|x64 = AppStore|x64
		AppStore|x86 = AppStore|x86
		Debug|Any CPU = Debug|Any CPU
		Debug|ARM = Debug|ARM
		Debug|iPhone = Debug|iPhone
		Debug|iPhoneSimulator = Debug|iPhoneSimulator
		Debug|x64 = Debug|x64
		Debug|x86 = Debug|x86
		Release|Any CPU = Release|Any CPU
		Release|ARM = Release|ARM
		Release|iPhone = Release|iPhone
		Release|iPhoneSimulator = Release|iPhoneSimulator
		Release|x64 = Release|x64
		Release|x86 = Release|x86
	EndGlobalSection
	GlobalSection(ProjectConfigurationPlatforms) = postSolution
		{F5ECE06B-C922-42B0-B455-03D0DD07AA0B}.Ad-Hoc|Any CPU.ActiveCfg = Release|Any CPU
		{F5ECE06B-C922-42B0-B455-03D0DD07AA0B}.Ad-Hoc|Any CPU.Build.0 = Release|Any CPU
		{F5ECE06B-C922-42B0-B455-03D0DD07AA0B}.Ad-Hoc|Any CPU.Deploy.0 = Release|Any CPU
		{F5ECE06B-C922-42B0-B455-03D0DD07AA0B}.Ad-Hoc|ARM.ActiveCfg = Release|Any CPU
		{F5ECE06B-C922-42B0-B455-03D0DD07AA0B}.Ad-Hoc|ARM.Build.0 = Release|Any CPU
		{F5ECE06B-C922-42B0-B455-03D0DD07AA0B}.Ad-Hoc|ARM.Deploy.0 = Release|Any CPU
		{F5ECE06B-C922-42B0-B455-03D0DD07AA0B}.Ad-Hoc|iPhone.ActiveCfg = Release|Any CPU
		{F5ECE06B-C922-42B0-B455-03D0DD07AA0B}.Ad-Hoc|iPhone.Build.0 = Release|Any CPU
		{F5ECE06B-C922-42B0-B455-03D0DD07AA0B}.Ad-Hoc|iPhone.Deploy.0 = Release|Any CPU
		{F5ECE06B-C922-42B0-B455-03D0DD07AA0B}.Ad-Hoc|iPhoneSimulator.ActiveCfg = Release|Any CPU
		{F5ECE06B-C922-42B0-B455-03D0DD07AA0B}.Ad-Hoc|iPhoneSimulator.Build.0 = Release|Any CPU
		{F5ECE06B-C922-42B0-B455-03D0DD07AA0B}.Ad-Hoc|iPhoneSimulator.Deploy.0 = Release|Any CPU
		{F5ECE06B-C922-42B0-B455-03D0DD07AA0B}.Ad-Hoc|x64.ActiveCfg = Release|Any CPU
		{F5ECE06B-C922-42B0-B455-03D0DD07AA0B}.Ad-Hoc|x64.Build.0 = Release|Any CPU
		{F5ECE06B-C922-42B0-B455-03D0DD07AA0B}.Ad-Hoc|x64.Deploy.0 = Release|Any CPU
		{F5ECE06B-C922-42B0-B455-03D0DD07AA0B}.Ad-Hoc|x86.ActiveCfg = Release|Any CPU
		{F5ECE06B-C922-42B0-B455-03D0DD07AA0B}.Ad-Hoc|x86.Build.0 = Release|Any CPU
		{F5ECE06B-C922-42B0-B455-03D0DD07AA0B}.Ad-Hoc|x86.Deploy.0 = Release|Any CPU
		{F5ECE06B-C922-42B0-B455-03D0DD07AA0B}.AppStore|Any CPU.ActiveCfg = Release|Any CPU
		{F5ECE06B-C922-42B0-B455-03D0DD07AA0B}.AppStore|Any CPU.Build.0 = Release|Any CPU
		{F5ECE06B-C922-42B0-B455-03D0DD07AA0B}.AppStore|Any CPU.Deploy.0 = Release|Any CPU
		{F5ECE06B-C922-42B0-B455-03D0DD07AA0B}.AppStore|ARM.ActiveCfg = Release|Any CPU
		{F5ECE06B-C922-42B0-B455-03D0DD07AA0B}.AppStore|ARM.Build.0 = Release|Any CPU
		{F5ECE06B-C922-42B0-B455-03D0DD07AA0B}.AppStore|ARM.Deploy.0 = Release|Any CPU
		{F5ECE06B-C922-42B0-B455-03D0DD07AA0B}.AppStore|iPhone.ActiveCfg = Release|Any CPU
		{F5ECE06B-C922-42B0-B455-03D0DD07AA0B}.AppStore|iPhone.Build.0 = Release|Any CPU
		{F5ECE06B-C922-42B0-B455-03D0DD07AA0B}.AppStore|iPhone.Deploy.0 = Release|Any CPU
		{F5ECE06B-C922-42B0-B455-03D0DD07AA0B}.AppStore|iPhoneSimulator.ActiveCfg = Release|Any CPU
		{F5ECE06B-C922-42B0-B455-03D0DD07AA0B}.AppStore|iPhoneSimulator.Build.0 = Release|Any CPU
		{F5ECE06B-C922-42B0-B455-03D0DD07AA0B}.AppStore|iPhoneSimulator.Deploy.0 = Release|Any CPU
		{F5ECE06B-C922-42B0-B455-03D0DD07AA0B}.AppStore|x64.ActiveCfg = Release|Any CPU
		{F5ECE06B-C922-42B0-B455-03D0DD07AA0B}.AppStore|x64.Build.0 = Release|Any CPU
		{F5ECE06B-C922-42B0-B455-03D0DD07AA0B}.AppStore|x64.Deploy.0 = Release|Any CPU
		{F5ECE06B-C922-42B0-B455-03D0DD07AA0B}.AppStore|x86.ActiveCfg = Release|Any CPU
		{F5ECE06B-C922-42B0-B455-03D0DD07AA0B}.AppStore|x86.Build.0 = Release|Any CPU
		{F5ECE06B-C922-42B0-B455-03D0DD07AA0B}.AppStore|x86.Deploy.0 = Release|Any CPU
		{F5ECE06B-C922-42B0-B455-03D0DD07AA0B}.Debug|Any CPU.ActiveCfg = Debug|Any CPU
		{F5ECE06B-C922-42B0-B455-03D0DD07AA0B}.Debug|Any CPU.Build.0 = Debug|Any CPU
		{F5ECE06B-C922-42B0-B455-03D0DD07AA0B}.Debug|Any CPU.Deploy.0 = Debug|Any CPU
		{F5ECE06B-C922-42B0-B455-03D0DD07AA0B}.Debug|ARM.ActiveCfg = Debug|Any CPU
		{F5ECE06B-C922-42B0-B455-03D0DD07AA0B}.Debug|ARM.Build.0 = Debug|Any CPU
		{F5ECE06B-C922-42B0-B455-03D0DD07AA0B}.Debug|ARM.Deploy.0 = Debug|Any CPU
		{F5ECE06B-C922-42B0-B455-03D0DD07AA0B}.Debug|iPhone.ActiveCfg = Debug|Any CPU
		{F5ECE06B-C922-42B0-B455-03D0DD07AA0B}.Debug|iPhone.Build.0 = Debug|Any CPU
		{F5ECE06B-C922-42B0-B455-03D0DD07AA0B}.Debug|iPhone.Deploy.0 = Debug|Any CPU
		{F5ECE06B-C922-42B0-B455-03D0DD07AA0B}.Debug|iPhoneSimulator.ActiveCfg = Debug|Any CPU
		{F5ECE06B-C922-42B0-B455-03D0DD07AA0B}.Debug|iPhoneSimulator.Build.0 = Debug|Any CPU
		{F5ECE06B-C922-42B0-B455-03D0DD07AA0B}.Debug|iPhoneSimulator.Deploy.0 = Debug|Any CPU
		{F5ECE06B-C922-42B0-B455-03D0DD07AA0B}.Debug|x64.ActiveCfg = Debug|Any CPU
		{F5ECE06B-C922-42B0-B455-03D0DD07AA0B}.Debug|x64.Build.0 = Debug|Any CPU
		{F5ECE06B-C922-42B0-B455-03D0DD07AA0B}.Debug|x64.Deploy.0 = Debug|Any CPU
		{F5ECE06B-C922-42B0-B455-03D0DD07AA0B}.Debug|x86.ActiveCfg = Debug|Any CPU
		{F5ECE06B-C922-42B0-B455-03D0DD07AA0B}.Debug|x86.Build.0 = Debug|Any CPU
		{F5ECE06B-C922-42B0-B455-03D0DD07AA0B}.Debug|x86.Deploy.0 = Debug|Any CPU
		{F5ECE06B-C922-42B0-B455-03D0DD07AA0B}.Release|Any CPU.ActiveCfg = Release|Any CPU
		{F5ECE06B-C922-42B0-B455-03D0DD07AA0B}.Release|Any CPU.Build.0 = Release|Any CPU
		{F5ECE06B-C922-42B0-B455-03D0DD07AA0B}.Release|Any CPU.Deploy.0 = Release|Any CPU
		{F5ECE06B-C922-42B0-B455-03D0DD07AA0B}.Release|ARM.ActiveCfg = Release|Any CPU
		{F5ECE06B-C922-42B0-B455-03D0DD07AA0B}.Release|ARM.Build.0 = Release|Any CPU
		{F5ECE06B-C922-42B0-B455-03D0DD07AA0B}.Release|ARM.Deploy.0 = Release|Any CPU
		{F5ECE06B-C922-42B0-B455-03D0DD07AA0B}.Release|iPhone.ActiveCfg = Release|Any CPU
		{F5ECE06B-C922-42B0-B455-03D0DD07AA0B}.Release|iPhone.Build.0 = Release|Any CPU
		{F5ECE06B-C922-42B0-B455-03D0DD07AA0B}.Release|iPhone.Deploy.0 = Release|Any CPU
		{F5ECE06B-C922-42B0-B455-03D0DD07AA0B}.Release|iPhoneSimulator.ActiveCfg = Release|Any CPU
		{F5ECE06B-C922-42B0-B455-03D0DD07AA0B}.Release|iPhoneSimulator.Build.0 = Release|Any CPU
		{F5ECE06B-C922-42B0-B455-03D0DD07AA0B}.Release|iPhoneSimulator.Deploy.0 = Release|Any CPU
		{F5ECE06B-C922-42B0-B455-03D0DD07AA0B}.Release|x64.ActiveCfg = Release|Any CPU
		{F5ECE06B-C922-42B0-B455-03D0DD07AA0B}.Release|x64.Build.0 = Release|Any CPU
		{F5ECE06B-C922-42B0-B455-03D0DD07AA0B}.Release|x64.Deploy.0 = Release|Any CPU
		{F5ECE06B-C922-42B0-B455-03D0DD07AA0B}.Release|x86.ActiveCfg = Release|Any CPU
		{F5ECE06B-C922-42B0-B455-03D0DD07AA0B}.Release|x86.Build.0 = Release|Any CPU
		{F5ECE06B-C922-42B0-B455-03D0DD07AA0B}.Release|x86.Deploy.0 = Release|Any CPU
		{DB4CA052-73BF-4401-A59C-45130640BF3B}.Ad-Hoc|Any CPU.ActiveCfg = Ad-Hoc|iPhone
		{DB4CA052-73BF-4401-A59C-45130640BF3B}.Ad-Hoc|ARM.ActiveCfg = Ad-Hoc|iPhone
		{DB4CA052-73BF-4401-A59C-45130640BF3B}.Ad-Hoc|iPhone.ActiveCfg = Ad-Hoc|iPhone
		{DB4CA052-73BF-4401-A59C-45130640BF3B}.Ad-Hoc|iPhone.Build.0 = Ad-Hoc|iPhone
		{DB4CA052-73BF-4401-A59C-45130640BF3B}.Ad-Hoc|iPhoneSimulator.ActiveCfg = Ad-Hoc|iPhoneSimulator
		{DB4CA052-73BF-4401-A59C-45130640BF3B}.Ad-Hoc|iPhoneSimulator.Build.0 = Ad-Hoc|iPhoneSimulator
		{DB4CA052-73BF-4401-A59C-45130640BF3B}.Ad-Hoc|x64.ActiveCfg = Ad-Hoc|iPhone
		{DB4CA052-73BF-4401-A59C-45130640BF3B}.Ad-Hoc|x86.ActiveCfg = Ad-Hoc|iPhone
		{DB4CA052-73BF-4401-A59C-45130640BF3B}.AppStore|Any CPU.ActiveCfg = AppStore|iPhone
		{DB4CA052-73BF-4401-A59C-45130640BF3B}.AppStore|ARM.ActiveCfg = AppStore|iPhone
		{DB4CA052-73BF-4401-A59C-45130640BF3B}.AppStore|iPhone.ActiveCfg = AppStore|iPhone
		{DB4CA052-73BF-4401-A59C-45130640BF3B}.AppStore|iPhone.Build.0 = AppStore|iPhone
		{DB4CA052-73BF-4401-A59C-45130640BF3B}.AppStore|iPhoneSimulator.ActiveCfg = AppStore|iPhoneSimulator
		{DB4CA052-73BF-4401-A59C-45130640BF3B}.AppStore|iPhoneSimulator.Build.0 = AppStore|iPhoneSimulator
		{DB4CA052-73BF-4401-A59C-45130640BF3B}.AppStore|x64.ActiveCfg = AppStore|iPhone
		{DB4CA052-73BF-4401-A59C-45130640BF3B}.AppStore|x86.ActiveCfg = AppStore|iPhone
		{DB4CA052-73BF-4401-A59C-45130640BF3B}.Debug|Any CPU.ActiveCfg = Debug|iPhone
		{DB4CA052-73BF-4401-A59C-45130640BF3B}.Debug|ARM.ActiveCfg = Debug|iPhone
		{DB4CA052-73BF-4401-A59C-45130640BF3B}.Debug|iPhone.ActiveCfg = Debug|iPhone
		{DB4CA052-73BF-4401-A59C-45130640BF3B}.Debug|iPhone.Build.0 = Debug|iPhone
		{DB4CA052-73BF-4401-A59C-45130640BF3B}.Debug|iPhoneSimulator.ActiveCfg = Debug|iPhoneSimulator
		{DB4CA052-73BF-4401-A59C-45130640BF3B}.Debug|iPhoneSimulator.Build.0 = Debug|iPhoneSimulator
		{DB4CA052-73BF-4401-A59C-45130640BF3B}.Debug|x64.ActiveCfg = Debug|iPhone
		{DB4CA052-73BF-4401-A59C-45130640BF3B}.Debug|x86.ActiveCfg = Debug|iPhone
		{DB4CA052-73BF-4401-A59C-45130640BF3B}.Release|Any CPU.ActiveCfg = Release|iPhone
		{DB4CA052-73BF-4401-A59C-45130640BF3B}.Release|ARM.ActiveCfg = Release|iPhone
		{DB4CA052-73BF-4401-A59C-45130640BF3B}.Release|iPhone.ActiveCfg = Release|iPhone
		{DB4CA052-73BF-4401-A59C-45130640BF3B}.Release|iPhone.Build.0 = Release|iPhone
		{DB4CA052-73BF-4401-A59C-45130640BF3B}.Release|iPhoneSimulator.ActiveCfg = Release|iPhoneSimulator
		{DB4CA052-73BF-4401-A59C-45130640BF3B}.Release|iPhoneSimulator.Build.0 = Release|iPhoneSimulator
		{DB4CA052-73BF-4401-A59C-45130640BF3B}.Release|x64.ActiveCfg = Release|iPhone
		{DB4CA052-73BF-4401-A59C-45130640BF3B}.Release|x86.ActiveCfg = Release|iPhone
		{E7F3FC80-ECDB-4DC8-95FD-419BF0880ECD}.Ad-Hoc|Any CPU.ActiveCfg = Release|x86
		{E7F3FC80-ECDB-4DC8-95FD-419BF0880ECD}.Ad-Hoc|Any CPU.Build.0 = Release|x86
		{E7F3FC80-ECDB-4DC8-95FD-419BF0880ECD}.Ad-Hoc|Any CPU.Deploy.0 = Release|x86
		{E7F3FC80-ECDB-4DC8-95FD-419BF0880ECD}.Ad-Hoc|ARM.ActiveCfg = Release|ARM
		{E7F3FC80-ECDB-4DC8-95FD-419BF0880ECD}.Ad-Hoc|ARM.Build.0 = Release|ARM
		{E7F3FC80-ECDB-4DC8-95FD-419BF0880ECD}.Ad-Hoc|ARM.Deploy.0 = Release|ARM
		{E7F3FC80-ECDB-4DC8-95FD-419BF0880ECD}.Ad-Hoc|iPhone.ActiveCfg = Release|x86
		{E7F3FC80-ECDB-4DC8-95FD-419BF0880ECD}.Ad-Hoc|iPhone.Build.0 = Release|x86
		{E7F3FC80-ECDB-4DC8-95FD-419BF0880ECD}.Ad-Hoc|iPhone.Deploy.0 = Release|x86
		{E7F3FC80-ECDB-4DC8-95FD-419BF0880ECD}.Ad-Hoc|iPhoneSimulator.ActiveCfg = Release|x86
		{E7F3FC80-ECDB-4DC8-95FD-419BF0880ECD}.Ad-Hoc|iPhoneSimulator.Build.0 = Release|x86
		{E7F3FC80-ECDB-4DC8-95FD-419BF0880ECD}.Ad-Hoc|iPhoneSimulator.Deploy.0 = Release|x86
		{E7F3FC80-ECDB-4DC8-95FD-419BF0880ECD}.Ad-Hoc|x64.ActiveCfg = Release|x64
		{E7F3FC80-ECDB-4DC8-95FD-419BF0880ECD}.Ad-Hoc|x64.Build.0 = Release|x64
		{E7F3FC80-ECDB-4DC8-95FD-419BF0880ECD}.Ad-Hoc|x64.Deploy.0 = Release|x64
		{E7F3FC80-ECDB-4DC8-95FD-419BF0880ECD}.Ad-Hoc|x86.ActiveCfg = Release|x86
		{E7F3FC80-ECDB-4DC8-95FD-419BF0880ECD}.Ad-Hoc|x86.Build.0 = Release|x86
		{E7F3FC80-ECDB-4DC8-95FD-419BF0880ECD}.Ad-Hoc|x86.Deploy.0 = Release|x86
		{E7F3FC80-ECDB-4DC8-95FD-419BF0880ECD}.AppStore|Any CPU.ActiveCfg = Release|x86
		{E7F3FC80-ECDB-4DC8-95FD-419BF0880ECD}.AppStore|Any CPU.Build.0 = Release|x86
		{E7F3FC80-ECDB-4DC8-95FD-419BF0880ECD}.AppStore|Any CPU.Deploy.0 = Release|x86
		{E7F3FC80-ECDB-4DC8-95FD-419BF0880ECD}.AppStore|ARM.ActiveCfg = Release|ARM
		{E7F3FC80-ECDB-4DC8-95FD-419BF0880ECD}.AppStore|ARM.Build.0 = Release|ARM
		{E7F3FC80-ECDB-4DC8-95FD-419BF0880ECD}.AppStore|ARM.Deploy.0 = Release|ARM
		{E7F3FC80-ECDB-4DC8-95FD-419BF0880ECD}.AppStore|iPhone.ActiveCfg = Release|x86
		{E7F3FC80-ECDB-4DC8-95FD-419BF0880ECD}.AppStore|iPhone.Build.0 = Release|x86
		{E7F3FC80-ECDB-4DC8-95FD-419BF0880ECD}.AppStore|iPhone.Deploy.0 = Release|x86
		{E7F3FC80-ECDB-4DC8-95FD-419BF0880ECD}.AppStore|iPhoneSimulator.ActiveCfg = Release|x86
		{E7F3FC80-ECDB-4DC8-95FD-419BF0880ECD}.AppStore|iPhoneSimulator.Build.0 = Release|x86
		{E7F3FC80-ECDB-4DC8-95FD-419BF0880ECD}.AppStore|iPhoneSimulator.Deploy.0 = Release|x86
		{E7F3FC80-ECDB-4DC8-95FD-419BF0880ECD}.AppStore|x64.ActiveCfg = Release|x64
		{E7F3FC80-ECDB-4DC8-95FD-419BF0880ECD}.AppStore|x64.Build.0 = Release|x64
		{E7F3FC80-ECDB-4DC8-95FD-419BF0880ECD}.AppStore|x64.Deploy.0 = Release|x64
		{E7F3FC80-ECDB-4DC8-95FD-419BF0880ECD}.AppStore|x86.ActiveCfg = Release|x86
		{E7F3FC80-ECDB-4DC8-95FD-419BF0880ECD}.AppStore|x86.Build.0 = Release|x86
		{E7F3FC80-ECDB-4DC8-95FD-419BF0880ECD}.AppStore|x86.Deploy.0 = Release|x86
		{E7F3FC80-ECDB-4DC8-95FD-419BF0880ECD}.Debug|Any CPU.ActiveCfg = Debug|x86
		{E7F3FC80-ECDB-4DC8-95FD-419BF0880ECD}.Debug|ARM.ActiveCfg = Debug|ARM
		{E7F3FC80-ECDB-4DC8-95FD-419BF0880ECD}.Debug|ARM.Build.0 = Debug|ARM
		{E7F3FC80-ECDB-4DC8-95FD-419BF0880ECD}.Debug|ARM.Deploy.0 = Debug|ARM
		{E7F3FC80-ECDB-4DC8-95FD-419BF0880ECD}.Debug|iPhone.ActiveCfg = Debug|x86
		{E7F3FC80-ECDB-4DC8-95FD-419BF0880ECD}.Debug|iPhoneSimulator.ActiveCfg = Debug|x86
		{E7F3FC80-ECDB-4DC8-95FD-419BF0880ECD}.Debug|x64.ActiveCfg = Debug|x64
		{E7F3FC80-ECDB-4DC8-95FD-419BF0880ECD}.Debug|x64.Build.0 = Debug|x64
		{E7F3FC80-ECDB-4DC8-95FD-419BF0880ECD}.Debug|x64.Deploy.0 = Debug|x64
		{E7F3FC80-ECDB-4DC8-95FD-419BF0880ECD}.Debug|x86.ActiveCfg = Debug|x86
		{E7F3FC80-ECDB-4DC8-95FD-419BF0880ECD}.Debug|x86.Build.0 = Debug|x86
		{E7F3FC80-ECDB-4DC8-95FD-419BF0880ECD}.Debug|x86.Deploy.0 = Debug|x86
		{E7F3FC80-ECDB-4DC8-95FD-419BF0880ECD}.Release|Any CPU.ActiveCfg = Release|x86
		{E7F3FC80-ECDB-4DC8-95FD-419BF0880ECD}.Release|ARM.ActiveCfg = Release|ARM
		{E7F3FC80-ECDB-4DC8-95FD-419BF0880ECD}.Release|ARM.Build.0 = Release|ARM
		{E7F3FC80-ECDB-4DC8-95FD-419BF0880ECD}.Release|ARM.Deploy.0 = Release|ARM
		{E7F3FC80-ECDB-4DC8-95FD-419BF0880ECD}.Release|iPhone.ActiveCfg = Release|x86
		{E7F3FC80-ECDB-4DC8-95FD-419BF0880ECD}.Release|iPhoneSimulator.ActiveCfg = Release|x86
		{E7F3FC80-ECDB-4DC8-95FD-419BF0880ECD}.Release|x64.ActiveCfg = Release|x64
		{E7F3FC80-ECDB-4DC8-95FD-419BF0880ECD}.Release|x64.Build.0 = Release|x64
		{E7F3FC80-ECDB-4DC8-95FD-419BF0880ECD}.Release|x64.Deploy.0 = Release|x64
		{E7F3FC80-ECDB-4DC8-95FD-419BF0880ECD}.Release|x86.ActiveCfg = Release|x86
		{E7F3FC80-ECDB-4DC8-95FD-419BF0880ECD}.Release|x86.Build.0 = Release|x86
		{E7F3FC80-ECDB-4DC8-95FD-419BF0880ECD}.Release|x86.Deploy.0 = Release|x86
		{298997DB-513F-4C41-B1E0-620BB73076DA}.Ad-Hoc|Any CPU.ActiveCfg = Debug|Any CPU
		{298997DB-513F-4C41-B1E0-620BB73076DA}.Ad-Hoc|Any CPU.Build.0 = Debug|Any CPU
		{298997DB-513F-4C41-B1E0-620BB73076DA}.Ad-Hoc|ARM.ActiveCfg = Debug|Any CPU
		{298997DB-513F-4C41-B1E0-620BB73076DA}.Ad-Hoc|ARM.Build.0 = Debug|Any CPU
		{298997DB-513F-4C41-B1E0-620BB73076DA}.Ad-Hoc|iPhone.ActiveCfg = Debug|Any CPU
		{298997DB-513F-4C41-B1E0-620BB73076DA}.Ad-Hoc|iPhone.Build.0 = Debug|Any CPU
		{298997DB-513F-4C41-B1E0-620BB73076DA}.Ad-Hoc|iPhoneSimulator.ActiveCfg = Debug|Any CPU
		{298997DB-513F-4C41-B1E0-620BB73076DA}.Ad-Hoc|iPhoneSimulator.Build.0 = Debug|Any CPU
		{298997DB-513F-4C41-B1E0-620BB73076DA}.Ad-Hoc|x64.ActiveCfg = Debug|Any CPU
		{298997DB-513F-4C41-B1E0-620BB73076DA}.Ad-Hoc|x64.Build.0 = Debug|Any CPU
		{298997DB-513F-4C41-B1E0-620BB73076DA}.Ad-Hoc|x86.ActiveCfg = Debug|Any CPU
		{298997DB-513F-4C41-B1E0-620BB73076DA}.Ad-Hoc|x86.Build.0 = Debug|Any CPU
		{298997DB-513F-4C41-B1E0-620BB73076DA}.AppStore|Any CPU.ActiveCfg = Debug|Any CPU
		{298997DB-513F-4C41-B1E0-620BB73076DA}.AppStore|Any CPU.Build.0 = Debug|Any CPU
		{298997DB-513F-4C41-B1E0-620BB73076DA}.AppStore|ARM.ActiveCfg = Debug|Any CPU
		{298997DB-513F-4C41-B1E0-620BB73076DA}.AppStore|ARM.Build.0 = Debug|Any CPU
		{298997DB-513F-4C41-B1E0-620BB73076DA}.AppStore|iPhone.ActiveCfg = Debug|Any CPU
		{298997DB-513F-4C41-B1E0-620BB73076DA}.AppStore|iPhone.Build.0 = Debug|Any CPU
		{298997DB-513F-4C41-B1E0-620BB73076DA}.AppStore|iPhoneSimulator.ActiveCfg = Debug|Any CPU
		{298997DB-513F-4C41-B1E0-620BB73076DA}.AppStore|iPhoneSimulator.Build.0 = Debug|Any CPU
		{298997DB-513F-4C41-B1E0-620BB73076DA}.AppStore|x64.ActiveCfg = Debug|Any CPU
		{298997DB-513F-4C41-B1E0-620BB73076DA}.AppStore|x64.Build.0 = Debug|Any CPU
		{298997DB-513F-4C41-B1E0-620BB73076DA}.AppStore|x86.ActiveCfg = Debug|Any CPU
		{298997DB-513F-4C41-B1E0-620BB73076DA}.AppStore|x86.Build.0 = Debug|Any CPU
		{298997DB-513F-4C41-B1E0-620BB73076DA}.Debug|Any CPU.ActiveCfg = Debug|Any CPU
		{298997DB-513F-4C41-B1E0-620BB73076DA}.Debug|Any CPU.Build.0 = Debug|Any CPU
		{298997DB-513F-4C41-B1E0-620BB73076DA}.Debug|ARM.ActiveCfg = Debug|Any CPU
		{298997DB-513F-4C41-B1E0-620BB73076DA}.Debug|ARM.Build.0 = Debug|Any CPU
		{298997DB-513F-4C41-B1E0-620BB73076DA}.Debug|iPhone.ActiveCfg = Debug|Any CPU
		{298997DB-513F-4C41-B1E0-620BB73076DA}.Debug|iPhone.Build.0 = Debug|Any CPU
		{298997DB-513F-4C41-B1E0-620BB73076DA}.Debug|iPhoneSimulator.ActiveCfg = Debug|Any CPU
		{298997DB-513F-4C41-B1E0-620BB73076DA}.Debug|iPhoneSimulator.Build.0 = Debug|Any CPU
		{298997DB-513F-4C41-B1E0-620BB73076DA}.Debug|x64.ActiveCfg = Debug|Any CPU
		{298997DB-513F-4C41-B1E0-620BB73076DA}.Debug|x64.Build.0 = Debug|Any CPU
		{298997DB-513F-4C41-B1E0-620BB73076DA}.Debug|x86.ActiveCfg = Debug|Any CPU
		{298997DB-513F-4C41-B1E0-620BB73076DA}.Debug|x86.Build.0 = Debug|Any CPU
		{298997DB-513F-4C41-B1E0-620BB73076DA}.Release|Any CPU.ActiveCfg = Release|Any CPU
		{298997DB-513F-4C41-B1E0-620BB73076DA}.Release|Any CPU.Build.0 = Release|Any CPU
		{298997DB-513F-4C41-B1E0-620BB73076DA}.Release|ARM.ActiveCfg = Release|Any CPU
		{298997DB-513F-4C41-B1E0-620BB73076DA}.Release|ARM.Build.0 = Release|Any CPU
		{298997DB-513F-4C41-B1E0-620BB73076DA}.Release|iPhone.ActiveCfg = Release|Any CPU
		{298997DB-513F-4C41-B1E0-620BB73076DA}.Release|iPhone.Build.0 = Release|Any CPU
		{298997DB-513F-4C41-B1E0-620BB73076DA}.Release|iPhoneSimulator.ActiveCfg = Release|Any CPU
		{298997DB-513F-4C41-B1E0-620BB73076DA}.Release|iPhoneSimulator.Build.0 = Release|Any CPU
		{298997DB-513F-4C41-B1E0-620BB73076DA}.Release|x64.ActiveCfg = Release|Any CPU
		{298997DB-513F-4C41-B1E0-620BB73076DA}.Release|x64.Build.0 = Release|Any CPU
		{298997DB-513F-4C41-B1E0-620BB73076DA}.Release|x86.ActiveCfg = Release|Any CPU
		{298997DB-513F-4C41-B1E0-620BB73076DA}.Release|x86.Build.0 = Release|Any CPU
	EndGlobalSection
	GlobalSection(SolutionProperties) = preSolution
		HideSolutionNode = FALSE
	EndGlobalSection
	GlobalSection(ExtensibilityGlobals) = postSolution
		SolutionGuid = {FB65AC9A-50C5-45ED-987E-318862D72270}
	EndGlobalSection
EndGlobal
