
Microsoft Visual Studio Solution File, Format Version 12.00
# Visual Studio 15
VisualStudioVersion = 15.0.27428.2043
MinimumVisualStudioVersion = 10.0.40219.1
Project("{FAE04EC0-301F-11D3-BF4B-00C04F79EFBC}") = "TipCalc.Android", "TipCalc\TipCalc.Android\TipCalc.Android.csproj", "{D1CC0C39-99CA-428F-BB42-5725DEA1B497}"
EndProject
Project("{FAE04EC0-301F-11D3-BF4B-00C04F79EFBC}") = "TipCalc.iOS", "TipCalc\TipCalc.iOS\TipCalc.iOS.csproj", "{4B17DF8A-9A67-4F8E-83B4-5D196B016FAD}"
EndProject
Project("{FAE04EC0-301F-11D3-BF4B-00C04F79EFBC}") = "TipCalc.UWP", "TipCalc\TipCalc.UWP\TipCalc.UWP.csproj", "{08DF710F-4422-48EF-A43A-39B6CA0458B5}"
EndProject
Project("{FAE04EC0-301F-11D3-BF4B-00C04F79EFBC}") = "TipCalc", "TipCalc\TipCalc\TipCalc.csproj", "{B1B5BA61-7EB4-453F-809B-42419BC79682}"
EndProject
Global
	GlobalSection(SolutionConfigurationPlatforms) = preSolution
		Ad-Hoc|Any CPU = Ad-Hoc|Any CPU
		Ad-Hoc|ARM = Ad-Hoc|ARM
		Ad-Hoc|iPhone = Ad-Hoc|iPhone
		Ad-Hoc|iPhoneSimulator = Ad-Hoc|iPhoneSimulator
		Ad-Hoc|x64 = Ad-Hoc|x64
		Ad-Hoc|x86 = Ad-Hoc|x86
		AppStore|Any CPU = AppStore|Any CPU
		AppStore|ARM = AppStore|ARM
		AppStore|iPhone = AppStore|iPhone
		AppStore|iPhoneSimulator = AppStore|iPhoneSimulator
		AppStore|x64 = AppStore|x64
		AppStore|x86 = AppStore|x86
		Debug|Any CPU = Debug|Any CPU
		Debug|ARM = Debug|ARM
		Debug|iPhone = Debug|iPhone
		Debug|iPhoneSimulator = Debug|iPhoneSimulator
		Debug|x64 = Debug|x64
		Debug|x86 = Debug|x86
		Release|Any CPU = Release|Any CPU
		Release|ARM = Release|ARM
		Release|iPhone = Release|iPhone
		Release|iPhoneSimulator = Release|iPhoneSimulator
		Release|x64 = Release|x64
		Release|x86 = Release|x86
	EndGlobalSection
	GlobalSection(ProjectConfigurationPlatforms) = postSolution
		{D1CC0C39-99CA-428F-BB42-5725DEA1B497}.Ad-Hoc|Any CPU.ActiveCfg = Release|Any CPU
		{D1CC0C39-99CA-428F-BB42-5725DEA1B497}.Ad-Hoc|Any CPU.Build.0 = Release|Any CPU
		{D1CC0C39-99CA-428F-BB42-5725DEA1B497}.Ad-Hoc|Any CPU.Deploy.0 = Release|Any CPU
		{D1CC0C39-99CA-428F-BB42-5725DEA1B497}.Ad-Hoc|ARM.ActiveCfg = Release|Any CPU
		{D1CC0C39-99CA-428F-BB42-5725DEA1B497}.Ad-Hoc|ARM.Build.0 = Release|Any CPU
		{D1CC0C39-99CA-428F-BB42-5725DEA1B497}.Ad-Hoc|ARM.Deploy.0 = Release|Any CPU
		{D1CC0C39-99CA-428F-BB42-5725DEA1B497}.Ad-Hoc|iPhone.ActiveCfg = Release|Any CPU
		{D1CC0C39-99CA-428F-BB42-5725DEA1B497}.Ad-Hoc|iPhone.Build.0 = Release|Any CPU
		{D1CC0C39-99CA-428F-BB42-5725DEA1B497}.Ad-Hoc|iPhone.Deploy.0 = Release|Any CPU
		{D1CC0C39-99CA-428F-BB42-5725DEA1B497}.Ad-Hoc|iPhoneSimulator.ActiveCfg = Release|Any CPU
		{D1CC0C39-99CA-428F-BB42-5725DEA1B497}.Ad-Hoc|iPhoneSimulator.Build.0 = Release|Any CPU
		{D1CC0C39-99CA-428F-BB42-5725DEA1B497}.Ad-Hoc|iPhoneSimulator.Deploy.0 = Release|Any CPU
		{D1CC0C39-99CA-428F-BB42-5725DEA1B497}.Ad-Hoc|x64.ActiveCfg = Release|Any CPU
		{D1CC0C39-99CA-428F-BB42-5725DEA1B497}.Ad-Hoc|x64.Build.0 = Release|Any CPU
		{D1CC0C39-99CA-428F-BB42-5725DEA1B497}.Ad-Hoc|x64.Deploy.0 = Release|Any CPU
		{D1CC0C39-99CA-428F-BB42-5725DEA1B497}.Ad-Hoc|x86.ActiveCfg = Release|Any CPU
		{D1CC0C39-99CA-428F-BB42-5725DEA1B497}.Ad-Hoc|x86.Build.0 = Release|Any CPU
		{D1CC0C39-99CA-428F-BB42-5725DEA1B497}.Ad-Hoc|x86.Deploy.0 = Release|Any CPU
		{D1CC0C39-99CA-428F-BB42-5725DEA1B497}.AppStore|Any CPU.ActiveCfg = Release|Any CPU
		{D1CC0C39-99CA-428F-BB42-5725DEA1B497}.AppStore|Any CPU.Build.0 = Release|Any CPU
		{D1CC0C39-99CA-428F-BB42-5725DEA1B497}.AppStore|Any CPU.Deploy.0 = Release|Any CPU
		{D1CC0C39-99CA-428F-BB42-5725DEA1B497}.AppStore|ARM.ActiveCfg = Release|Any CPU
		{D1CC0C39-99CA-428F-BB42-5725DEA1B497}.AppStore|ARM.Build.0 = Release|Any CPU
		{D1CC0C39-99CA-428F-BB42-5725DEA1B497}.AppStore|ARM.Deploy.0 = Release|Any CPU
		{D1CC0C39-99CA-428F-BB42-5725DEA1B497}.AppStore|iPhone.ActiveCfg = Release|Any CPU
		{D1CC0C39-99CA-428F-BB42-5725DEA1B497}.AppStore|iPhone.Build.0 = Release|Any CPU
		{D1CC0C39-99CA-428F-BB42-5725DEA1B497}.AppStore|iPhone.Deploy.0 = Release|Any CPU
		{D1CC0C39-99CA-428F-BB42-5725DEA1B497}.AppStore|iPhoneSimulator.ActiveCfg = Release|Any CPU
		{D1CC0C39-99CA-428F-BB42-5725DEA1B497}.AppStore|iPhoneSimulator.Build.0 = Release|Any CPU
		{D1CC0C39-99CA-428F-BB42-5725DEA1B497}.AppStore|iPhoneSimulator.Deploy.0 = Release|Any CPU
		{D1CC0C39-99CA-428F-BB42-5725DEA1B497}.AppStore|x64.ActiveCfg = Release|Any CPU
		{D1CC0C39-99CA-428F-BB42-5725DEA1B497}.AppStore|x64.Build.0 = Release|Any CPU
		{D1CC0C39-99CA-428F-BB42-5725DEA1B497}.AppStore|x64.Deploy.0 = Release|Any CPU
		{D1CC0C39-99CA-428F-BB42-5725DEA1B497}.AppStore|x86.ActiveCfg = Release|Any CPU
		{D1CC0C39-99CA-428F-BB42-5725DEA1B497}.AppStore|x86.Build.0 = Release|Any CPU
		{D1CC0C39-99CA-428F-BB42-5725DEA1B497}.AppStore|x86.Deploy.0 = Release|Any CPU
		{D1CC0C39-99CA-428F-BB42-5725DEA1B497}.Debug|Any CPU.ActiveCfg = Debug|Any CPU
		{D1CC0C39-99CA-428F-BB42-5725DEA1B497}.Debug|Any CPU.Build.0 = Debug|Any CPU
		{D1CC0C39-99CA-428F-BB42-5725DEA1B497}.Debug|Any CPU.Deploy.0 = Debug|Any CPU
		{D1CC0C39-99CA-428F-BB42-5725DEA1B497}.Debug|ARM.ActiveCfg = Debug|Any CPU
		{D1CC0C39-99CA-428F-BB42-5725DEA1B497}.Debug|ARM.Build.0 = Debug|Any CPU
		{D1CC0C39-99CA-428F-BB42-5725DEA1B497}.Debug|ARM.Deploy.0 = Debug|Any CPU
		{D1CC0C39-99CA-428F-BB42-5725DEA1B497}.Debug|iPhone.ActiveCfg = Debug|Any CPU
		{D1CC0C39-99CA-428F-BB42-5725DEA1B497}.Debug|iPhone.Build.0 = Debug|Any CPU
		{D1CC0C39-99CA-428F-BB42-5725DEA1B497}.Debug|iPhone.Deploy.0 = Debug|Any CPU
		{D1CC0C39-99CA-428F-BB42-5725DEA1B497}.Debug|iPhoneSimulator.ActiveCfg = Debug|Any CPU
		{D1CC0C39-99CA-428F-BB42-5725DEA1B497}.Debug|iPhoneSimulator.Build.0 = Debug|Any CPU
		{D1CC0C39-99CA-428F-BB42-5725DEA1B497}.Debug|iPhoneSimulator.Deploy.0 = Debug|Any CPU
		{D1CC0C39-99CA-428F-BB42-5725DEA1B497}.Debug|x64.ActiveCfg = Debug|Any CPU
		{D1CC0C39-99CA-428F-BB42-5725DEA1B497}.Debug|x64.Build.0 = Debug|Any CPU
		{D1CC0C39-99CA-428F-BB42-5725DEA1B497}.Debug|x64.Deploy.0 = Debug|Any CPU
		{D1CC0C39-99CA-428F-BB42-5725DEA1B497}.Debug|x86.ActiveCfg = Debug|Any CPU
		{D1CC0C39-99CA-428F-BB42-5725DEA1B497}.Debug|x86.Build.0 = Debug|Any CPU
		{D1CC0C39-99CA-428F-BB42-5725DEA1B497}.Debug|x86.Deploy.0 = Debug|Any CPU
		{D1CC0C39-99CA-428F-BB42-5725DEA1B497}.Release|Any CPU.ActiveCfg = Release|Any CPU
		{D1CC0C39-99CA-428F-BB42-5725DEA1B497}.Release|Any CPU.Build.0 = Release|Any CPU
		{D1CC0C39-99CA-428F-BB42-5725DEA1B497}.Release|Any CPU.Deploy.0 = Release|Any CPU
		{D1CC0C39-99CA-428F-BB42-5725DEA1B497}.Release|ARM.ActiveCfg = Release|Any CPU
		{D1CC0C39-99CA-428F-BB42-5725DEA1B497}.Release|ARM.Build.0 = Release|Any CPU
		{D1CC0C39-99CA-428F-BB42-5725DEA1B497}.Release|ARM.Deploy.0 = Release|Any CPU
		{D1CC0C39-99CA-428F-BB42-5725DEA1B497}.Release|iPhone.ActiveCfg = Release|Any CPU
		{D1CC0C39-99CA-428F-BB42-5725DEA1B497}.Release|iPhone.Build.0 = Release|Any CPU
		{D1CC0C39-99CA-428F-BB42-5725DEA1B497}.Release|iPhone.Deploy.0 = Release|Any CPU
		{D1CC0C39-99CA-428F-BB42-5725DEA1B497}.Release|iPhoneSimulator.ActiveCfg = Release|Any CPU
		{D1CC0C39-99CA-428F-BB42-5725DEA1B497}.Release|iPhoneSimulator.Build.0 = Release|Any CPU
		{D1CC0C39-99CA-428F-BB42-5725DEA1B497}.Release|iPhoneSimulator.Deploy.0 = Release|Any CPU
		{D1CC0C39-99CA-428F-BB42-5725DEA1B497}.Release|x64.ActiveCfg = Release|Any CPU
		{D1CC0C39-99CA-428F-BB42-5725DEA1B497}.Release|x64.Build.0 = Release|Any CPU
		{D1CC0C39-99CA-428F-BB42-5725DEA1B497}.Release|x64.Deploy.0 = Release|Any CPU
		{D1CC0C39-99CA-428F-BB42-5725DEA1B497}.Release|x86.ActiveCfg = Release|Any CPU
		{D1CC0C39-99CA-428F-BB42-5725DEA1B497}.Release|x86.Build.0 = Release|Any CPU
		{D1CC0C39-99CA-428F-BB42-5725DEA1B497}.Release|x86.Deploy.0 = Release|Any CPU
		{4B17DF8A-9A67-4F8E-83B4-5D196B016FAD}.Ad-Hoc|Any CPU.ActiveCfg = Ad-Hoc|iPhone
		{4B17DF8A-9A67-4F8E-83B4-5D196B016FAD}.Ad-Hoc|ARM.ActiveCfg = Ad-Hoc|iPhone
		{4B17DF8A-9A67-4F8E-83B4-5D196B016FAD}.Ad-Hoc|iPhone.ActiveCfg = Ad-Hoc|iPhone
		{4B17DF8A-9A67-4F8E-83B4-5D196B016FAD}.Ad-Hoc|iPhone.Build.0 = Ad-Hoc|iPhone
		{4B17DF8A-9A67-4F8E-83B4-5D196B016FAD}.Ad-Hoc|iPhoneSimulator.ActiveCfg = Ad-Hoc|iPhoneSimulator
		{4B17DF8A-9A67-4F8E-83B4-5D196B016FAD}.Ad-Hoc|iPhoneSimulator.Build.0 = Ad-Hoc|iPhoneSimulator
		{4B17DF8A-9A67-4F8E-83B4-5D196B016FAD}.Ad-Hoc|x64.ActiveCfg = Ad-Hoc|iPhone
		{4B17DF8A-9A67-4F8E-83B4-5D196B016FAD}.Ad-Hoc|x86.ActiveCfg = Ad-Hoc|iPhone
		{4B17DF8A-9A67-4F8E-83B4-5D196B016FAD}.AppStore|Any CPU.ActiveCfg = AppStore|iPhone
		{4B17DF8A-9A67-4F8E-83B4-5D196B016FAD}.AppStore|ARM.ActiveCfg = AppStore|iPhone
		{4B17DF8A-9A67-4F8E-83B4-5D196B016FAD}.AppStore|iPhone.ActiveCfg = AppStore|iPhone
		{4B17DF8A-9A67-4F8E-83B4-5D196B016FAD}.AppStore|iPhone.Build.0 = AppStore|iPhone
		{4B17DF8A-9A67-4F8E-83B4-5D196B016FAD}.AppStore|iPhoneSimulator.ActiveCfg = AppStore|iPhoneSimulator
		{4B17DF8A-9A67-4F8E-83B4-5D196B016FAD}.AppStore|iPhoneSimulator.Build.0 = AppStore|iPhoneSimulator
		{4B17DF8A-9A67-4F8E-83B4-5D196B016FAD}.AppStore|x64.ActiveCfg = AppStore|iPhone
		{4B17DF8A-9A67-4F8E-83B4-5D196B016FAD}.AppStore|x86.ActiveCfg = AppStore|iPhone
		{4B17DF8A-9A67-4F8E-83B4-5D196B016FAD}.Debug|Any CPU.ActiveCfg = Debug|iPhone
		{4B17DF8A-9A67-4F8E-83B4-5D196B016FAD}.Debug|ARM.ActiveCfg = Debug|iPhone
		{4B17DF8A-9A67-4F8E-83B4-5D196B016FAD}.Debug|iPhone.ActiveCfg = Debug|iPhone
		{4B17DF8A-9A67-4F8E-83B4-5D196B016FAD}.Debug|iPhone.Build.0 = Debug|iPhone
		{4B17DF8A-9A67-4F8E-83B4-5D196B016FAD}.Debug|iPhoneSimulator.ActiveCfg = Debug|iPhoneSimulator
		{4B17DF8A-9A67-4F8E-83B4-5D196B016FAD}.Debug|iPhoneSimulator.Build.0 = Debug|iPhoneSimulator
		{4B17DF8A-9A67-4F8E-83B4-5D196B016FAD}.Debug|x64.ActiveCfg = Debug|iPhone
		{4B17DF8A-9A67-4F8E-83B4-5D196B016FAD}.Debug|x86.ActiveCfg = Debug|iPhone
		{4B17DF8A-9A67-4F8E-83B4-5D196B016FAD}.Release|Any CPU.ActiveCfg = Release|iPhone
		{4B17DF8A-9A67-4F8E-83B4-5D196B016FAD}.Release|ARM.ActiveCfg = Release|iPhone
		{4B17DF8A-9A67-4F8E-83B4-5D196B016FAD}.Release|iPhone.ActiveCfg = Release|iPhone
		{4B17DF8A-9A67-4F8E-83B4-5D196B016FAD}.Release|iPhone.Build.0 = Release|iPhone
		{4B17DF8A-9A67-4F8E-83B4-5D196B016FAD}.Release|iPhoneSimulator.ActiveCfg = Release|iPhoneSimulator
		{4B17DF8A-9A67-4F8E-83B4-5D196B016FAD}.Release|iPhoneSimulator.Build.0 = Release|iPhoneSimulator
		{4B17DF8A-9A67-4F8E-83B4-5D196B016FAD}.Release|x64.ActiveCfg = Release|iPhone
		{4B17DF8A-9A67-4F8E-83B4-5D196B016FAD}.Release|x86.ActiveCfg = Release|iPhone
		{08DF710F-4422-48EF-A43A-39B6CA0458B5}.Ad-Hoc|Any CPU.ActiveCfg = Release|x86
		{08DF710F-4422-48EF-A43A-39B6CA0458B5}.Ad-Hoc|Any CPU.Build.0 = Release|x86
		{08DF710F-4422-48EF-A43A-39B6CA0458B5}.Ad-Hoc|Any CPU.Deploy.0 = Release|x86
		{08DF710F-4422-48EF-A43A-39B6CA0458B5}.Ad-Hoc|ARM.ActiveCfg = Release|ARM
		{08DF710F-4422-48EF-A43A-39B6CA0458B5}.Ad-Hoc|ARM.Build.0 = Release|ARM
		{08DF710F-4422-48EF-A43A-39B6CA0458B5}.Ad-Hoc|ARM.Deploy.0 = Release|ARM
		{08DF710F-4422-48EF-A43A-39B6CA0458B5}.Ad-Hoc|iPhone.ActiveCfg = Release|x86
		{08DF710F-4422-48EF-A43A-39B6CA0458B5}.Ad-Hoc|iPhone.Build.0 = Release|x86
		{08DF710F-4422-48EF-A43A-39B6CA0458B5}.Ad-Hoc|iPhone.Deploy.0 = Release|x86
		{08DF710F-4422-48EF-A43A-39B6CA0458B5}.Ad-Hoc|iPhoneSimulator.ActiveCfg = Release|x86
		{08DF710F-4422-48EF-A43A-39B6CA0458B5}.Ad-Hoc|iPhoneSimulator.Build.0 = Release|x86
		{08DF710F-4422-48EF-A43A-39B6CA0458B5}.Ad-Hoc|iPhoneSimulator.Deploy.0 = Release|x86
		{08DF710F-4422-48EF-A43A-39B6CA0458B5}.Ad-Hoc|x64.ActiveCfg = Release|x64
		{08DF710F-4422-48EF-A43A-39B6CA0458B5}.Ad-Hoc|x64.Build.0 = Release|x64
		{08DF710F-4422-48EF-A43A-39B6CA0458B5}.Ad-Hoc|x64.Deploy.0 = Release|x64
		{08DF710F-4422-48EF-A43A-39B6CA0458B5}.Ad-Hoc|x86.ActiveCfg = Release|x86
		{08DF710F-4422-48EF-A43A-39B6CA0458B5}.Ad-Hoc|x86.Build.0 = Release|x86
		{08DF710F-4422-48EF-A43A-39B6CA0458B5}.Ad-Hoc|x86.Deploy.0 = Release|x86
		{08DF710F-4422-48EF-A43A-39B6CA0458B5}.AppStore|Any CPU.ActiveCfg = Release|x86
		{08DF710F-4422-48EF-A43A-39B6CA0458B5}.AppStore|Any CPU.Build.0 = Release|x86
		{08DF710F-4422-48EF-A43A-39B6CA0458B5}.AppStore|Any CPU.Deploy.0 = Release|x86
		{08DF710F-4422-48EF-A43A-39B6CA0458B5}.AppStore|ARM.ActiveCfg = Release|ARM
		{08DF710F-4422-48EF-A43A-39B6CA0458B5}.AppStore|ARM.Build.0 = Release|ARM
		{08DF710F-4422-48EF-A43A-39B6CA0458B5}.AppStore|ARM.Deploy.0 = Release|ARM
		{08DF710F-4422-48EF-A43A-39B6CA0458B5}.AppStore|iPhone.ActiveCfg = Release|x86
		{08DF710F-4422-48EF-A43A-39B6CA0458B5}.AppStore|iPhone.Build.0 = Release|x86
		{08DF710F-4422-48EF-A43A-39B6CA0458B5}.AppStore|iPhone.Deploy.0 = Release|x86
		{08DF710F-4422-48EF-A43A-39B6CA0458B5}.AppStore|iPhoneSimulator.ActiveCfg = Release|x86
		{08DF710F-4422-48EF-A43A-39B6CA0458B5}.AppStore|iPhoneSimulator.Build.0 = Release|x86
		{08DF710F-4422-48EF-A43A-39B6CA0458B5}.AppStore|iPhoneSimulator.Deploy.0 = Release|x86
		{08DF710F-4422-48EF-A43A-39B6CA0458B5}.AppStore|x64.ActiveCfg = Release|x64
		{08DF710F-4422-48EF-A43A-39B6CA0458B5}.AppStore|x64.Build.0 = Release|x64
		{08DF710F-4422-48EF-A43A-39B6CA0458B5}.AppStore|x64.Deploy.0 = Release|x64
		{08DF710F-4422-48EF-A43A-39B6CA0458B5}.AppStore|x86.ActiveCfg = Release|x86
		{08DF710F-4422-48EF-A43A-39B6CA0458B5}.AppStore|x86.Build.0 = Release|x86
		{08DF710F-4422-48EF-A43A-39B6CA0458B5}.AppStore|x86.Deploy.0 = Release|x86
		{08DF710F-4422-48EF-A43A-39B6CA0458B5}.Debug|Any CPU.ActiveCfg = Debug|x86
		{08DF710F-4422-48EF-A43A-39B6CA0458B5}.Debug|ARM.ActiveCfg = Debug|ARM
		{08DF710F-4422-48EF-A43A-39B6CA0458B5}.Debug|ARM.Build.0 = Debug|ARM
		{08DF710F-4422-48EF-A43A-39B6CA0458B5}.Debug|ARM.Deploy.0 = Debug|ARM
		{08DF710F-4422-48EF-A43A-39B6CA0458B5}.Debug|iPhone.ActiveCfg = Debug|x86
		{08DF710F-4422-48EF-A43A-39B6CA0458B5}.Debug|iPhoneSimulator.ActiveCfg = Debug|x86
		{08DF710F-4422-48EF-A43A-39B6CA0458B5}.Debug|x64.ActiveCfg = Debug|x64
		{08DF710F-4422-48EF-A43A-39B6CA0458B5}.Debug|x64.Build.0 = Debug|x64
		{08DF710F-4422-48EF-A43A-39B6CA0458B5}.Debug|x64.Deploy.0 = Debug|x64
		{08DF710F-4422-48EF-A43A-39B6CA0458B5}.Debug|x86.ActiveCfg = Debug|x86
		{08DF710F-4422-48EF-A43A-39B6CA0458B5}.Debug|x86.Build.0 = Debug|x86
		{08DF710F-4422-48EF-A43A-39B6CA0458B5}.Debug|x86.Deploy.0 = Debug|x86
		{08DF710F-4422-48EF-A43A-39B6CA0458B5}.Release|Any CPU.ActiveCfg = Release|x86
		{08DF710F-4422-48EF-A43A-39B6CA0458B5}.Release|ARM.ActiveCfg = Release|ARM
		{08DF710F-4422-48EF-A43A-39B6CA0458B5}.Release|ARM.Build.0 = Release|ARM
		{08DF710F-4422-48EF-A43A-39B6CA0458B5}.Release|ARM.Deploy.0 = Release|ARM
		{08DF710F-4422-48EF-A43A-39B6CA0458B5}.Release|iPhone.ActiveCfg = Release|x86
		{08DF710F-4422-48EF-A43A-39B6CA0458B5}.Release|iPhoneSimulator.ActiveCfg = Release|x86
		{08DF710F-4422-48EF-A43A-39B6CA0458B5}.Release|x64.ActiveCfg = Release|x64
		{08DF710F-4422-48EF-A43A-39B6CA0458B5}.Release|x64.Build.0 = Release|x64
		{08DF710F-4422-48EF-A43A-39B6CA0458B5}.Release|x64.Deploy.0 = Release|x64
		{08DF710F-4422-48EF-A43A-39B6CA0458B5}.Release|x86.ActiveCfg = Release|x86
		{08DF710F-4422-48EF-A43A-39B6CA0458B5}.Release|x86.Build.0 = Release|x86
		{08DF710F-4422-48EF-A43A-39B6CA0458B5}.Release|x86.Deploy.0 = Release|x86
		{B1B5BA61-7EB4-453F-809B-42419BC79682}.Ad-Hoc|Any CPU.ActiveCfg = Debug|Any CPU
		{B1B5BA61-7EB4-453F-809B-42419BC79682}.Ad-Hoc|Any CPU.Build.0 = Debug|Any CPU
		{B1B5BA61-7EB4-453F-809B-42419BC79682}.Ad-Hoc|ARM.ActiveCfg = Debug|Any CPU
		{B1B5BA61-7EB4-453F-809B-42419BC79682}.Ad-Hoc|ARM.Build.0 = Debug|Any CPU
		{B1B5BA61-7EB4-453F-809B-42419BC79682}.Ad-Hoc|iPhone.ActiveCfg = Debug|Any CPU
		{B1B5BA61-7EB4-453F-809B-42419BC79682}.Ad-Hoc|iPhone.Build.0 = Debug|Any CPU
		{B1B5BA61-7EB4-453F-809B-42419BC79682}.Ad-Hoc|iPhoneSimulator.ActiveCfg = Debug|Any CPU
		{B1B5BA61-7EB4-453F-809B-42419BC79682}.Ad-Hoc|iPhoneSimulator.Build.0 = Debug|Any CPU
		{B1B5BA61-7EB4-453F-809B-42419BC79682}.Ad-Hoc|x64.ActiveCfg = Debug|Any CPU
		{B1B5BA61-7EB4-453F-809B-42419BC79682}.Ad-Hoc|x64.Build.0 = Debug|Any CPU
		{B1B5BA61-7EB4-453F-809B-42419BC79682}.Ad-Hoc|x86.ActiveCfg = Debug|Any CPU
		{B1B5BA61-7EB4-453F-809B-42419BC79682}.Ad-Hoc|x86.Build.0 = Debug|Any CPU
		{B1B5BA61-7EB4-453F-809B-42419BC79682}.AppStore|Any CPU.ActiveCfg = Debug|Any CPU
		{B1B5BA61-7EB4-453F-809B-42419BC79682}.AppStore|Any CPU.Build.0 = Debug|Any CPU
		{B1B5BA61-7EB4-453F-809B-42419BC79682}.AppStore|ARM.ActiveCfg = Debug|Any CPU
		{B1B5BA61-7EB4-453F-809B-42419BC79682}.AppStore|ARM.Build.0 = Debug|Any CPU
		{B1B5BA61-7EB4-453F-809B-42419BC79682}.AppStore|iPhone.ActiveCfg = Debug|Any CPU
		{B1B5BA61-7EB4-453F-809B-42419BC79682}.AppStore|iPhone.Build.0 = Debug|Any CPU
		{B1B5BA61-7EB4-453F-809B-42419BC79682}.AppStore|iPhoneSimulator.ActiveCfg = Debug|Any CPU
		{B1B5BA61-7EB4-453F-809B-42419BC79682}.AppStore|iPhoneSimulator.Build.0 = Debug|Any CPU
		{B1B5BA61-7EB4-453F-809B-42419BC79682}.AppStore|x64.ActiveCfg = Debug|Any CPU
		{B1B5BA61-7EB4-453F-809B-42419BC79682}.AppStore|x64.Build.0 = Debug|Any CPU
		{B1B5BA61-7EB4-453F-809B-42419BC79682}.AppStore|x86.ActiveCfg = Debug|Any CPU
		{B1B5BA61-7EB4-453F-809B-42419BC79682}.AppStore|x86.Build.0 = Debug|Any CPU
		{B1B5BA61-7EB4-453F-809B-42419BC79682}.Debug|Any CPU.ActiveCfg = Debug|Any CPU
		{B1B5BA61-7EB4-453F-809B-42419BC79682}.Debug|Any CPU.Build.0 = Debug|Any CPU
		{B1B5BA61-7EB4-453F-809B-42419BC79682}.Debug|ARM.ActiveCfg = Debug|Any CPU
		{B1B5BA61-7EB4-453F-809B-42419BC79682}.Debug|ARM.Build.0 = Debug|Any CPU
		{B1B5BA61-7EB4-453F-809B-42419BC79682}.Debug|iPhone.ActiveCfg = Debug|Any CPU
		{B1B5BA61-7EB4-453F-809B-42419BC79682}.Debug|iPhone.Build.0 = Debug|Any CPU
		{B1B5BA61-7EB4-453F-809B-42419BC79682}.Debug|iPhoneSimulator.ActiveCfg = Debug|Any CPU
		{B1B5BA61-7EB4-453F-809B-42419BC79682}.Debug|iPhoneSimulator.Build.0 = Debug|Any CPU
		{B1B5BA61-7EB4-453F-809B-42419BC79682}.Debug|x64.ActiveCfg = Debug|Any CPU
		{B1B5BA61-7EB4-453F-809B-42419BC79682}.Debug|x64.Build.0 = Debug|Any CPU
		{B1B5BA61-7EB4-453F-809B-42419BC79682}.Debug|x86.ActiveCfg = Debug|Any CPU
		{B1B5BA61-7EB4-453F-809B-42419BC79682}.Debug|x86.Build.0 = Debug|Any CPU
		{B1B5BA61-7EB4-453F-809B-42419BC79682}.Release|Any CPU.ActiveCfg = Release|Any CPU
		{B1B5BA61-7EB4-453F-809B-42419BC79682}.Release|Any CPU.Build.0 = Release|Any CPU
		{B1B5BA61-7EB4-453F-809B-42419BC79682}.Release|ARM.ActiveCfg = Release|Any CPU
		{B1B5BA61-7EB4-453F-809B-42419BC79682}.Release|ARM.Build.0 = Release|Any CPU
		{B1B5BA61-7EB4-453F-809B-42419BC79682}.Release|iPhone.ActiveCfg = Release|Any CPU
		{B1B5BA61-7EB4-453F-809B-42419BC79682}.Release|iPhone.Build.0 = Release|Any CPU
		{B1B5BA61-7EB4-453F-809B-42419BC79682}.Release|iPhoneSimulator.ActiveCfg = Release|Any CPU
		{B1B5BA61-7EB4-453F-809B-42419BC79682}.Release|iPhoneSimulator.Build.0 = Release|Any CPU
		{B1B5BA61-7EB4-453F-809B-42419BC79682}.Release|x64.ActiveCfg = Release|Any CPU
		{B1B5BA61-7EB4-453F-809B-42419BC79682}.Release|x64.Build.0 = Release|Any CPU
		{B1B5BA61-7EB4-453F-809B-42419BC79682}.Release|x86.ActiveCfg = Release|Any CPU
		{B1B5BA61-7EB4-453F-809B-42419BC79682}.Release|x86.Build.0 = Release|Any CPU
	EndGlobalSection
	GlobalSection(SolutionProperties) = preSolution
		HideSolutionNode = FALSE
	EndGlobalSection
	GlobalSection(ExtensibilityGlobals) = postSolution
		SolutionGuid = {0FE4F4ED-44C9-4F6F-9D6E-B81FCCB2031C}
	EndGlobalSection
EndGlobal
