
Microsoft Visual Studio Solution File, Format Version 12.00
# Visual Studio 15
VisualStudioVersion = 15.0.27428.2037
MinimumVisualStudioVersion = 10.0.40219.1
Project("{FAE04EC0-301F-11D3-BF4B-00C04F79EFBC}") = "TranslationSample.Android", "TranslationSample\TranslationSample.Android\TranslationSample.Android.csproj", "{D24E420F-04D8-48EB-9C4E-34DEF5D37D0F}"
EndProject
Project("{FAE04EC0-301F-11D3-BF4B-00C04F79EFBC}") = "TranslationSample.iOS", "TranslationSample\TranslationSample.iOS\TranslationSample.iOS.csproj", "{07859F62-DD39-44D0-B40C-A488B7774E78}"
EndProject
Project("{FAE04EC0-301F-11D3-BF4B-00C04F79EFBC}") = "TranslationSample.UWP", "TranslationSample\TranslationSample.UWP\TranslationSample.UWP.csproj", "{7BBB66C0-E8E2-4704-9D4A-E55056719110}"
EndProject
Project("{FAE04EC0-301F-11D3-BF4B-00C04F79EFBC}") = "TranslationSample", "TranslationSample\TranslationSample\TranslationSample.csproj", "{D5CF6FE8-1F95-4F7F-8AA8-048239F41AE3}"
EndProject
Global
	GlobalSection(SolutionConfigurationPlatforms) = preSolution
		Ad-Hoc|Any CPU = Ad-Hoc|Any CPU
		Ad-Hoc|ARM = Ad-Hoc|ARM
		Ad-Hoc|iPhone = Ad-Hoc|iPhone
		Ad-Hoc|iPhoneSimulator = Ad-Hoc|iPhoneSimulator
		Ad-Hoc|x64 = Ad-Hoc|x64
		Ad-Hoc|x86 = Ad-Hoc|x86
		AppStore|Any CPU = AppStore|Any CPU
		AppStore|ARM = AppStore|ARM
		AppStore|iPhone = AppStore|iPhone
		AppStore|iPhoneSimulator = AppStore|iPhoneSimulator
		AppStore|x64 = AppStore|x64
		AppStore|x86 = AppStore|x86
		Debug|Any CPU = Debug|Any CPU
		Debug|ARM = Debug|ARM
		Debug|iPhone = Debug|iPhone
		Debug|iPhoneSimulator = Debug|iPhoneSimulator
		Debug|x64 = Debug|x64
		Debug|x86 = Debug|x86
		Release|Any CPU = Release|Any CPU
		Release|ARM = Release|ARM
		Release|iPhone = Release|iPhone
		Release|iPhoneSimulator = Release|iPhoneSimulator
		Release|x64 = Release|x64
		Release|x86 = Release|x86
	EndGlobalSection
	GlobalSection(ProjectConfigurationPlatforms) = postSolution
		{D24E420F-04D8-48EB-9C4E-34DEF5D37D0F}.Ad-Hoc|Any CPU.ActiveCfg = Release|Any CPU
		{D24E420F-04D8-48EB-9C4E-34DEF5D37D0F}.Ad-Hoc|Any CPU.Build.0 = Release|Any CPU
		{D24E420F-04D8-48EB-9C4E-34DEF5D37D0F}.Ad-Hoc|Any CPU.Deploy.0 = Release|Any CPU
		{D24E420F-04D8-48EB-9C4E-34DEF5D37D0F}.Ad-Hoc|ARM.ActiveCfg = Release|Any CPU
		{D24E420F-04D8-48EB-9C4E-34DEF5D37D0F}.Ad-Hoc|ARM.Build.0 = Release|Any CPU
		{D24E420F-04D8-48EB-9C4E-34DEF5D37D0F}.Ad-Hoc|ARM.Deploy.0 = Release|Any CPU
		{D24E420F-04D8-48EB-9C4E-34DEF5D37D0F}.Ad-Hoc|iPhone.ActiveCfg = Release|Any CPU
		{D24E420F-04D8-48EB-9C4E-34DEF5D37D0F}.Ad-Hoc|iPhone.Build.0 = Release|Any CPU
		{D24E420F-04D8-48EB-9C4E-34DEF5D37D0F}.Ad-Hoc|iPhone.Deploy.0 = Release|Any CPU
		{D24E420F-04D8-48EB-9C4E-34DEF5D37D0F}.Ad-Hoc|iPhoneSimulator.ActiveCfg = Release|Any CPU
		{D24E420F-04D8-48EB-9C4E-34DEF5D37D0F}.Ad-Hoc|iPhoneSimulator.Build.0 = Release|Any CPU
		{D24E420F-04D8-48EB-9C4E-34DEF5D37D0F}.Ad-Hoc|iPhoneSimulator.Deploy.0 = Release|Any CPU
		{D24E420F-04D8-48EB-9C4E-34DEF5D37D0F}.Ad-Hoc|x64.ActiveCfg = Release|Any CPU
		{D24E420F-04D8-48EB-9C4E-34DEF5D37D0F}.Ad-Hoc|x64.Build.0 = Release|Any CPU
		{D24E420F-04D8-48EB-9C4E-34DEF5D37D0F}.Ad-Hoc|x64.Deploy.0 = Release|Any CPU
		{D24E420F-04D8-48EB-9C4E-34DEF5D37D0F}.Ad-Hoc|x86.ActiveCfg = Release|Any CPU
		{D24E420F-04D8-48EB-9C4E-34DEF5D37D0F}.Ad-Hoc|x86.Build.0 = Release|Any CPU
		{D24E420F-04D8-48EB-9C4E-34DEF5D37D0F}.Ad-Hoc|x86.Deploy.0 = Release|Any CPU
		{D24E420F-04D8-48EB-9C4E-34DEF5D37D0F}.AppStore|Any CPU.ActiveCfg = Release|Any CPU
		{D24E420F-04D8-48EB-9C4E-34DEF5D37D0F}.AppStore|Any CPU.Build.0 = Release|Any CPU
		{D24E420F-04D8-48EB-9C4E-34DEF5D37D0F}.AppStore|Any CPU.Deploy.0 = Release|Any CPU
		{D24E420F-04D8-48EB-9C4E-34DEF5D37D0F}.AppStore|ARM.ActiveCfg = Release|Any CPU
		{D24E420F-04D8-48EB-9C4E-34DEF5D37D0F}.AppStore|ARM.Build.0 = Release|Any CPU
		{D24E420F-04D8-48EB-9C4E-34DEF5D37D0F}.AppStore|ARM.Deploy.0 = Release|Any CPU
		{D24E420F-04D8-48EB-9C4E-34DEF5D37D0F}.AppStore|iPhone.ActiveCfg = Release|Any CPU
		{D24E420F-04D8-48EB-9C4E-34DEF5D37D0F}.AppStore|iPhone.Build.0 = Release|Any CPU
		{D24E420F-04D8-48EB-9C4E-34DEF5D37D0F}.AppStore|iPhone.Deploy.0 = Release|Any CPU
		{D24E420F-04D8-48EB-9C4E-34DEF5D37D0F}.AppStore|iPhoneSimulator.ActiveCfg = Release|Any CPU
		{D24E420F-04D8-48EB-9C4E-34DEF5D37D0F}.AppStore|iPhoneSimulator.Build.0 = Release|Any CPU
		{D24E420F-04D8-48EB-9C4E-34DEF5D37D0F}.AppStore|iPhoneSimulator.Deploy.0 = Release|Any CPU
		{D24E420F-04D8-48EB-9C4E-34DEF5D37D0F}.AppStore|x64.ActiveCfg = Release|Any CPU
		{D24E420F-04D8-48EB-9C4E-34DEF5D37D0F}.AppStore|x64.Build.0 = Release|Any CPU
		{D24E420F-04D8-48EB-9C4E-34DEF5D37D0F}.AppStore|x64.Deploy.0 = Release|Any CPU
		{D24E420F-04D8-48EB-9C4E-34DEF5D37D0F}.AppStore|x86.ActiveCfg = Release|Any CPU
		{D24E420F-04D8-48EB-9C4E-34DEF5D37D0F}.AppStore|x86.Build.0 = Release|Any CPU
		{D24E420F-04D8-48EB-9C4E-34DEF5D37D0F}.AppStore|x86.Deploy.0 = Release|Any CPU
		{D24E420F-04D8-48EB-9C4E-34DEF5D37D0F}.Debug|Any CPU.ActiveCfg = Debug|Any CPU
		{D24E420F-04D8-48EB-9C4E-34DEF5D37D0F}.Debug|Any CPU.Build.0 = Debug|Any CPU
		{D24E420F-04D8-48EB-9C4E-34DEF5D37D0F}.Debug|Any CPU.Deploy.0 = Debug|Any CPU
		{D24E420F-04D8-48EB-9C4E-34DEF5D37D0F}.Debug|ARM.ActiveCfg = Debug|Any CPU
		{D24E420F-04D8-48EB-9C4E-34DEF5D37D0F}.Debug|ARM.Build.0 = Debug|Any CPU
		{D24E420F-04D8-48EB-9C4E-34DEF5D37D0F}.Debug|ARM.Deploy.0 = Debug|Any CPU
		{D24E420F-04D8-48EB-9C4E-34DEF5D37D0F}.Debug|iPhone.ActiveCfg = Debug|Any CPU
		{D24E420F-04D8-48EB-9C4E-34DEF5D37D0F}.Debug|iPhone.Build.0 = Debug|Any CPU
		{D24E420F-04D8-48EB-9C4E-34DEF5D37D0F}.Debug|iPhone.Deploy.0 = Debug|Any CPU
		{D24E420F-04D8-48EB-9C4E-34DEF5D37D0F}.Debug|iPhoneSimulator.ActiveCfg = Debug|Any CPU
		{D24E420F-04D8-48EB-9C4E-34DEF5D37D0F}.Debug|iPhoneSimulator.Build.0 = Debug|Any CPU
		{D24E420F-04D8-48EB-9C4E-34DEF5D37D0F}.Debug|iPhoneSimulator.Deploy.0 = Debug|Any CPU
		{D24E420F-04D8-48EB-9C4E-34DEF5D37D0F}.Debug|x64.ActiveCfg = Debug|Any CPU
		{D24E420F-04D8-48EB-9C4E-34DEF5D37D0F}.Debug|x64.Build.0 = Debug|Any CPU
		{D24E420F-04D8-48EB-9C4E-34DEF5D37D0F}.Debug|x64.Deploy.0 = Debug|Any CPU
		{D24E420F-04D8-48EB-9C4E-34DEF5D37D0F}.Debug|x86.ActiveCfg = Debug|Any CPU
		{D24E420F-04D8-48EB-9C4E-34DEF5D37D0F}.Debug|x86.Build.0 = Debug|Any CPU
		{D24E420F-04D8-48EB-9C4E-34DEF5D37D0F}.Debug|x86.Deploy.0 = Debug|Any CPU
		{D24E420F-04D8-48EB-9C4E-34DEF5D37D0F}.Release|Any CPU.ActiveCfg = Release|Any CPU
		{D24E420F-04D8-48EB-9C4E-34DEF5D37D0F}.Release|Any CPU.Build.0 = Release|Any CPU
		{D24E420F-04D8-48EB-9C4E-34DEF5D37D0F}.Release|Any CPU.Deploy.0 = Release|Any CPU
		{D24E420F-04D8-48EB-9C4E-34DEF5D37D0F}.Release|ARM.ActiveCfg = Release|Any CPU
		{D24E420F-04D8-48EB-9C4E-34DEF5D37D0F}.Release|ARM.Build.0 = Release|Any CPU
		{D24E420F-04D8-48EB-9C4E-34DEF5D37D0F}.Release|ARM.Deploy.0 = Release|Any CPU
		{D24E420F-04D8-48EB-9C4E-34DEF5D37D0F}.Release|iPhone.ActiveCfg = Release|Any CPU
		{D24E420F-04D8-48EB-9C4E-34DEF5D37D0F}.Release|iPhone.Build.0 = Release|Any CPU
		{D24E420F-04D8-48EB-9C4E-34DEF5D37D0F}.Release|iPhone.Deploy.0 = Release|Any CPU
		{D24E420F-04D8-48EB-9C4E-34DEF5D37D0F}.Release|iPhoneSimulator.ActiveCfg = Release|Any CPU
		{D24E420F-04D8-48EB-9C4E-34DEF5D37D0F}.Release|iPhoneSimulator.Build.0 = Release|Any CPU
		{D24E420F-04D8-48EB-9C4E-34DEF5D37D0F}.Release|iPhoneSimulator.Deploy.0 = Release|Any CPU
		{D24E420F-04D8-48EB-9C4E-34DEF5D37D0F}.Release|x64.ActiveCfg = Release|Any CPU
		{D24E420F-04D8-48EB-9C4E-34DEF5D37D0F}.Release|x64.Build.0 = Release|Any CPU
		{D24E420F-04D8-48EB-9C4E-34DEF5D37D0F}.Release|x64.Deploy.0 = Release|Any CPU
		{D24E420F-04D8-48EB-9C4E-34DEF5D37D0F}.Release|x86.ActiveCfg = Release|Any CPU
		{D24E420F-04D8-48EB-9C4E-34DEF5D37D0F}.Release|x86.Build.0 = Release|Any CPU
		{D24E420F-04D8-48EB-9C4E-34DEF5D37D0F}.Release|x86.Deploy.0 = Release|Any CPU
		{07859F62-DD39-44D0-B40C-A488B7774E78}.Ad-Hoc|Any CPU.ActiveCfg = Ad-Hoc|iPhone
		{07859F62-DD39-44D0-B40C-A488B7774E78}.Ad-Hoc|ARM.ActiveCfg = Ad-Hoc|iPhone
		{07859F62-DD39-44D0-B40C-A488B7774E78}.Ad-Hoc|iPhone.ActiveCfg = Ad-Hoc|iPhone
		{07859F62-DD39-44D0-B40C-A488B7774E78}.Ad-Hoc|iPhone.Build.0 = Ad-Hoc|iPhone
		{07859F62-DD39-44D0-B40C-A488B7774E78}.Ad-Hoc|iPhoneSimulator.ActiveCfg = Ad-Hoc|iPhoneSimulator
		{07859F62-DD39-44D0-B40C-A488B7774E78}.Ad-Hoc|iPhoneSimulator.Build.0 = Ad-Hoc|iPhoneSimulator
		{07859F62-DD39-44D0-B40C-A488B7774E78}.Ad-Hoc|x64.ActiveCfg = Ad-Hoc|iPhone
		{07859F62-DD39-44D0-B40C-A488B7774E78}.Ad-Hoc|x86.ActiveCfg = Ad-Hoc|iPhone
		{07859F62-DD39-44D0-B40C-A488B7774E78}.AppStore|Any CPU.ActiveCfg = AppStore|iPhone
		{07859F62-DD39-44D0-B40C-A488B7774E78}.AppStore|ARM.ActiveCfg = AppStore|iPhone
		{07859F62-DD39-44D0-B40C-A488B7774E78}.AppStore|iPhone.ActiveCfg = AppStore|iPhone
		{07859F62-DD39-44D0-B40C-A488B7774E78}.AppStore|iPhone.Build.0 = AppStore|iPhone
		{07859F62-DD39-44D0-B40C-A488B7774E78}.AppStore|iPhoneSimulator.ActiveCfg = AppStore|iPhoneSimulator
		{07859F62-DD39-44D0-B40C-A488B7774E78}.AppStore|iPhoneSimulator.Build.0 = AppStore|iPhoneSimulator
		{07859F62-DD39-44D0-B40C-A488B7774E78}.AppStore|x64.ActiveCfg = AppStore|iPhone
		{07859F62-DD39-44D0-B40C-A488B7774E78}.AppStore|x86.ActiveCfg = AppStore|iPhone
		{07859F62-DD39-44D0-B40C-A488B7774E78}.Debug|Any CPU.ActiveCfg = Debug|iPhone
		{07859F62-DD39-44D0-B40C-A488B7774E78}.Debug|ARM.ActiveCfg = Debug|iPhone
		{07859F62-DD39-44D0-B40C-A488B7774E78}.Debug|iPhone.ActiveCfg = Debug|iPhone
		{07859F62-DD39-44D0-B40C-A488B7774E78}.Debug|iPhone.Build.0 = Debug|iPhone
		{07859F62-DD39-44D0-B40C-A488B7774E78}.Debug|iPhoneSimulator.ActiveCfg = Debug|iPhoneSimulator
		{07859F62-DD39-44D0-B40C-A488B7774E78}.Debug|iPhoneSimulator.Build.0 = Debug|iPhoneSimulator
		{07859F62-DD39-44D0-B40C-A488B7774E78}.Debug|x64.ActiveCfg = Debug|iPhone
		{07859F62-DD39-44D0-B40C-A488B7774E78}.Debug|x86.ActiveCfg = Debug|iPhone
		{07859F62-DD39-44D0-B40C-A488B7774E78}.Release|Any CPU.ActiveCfg = Release|iPhone
		{07859F62-DD39-44D0-B40C-A488B7774E78}.Release|ARM.ActiveCfg = Release|iPhone
		{07859F62-DD39-44D0-B40C-A488B7774E78}.Release|iPhone.ActiveCfg = Release|iPhone
		{07859F62-DD39-44D0-B40C-A488B7774E78}.Release|iPhone.Build.0 = Release|iPhone
		{07859F62-DD39-44D0-B40C-A488B7774E78}.Release|iPhoneSimulator.ActiveCfg = Release|iPhoneSimulator
		{07859F62-DD39-44D0-B40C-A488B7774E78}.Release|iPhoneSimulator.Build.0 = Release|iPhoneSimulator
		{07859F62-DD39-44D0-B40C-A488B7774E78}.Release|x64.ActiveCfg = Release|iPhone
		{07859F62-DD39-44D0-B40C-A488B7774E78}.Release|x86.ActiveCfg = Release|iPhone
		{7BBB66C0-E8E2-4704-9D4A-E55056719110}.Ad-Hoc|Any CPU.ActiveCfg = Release|x86
		{7BBB66C0-E8E2-4704-9D4A-E55056719110}.Ad-Hoc|Any CPU.Build.0 = Release|x86
		{7BBB66C0-E8E2-4704-9D4A-E55056719110}.Ad-Hoc|Any CPU.Deploy.0 = Release|x86
		{7BBB66C0-E8E2-4704-9D4A-E55056719110}.Ad-Hoc|ARM.ActiveCfg = Release|ARM
		{7BBB66C0-E8E2-4704-9D4A-E55056719110}.Ad-Hoc|ARM.Build.0 = Release|ARM
		{7BBB66C0-E8E2-4704-9D4A-E55056719110}.Ad-Hoc|ARM.Deploy.0 = Release|ARM
		{7BBB66C0-E8E2-4704-9D4A-E55056719110}.Ad-Hoc|iPhone.ActiveCfg = Release|x86
		{7BBB66C0-E8E2-4704-9D4A-E55056719110}.Ad-Hoc|iPhone.Build.0 = Release|x86
		{7BBB66C0-E8E2-4704-9D4A-E55056719110}.Ad-Hoc|iPhone.Deploy.0 = Release|x86
		{7BBB66C0-E8E2-4704-9D4A-E55056719110}.Ad-Hoc|iPhoneSimulator.ActiveCfg = Release|x86
		{7BBB66C0-E8E2-4704-9D4A-E55056719110}.Ad-Hoc|iPhoneSimulator.Build.0 = Release|x86
		{7BBB66C0-E8E2-4704-9D4A-E55056719110}.Ad-Hoc|iPhoneSimulator.Deploy.0 = Release|x86
		{7BBB66C0-E8E2-4704-9D4A-E55056719110}.Ad-Hoc|x64.ActiveCfg = Release|x64
		{7BBB66C0-E8E2-4704-9D4A-E55056719110}.Ad-Hoc|x64.Build.0 = Release|x64
		{7BBB66C0-E8E2-4704-9D4A-E55056719110}.Ad-Hoc|x64.Deploy.0 = Release|x64
		{7BBB66C0-E8E2-4704-9D4A-E55056719110}.Ad-Hoc|x86.ActiveCfg = Release|x86
		{7BBB66C0-E8E2-4704-9D4A-E55056719110}.Ad-Hoc|x86.Build.0 = Release|x86
		{7BBB66C0-E8E2-4704-9D4A-E55056719110}.Ad-Hoc|x86.Deploy.0 = Release|x86
		{7BBB66C0-E8E2-4704-9D4A-E55056719110}.AppStore|Any CPU.ActiveCfg = Release|x86
		{7BBB66C0-E8E2-4704-9D4A-E55056719110}.AppStore|Any CPU.Build.0 = Release|x86
		{7BBB66C0-E8E2-4704-9D4A-E55056719110}.AppStore|Any CPU.Deploy.0 = Release|x86
		{7BBB66C0-E8E2-4704-9D4A-E55056719110}.AppStore|ARM.ActiveCfg = Release|ARM
		{7BBB66C0-E8E2-4704-9D4A-E55056719110}.AppStore|ARM.Build.0 = Release|ARM
		{7BBB66C0-E8E2-4704-9D4A-E55056719110}.AppStore|ARM.Deploy.0 = Release|ARM
		{7BBB66C0-E8E2-4704-9D4A-E55056719110}.AppStore|iPhone.ActiveCfg = Release|x86
		{7BBB66C0-E8E2-4704-9D4A-E55056719110}.AppStore|iPhone.Build.0 = Release|x86
		{7BBB66C0-E8E2-4704-9D4A-E55056719110}.AppStore|iPhone.Deploy.0 = Release|x86
		{7BBB66C0-E8E2-4704-9D4A-E55056719110}.AppStore|iPhoneSimulator.ActiveCfg = Release|x86
		{7BBB66C0-E8E2-4704-9D4A-E55056719110}.AppStore|iPhoneSimulator.Build.0 = Release|x86
		{7BBB66C0-E8E2-4704-9D4A-E55056719110}.AppStore|iPhoneSimulator.Deploy.0 = Release|x86
		{7BBB66C0-E8E2-4704-9D4A-E55056719110}.AppStore|x64.ActiveCfg = Release|x64
		{7BBB66C0-E8E2-4704-9D4A-E55056719110}.AppStore|x64.Build.0 = Release|x64
		{7BBB66C0-E8E2-4704-9D4A-E55056719110}.AppStore|x64.Deploy.0 = Release|x64
		{7BBB66C0-E8E2-4704-9D4A-E55056719110}.AppStore|x86.ActiveCfg = Release|x86
		{7BBB66C0-E8E2-4704-9D4A-E55056719110}.AppStore|x86.Build.0 = Release|x86
		{7BBB66C0-E8E2-4704-9D4A-E55056719110}.AppStore|x86.Deploy.0 = Release|x86
		{7BBB66C0-E8E2-4704-9D4A-E55056719110}.Debug|Any CPU.ActiveCfg = Debug|x86
		{7BBB66C0-E8E2-4704-9D4A-E55056719110}.Debug|ARM.ActiveCfg = Debug|ARM
		{7BBB66C0-E8E2-4704-9D4A-E55056719110}.Debug|ARM.Build.0 = Debug|ARM
		{7BBB66C0-E8E2-4704-9D4A-E55056719110}.Debug|ARM.Deploy.0 = Debug|ARM
		{7BBB66C0-E8E2-4704-9D4A-E55056719110}.Debug|iPhone.ActiveCfg = Debug|x86
		{7BBB66C0-E8E2-4704-9D4A-E55056719110}.Debug|iPhoneSimulator.ActiveCfg = Debug|x86
		{7BBB66C0-E8E2-4704-9D4A-E55056719110}.Debug|x64.ActiveCfg = Debug|x64
		{7BBB66C0-E8E2-4704-9D4A-E55056719110}.Debug|x64.Build.0 = Debug|x64
		{7BBB66C0-E8E2-4704-9D4A-E55056719110}.Debug|x64.Deploy.0 = Debug|x64
		{7BBB66C0-E8E2-4704-9D4A-E55056719110}.Debug|x86.ActiveCfg = Debug|x86
		{7BBB66C0-E8E2-4704-9D4A-E55056719110}.Debug|x86.Build.0 = Debug|x86
		{7BBB66C0-E8E2-4704-9D4A-E55056719110}.Debug|x86.Deploy.0 = Debug|x86
		{7BBB66C0-E8E2-4704-9D4A-E55056719110}.Release|Any CPU.ActiveCfg = Release|x86
		{7BBB66C0-E8E2-4704-9D4A-E55056719110}.Release|ARM.ActiveCfg = Release|ARM
		{7BBB66C0-E8E2-4704-9D4A-E55056719110}.Release|ARM.Build.0 = Release|ARM
		{7BBB66C0-E8E2-4704-9D4A-E55056719110}.Release|ARM.Deploy.0 = Release|ARM
		{7BBB66C0-E8E2-4704-9D4A-E55056719110}.Release|iPhone.ActiveCfg = Release|x86
		{7BBB66C0-E8E2-4704-9D4A-E55056719110}.Release|iPhoneSimulator.ActiveCfg = Release|x86
		{7BBB66C0-E8E2-4704-9D4A-E55056719110}.Release|x64.ActiveCfg = Release|x64
		{7BBB66C0-E8E2-4704-9D4A-E55056719110}.Release|x64.Build.0 = Release|x64
		{7BBB66C0-E8E2-4704-9D4A-E55056719110}.Release|x64.Deploy.0 = Release|x64
		{7BBB66C0-E8E2-4704-9D4A-E55056719110}.Release|x86.ActiveCfg = Release|x86
		{7BBB66C0-E8E2-4704-9D4A-E55056719110}.Release|x86.Build.0 = Release|x86
		{7BBB66C0-E8E2-4704-9D4A-E55056719110}.Release|x86.Deploy.0 = Release|x86
		{D5CF6FE8-1F95-4F7F-8AA8-048239F41AE3}.Ad-Hoc|Any CPU.ActiveCfg = Debug|Any CPU
		{D5CF6FE8-1F95-4F7F-8AA8-048239F41AE3}.Ad-Hoc|Any CPU.Build.0 = Debug|Any CPU
		{D5CF6FE8-1F95-4F7F-8AA8-048239F41AE3}.Ad-Hoc|ARM.ActiveCfg = Debug|Any CPU
		{D5CF6FE8-1F95-4F7F-8AA8-048239F41AE3}.Ad-Hoc|ARM.Build.0 = Debug|Any CPU
		{D5CF6FE8-1F95-4F7F-8AA8-048239F41AE3}.Ad-Hoc|iPhone.ActiveCfg = Debug|Any CPU
		{D5CF6FE8-1F95-4F7F-8AA8-048239F41AE3}.Ad-Hoc|iPhone.Build.0 = Debug|Any CPU
		{D5CF6FE8-1F95-4F7F-8AA8-048239F41AE3}.Ad-Hoc|iPhoneSimulator.ActiveCfg = Debug|Any CPU
		{D5CF6FE8-1F95-4F7F-8AA8-048239F41AE3}.Ad-Hoc|iPhoneSimulator.Build.0 = Debug|Any CPU
		{D5CF6FE8-1F95-4F7F-8AA8-048239F41AE3}.Ad-Hoc|x64.ActiveCfg = Debug|Any CPU
		{D5CF6FE8-1F95-4F7F-8AA8-048239F41AE3}.Ad-Hoc|x64.Build.0 = Debug|Any CPU
		{D5CF6FE8-1F95-4F7F-8AA8-048239F41AE3}.Ad-Hoc|x86.ActiveCfg = Debug|Any CPU
		{D5CF6FE8-1F95-4F7F-8AA8-048239F41AE3}.Ad-Hoc|x86.Build.0 = Debug|Any CPU
		{D5CF6FE8-1F95-4F7F-8AA8-048239F41AE3}.AppStore|Any CPU.ActiveCfg = Debug|Any CPU
		{D5CF6FE8-1F95-4F7F-8AA8-048239F41AE3}.AppStore|Any CPU.Build.0 = Debug|Any CPU
		{D5CF6FE8-1F95-4F7F-8AA8-048239F41AE3}.AppStore|ARM.ActiveCfg = Debug|Any CPU
		{D5CF6FE8-1F95-4F7F-8AA8-048239F41AE3}.AppStore|ARM.Build.0 = Debug|Any CPU
		{D5CF6FE8-1F95-4F7F-8AA8-048239F41AE3}.AppStore|iPhone.ActiveCfg = Debug|Any CPU
		{D5CF6FE8-1F95-4F7F-8AA8-048239F41AE3}.AppStore|iPhone.Build.0 = Debug|Any CPU
		{D5CF6FE8-1F95-4F7F-8AA8-048239F41AE3}.AppStore|iPhoneSimulator.ActiveCfg = Debug|Any CPU
		{D5CF6FE8-1F95-4F7F-8AA8-048239F41AE3}.AppStore|iPhoneSimulator.Build.0 = Debug|Any CPU
		{D5CF6FE8-1F95-4F7F-8AA8-048239F41AE3}.AppStore|x64.ActiveCfg = Debug|Any CPU
		{D5CF6FE8-1F95-4F7F-8AA8-048239F41AE3}.AppStore|x64.Build.0 = Debug|Any CPU
		{D5CF6FE8-1F95-4F7F-8AA8-048239F41AE3}.AppStore|x86.ActiveCfg = Debug|Any CPU
		{D5CF6FE8-1F95-4F7F-8AA8-048239F41AE3}.AppStore|x86.Build.0 = Debug|Any CPU
		{D5CF6FE8-1F95-4F7F-8AA8-048239F41AE3}.Debug|Any CPU.ActiveCfg = Debug|Any CPU
		{D5CF6FE8-1F95-4F7F-8AA8-048239F41AE3}.Debug|Any CPU.Build.0 = Debug|Any CPU
		{D5CF6FE8-1F95-4F7F-8AA8-048239F41AE3}.Debug|ARM.ActiveCfg = Debug|Any CPU
		{D5CF6FE8-1F95-4F7F-8AA8-048239F41AE3}.Debug|ARM.Build.0 = Debug|Any CPU
		{D5CF6FE8-1F95-4F7F-8AA8-048239F41AE3}.Debug|iPhone.ActiveCfg = Debug|Any CPU
		{D5CF6FE8-1F95-4F7F-8AA8-048239F41AE3}.Debug|iPhone.Build.0 = Debug|Any CPU
		{D5CF6FE8-1F95-4F7F-8AA8-048239F41AE3}.Debug|iPhoneSimulator.ActiveCfg = Debug|Any CPU
		{D5CF6FE8-1F95-4F7F-8AA8-048239F41AE3}.Debug|iPhoneSimulator.Build.0 = Debug|Any CPU
		{D5CF6FE8-1F95-4F7F-8AA8-048239F41AE3}.Debug|x64.ActiveCfg = Debug|Any CPU
		{D5CF6FE8-1F95-4F7F-8AA8-048239F41AE3}.Debug|x64.Build.0 = Debug|Any CPU
		{D5CF6FE8-1F95-4F7F-8AA8-048239F41AE3}.Debug|x86.ActiveCfg = Debug|Any CPU
		{D5CF6FE8-1F95-4F7F-8AA8-048239F41AE3}.Debug|x86.Build.0 = Debug|Any CPU
		{D5CF6FE8-1F95-4F7F-8AA8-048239F41AE3}.Release|Any CPU.ActiveCfg = Release|Any CPU
		{D5CF6FE8-1F95-4F7F-8AA8-048239F41AE3}.Release|Any CPU.Build.0 = Release|Any CPU
		{D5CF6FE8-1F95-4F7F-8AA8-048239F41AE3}.Release|ARM.ActiveCfg = Release|Any CPU
		{D5CF6FE8-1F95-4F7F-8AA8-048239F41AE3}.Release|ARM.Build.0 = Release|Any CPU
		{D5CF6FE8-1F95-4F7F-8AA8-048239F41AE3}.Release|iPhone.ActiveCfg = Release|Any CPU
		{D5CF6FE8-1F95-4F7F-8AA8-048239F41AE3}.Release|iPhone.Build.0 = Release|Any CPU
		{D5CF6FE8-1F95-4F7F-8AA8-048239F41AE3}.Release|iPhoneSimulator.ActiveCfg = Release|Any CPU
		{D5CF6FE8-1F95-4F7F-8AA8-048239F41AE3}.Release|iPhoneSimulator.Build.0 = Release|Any CPU
		{D5CF6FE8-1F95-4F7F-8AA8-048239F41AE3}.Release|x64.ActiveCfg = Release|Any CPU
		{D5CF6FE8-1F95-4F7F-8AA8-048239F41AE3}.Release|x64.Build.0 = Release|Any CPU
		{D5CF6FE8-1F95-4F7F-8AA8-048239F41AE3}.Release|x86.ActiveCfg = Release|Any CPU
		{D5CF6FE8-1F95-4F7F-8AA8-048239F41AE3}.Release|x86.Build.0 = Release|Any CPU
	EndGlobalSection
	GlobalSection(SolutionProperties) = preSolution
		HideSolutionNode = FALSE
	EndGlobalSection
	GlobalSection(ExtensibilityGlobals) = postSolution
		SolutionGuid = {A667891C-182C-4DA4-BB1A-61ED57A6455B}
	EndGlobalSection
EndGlobal
