
Microsoft Visual Studio Solution File, Format Version 12.00
# Visual Studio 15
VisualStudioVersion = 15.0.27428.2037
MinimumVisualStudioVersion = 10.0.40219.1
Project("{FAE04EC0-301F-11D3-BF4B-00C04F79EFBC}") = "PlatformClassHierarchy.Android", "PlatformClassHierarchy\PlatformClassHierarchy.Android\PlatformClassHierarchy.Android.csproj", "{D1FF3279-DBAB-478E-875D-516EFFBD34CB}"
EndProject
Project("{FAE04EC0-301F-11D3-BF4B-00C04F79EFBC}") = "PlatformClassHierarchy.iOS", "PlatformClassHierarchy\PlatformClassHierarchy.iOS\PlatformClassHierarchy.iOS.csproj", "{D600FC2A-EF3A-44F8-9E46-D0DF5F6126F8}"
EndProject
Project("{FAE04EC0-301F-11D3-BF4B-00C04F79EFBC}") = "PlatformClassHierarchy.UWP", "PlatformClassHierarchy\PlatformClassHierarchy.UWP\PlatformClassHierarchy.UWP.csproj", "{8FA68154-18DF-4DE1-AF82-99A184391E05}"
EndProject
Project("{FAE04EC0-301F-11D3-BF4B-00C04F79EFBC}") = "PlatformClassHierarchy", "PlatformClassHierarchy\PlatformClassHierarchy\PlatformClassHierarchy.csproj", "{61E276D9-D619-434B-A079-8DBDF6EC6E87}"
EndProject
Global
	GlobalSection(SolutionConfigurationPlatforms) = preSolution
		Ad-Hoc|Any CPU = Ad-Hoc|Any CPU
		Ad-Hoc|ARM = Ad-Hoc|ARM
		Ad-Hoc|iPhone = Ad-Hoc|iPhone
		Ad-Hoc|iPhoneSimulator = Ad-Hoc|iPhoneSimulator
		Ad-Hoc|x64 = Ad-Hoc|x64
		Ad-Hoc|x86 = Ad-Hoc|x86
		AppStore|Any CPU = AppStore|Any CPU
		AppStore|ARM = AppStore|ARM
		AppStore|iPhone = AppStore|iPhone
		AppStore|iPhoneSimulator = AppStore|iPhoneSimulator
		AppStore|x64 = AppStore|x64
		AppStore|x86 = AppStore|x86
		Debug|Any CPU = Debug|Any CPU
		Debug|ARM = Debug|ARM
		Debug|iPhone = Debug|iPhone
		Debug|iPhoneSimulator = Debug|iPhoneSimulator
		Debug|x64 = Debug|x64
		Debug|x86 = Debug|x86
		Release|Any CPU = Release|Any CPU
		Release|ARM = Release|ARM
		Release|iPhone = Release|iPhone
		Release|iPhoneSimulator = Release|iPhoneSimulator
		Release|x64 = Release|x64
		Release|x86 = Release|x86
	EndGlobalSection
	GlobalSection(ProjectConfigurationPlatforms) = postSolution
		{D1FF3279-DBAB-478E-875D-516EFFBD34CB}.Ad-Hoc|Any CPU.ActiveCfg = Release|Any CPU
		{D1FF3279-DBAB-478E-875D-516EFFBD34CB}.Ad-Hoc|Any CPU.Build.0 = Release|Any CPU
		{D1FF3279-DBAB-478E-875D-516EFFBD34CB}.Ad-Hoc|Any CPU.Deploy.0 = Release|Any CPU
		{D1FF3279-DBAB-478E-875D-516EFFBD34CB}.Ad-Hoc|ARM.ActiveCfg = Release|Any CPU
		{D1FF3279-DBAB-478E-875D-516EFFBD34CB}.Ad-Hoc|ARM.Build.0 = Release|Any CPU
		{D1FF3279-DBAB-478E-875D-516EFFBD34CB}.Ad-Hoc|ARM.Deploy.0 = Release|Any CPU
		{D1FF3279-DBAB-478E-875D-516EFFBD34CB}.Ad-Hoc|iPhone.ActiveCfg = Release|Any CPU
		{D1FF3279-DBAB-478E-875D-516EFFBD34CB}.Ad-Hoc|iPhone.Build.0 = Release|Any CPU
		{D1FF3279-DBAB-478E-875D-516EFFBD34CB}.Ad-Hoc|iPhone.Deploy.0 = Release|Any CPU
		{D1FF3279-DBAB-478E-875D-516EFFBD34CB}.Ad-Hoc|iPhoneSimulator.ActiveCfg = Release|Any CPU
		{D1FF3279-DBAB-478E-875D-516EFFBD34CB}.Ad-Hoc|iPhoneSimulator.Build.0 = Release|Any CPU
		{D1FF3279-DBAB-478E-875D-516EFFBD34CB}.Ad-Hoc|iPhoneSimulator.Deploy.0 = Release|Any CPU
		{D1FF3279-DBAB-478E-875D-516EFFBD34CB}.Ad-Hoc|x64.ActiveCfg = Release|Any CPU
		{D1FF3279-DBAB-478E-875D-516EFFBD34CB}.Ad-Hoc|x64.Build.0 = Release|Any CPU
		{D1FF3279-DBAB-478E-875D-516EFFBD34CB}.Ad-Hoc|x64.Deploy.0 = Release|Any CPU
		{D1FF3279-DBAB-478E-875D-516EFFBD34CB}.Ad-Hoc|x86.ActiveCfg = Release|Any CPU
		{D1FF3279-DBAB-478E-875D-516EFFBD34CB}.Ad-Hoc|x86.Build.0 = Release|Any CPU
		{D1FF3279-DBAB-478E-875D-516EFFBD34CB}.Ad-Hoc|x86.Deploy.0 = Release|Any CPU
		{D1FF3279-DBAB-478E-875D-516EFFBD34CB}.AppStore|Any CPU.ActiveCfg = Release|Any CPU
		{D1FF3279-DBAB-478E-875D-516EFFBD34CB}.AppStore|Any CPU.Build.0 = Release|Any CPU
		{D1FF3279-DBAB-478E-875D-516EFFBD34CB}.AppStore|Any CPU.Deploy.0 = Release|Any CPU
		{D1FF3279-DBAB-478E-875D-516EFFBD34CB}.AppStore|ARM.ActiveCfg = Release|Any CPU
		{D1FF3279-DBAB-478E-875D-516EFFBD34CB}.AppStore|ARM.Build.0 = Release|Any CPU
		{D1FF3279-DBAB-478E-875D-516EFFBD34CB}.AppStore|ARM.Deploy.0 = Release|Any CPU
		{D1FF3279-DBAB-478E-875D-516EFFBD34CB}.AppStore|iPhone.ActiveCfg = Release|Any CPU
		{D1FF3279-DBAB-478E-875D-516EFFBD34CB}.AppStore|iPhone.Build.0 = Release|Any CPU
		{D1FF3279-DBAB-478E-875D-516EFFBD34CB}.AppStore|iPhone.Deploy.0 = Release|Any CPU
		{D1FF3279-DBAB-478E-875D-516EFFBD34CB}.AppStore|iPhoneSimulator.ActiveCfg = Release|Any CPU
		{D1FF3279-DBAB-478E-875D-516EFFBD34CB}.AppStore|iPhoneSimulator.Build.0 = Release|Any CPU
		{D1FF3279-DBAB-478E-875D-516EFFBD34CB}.AppStore|iPhoneSimulator.Deploy.0 = Release|Any CPU
		{D1FF3279-DBAB-478E-875D-516EFFBD34CB}.AppStore|x64.ActiveCfg = Release|Any CPU
		{D1FF3279-DBAB-478E-875D-516EFFBD34CB}.AppStore|x64.Build.0 = Release|Any CPU
		{D1FF3279-DBAB-478E-875D-516EFFBD34CB}.AppStore|x64.Deploy.0 = Release|Any CPU
		{D1FF3279-DBAB-478E-875D-516EFFBD34CB}.AppStore|x86.ActiveCfg = Release|Any CPU
		{D1FF3279-DBAB-478E-875D-516EFFBD34CB}.AppStore|x86.Build.0 = Release|Any CPU
		{D1FF3279-DBAB-478E-875D-516EFFBD34CB}.AppStore|x86.Deploy.0 = Release|Any CPU
		{D1FF3279-DBAB-478E-875D-516EFFBD34CB}.Debug|Any CPU.ActiveCfg = Debug|Any CPU
		{D1FF3279-DBAB-478E-875D-516EFFBD34CB}.Debug|Any CPU.Build.0 = Debug|Any CPU
		{D1FF3279-DBAB-478E-875D-516EFFBD34CB}.Debug|Any CPU.Deploy.0 = Debug|Any CPU
		{D1FF3279-DBAB-478E-875D-516EFFBD34CB}.Debug|ARM.ActiveCfg = Debug|Any CPU
		{D1FF3279-DBAB-478E-875D-516EFFBD34CB}.Debug|ARM.Build.0 = Debug|Any CPU
		{D1FF3279-DBAB-478E-875D-516EFFBD34CB}.Debug|ARM.Deploy.0 = Debug|Any CPU
		{D1FF3279-DBAB-478E-875D-516EFFBD34CB}.Debug|iPhone.ActiveCfg = Debug|Any CPU
		{D1FF3279-DBAB-478E-875D-516EFFBD34CB}.Debug|iPhone.Build.0 = Debug|Any CPU
		{D1FF3279-DBAB-478E-875D-516EFFBD34CB}.Debug|iPhone.Deploy.0 = Debug|Any CPU
		{D1FF3279-DBAB-478E-875D-516EFFBD34CB}.Debug|iPhoneSimulator.ActiveCfg = Debug|Any CPU
		{D1FF3279-DBAB-478E-875D-516EFFBD34CB}.Debug|iPhoneSimulator.Build.0 = Debug|Any CPU
		{D1FF3279-DBAB-478E-875D-516EFFBD34CB}.Debug|iPhoneSimulator.Deploy.0 = Debug|Any CPU
		{D1FF3279-DBAB-478E-875D-516EFFBD34CB}.Debug|x64.ActiveCfg = Debug|Any CPU
		{D1FF3279-DBAB-478E-875D-516EFFBD34CB}.Debug|x64.Build.0 = Debug|Any CPU
		{D1FF3279-DBAB-478E-875D-516EFFBD34CB}.Debug|x64.Deploy.0 = Debug|Any CPU
		{D1FF3279-DBAB-478E-875D-516EFFBD34CB}.Debug|x86.ActiveCfg = Debug|Any CPU
		{D1FF3279-DBAB-478E-875D-516EFFBD34CB}.Debug|x86.Build.0 = Debug|Any CPU
		{D1FF3279-DBAB-478E-875D-516EFFBD34CB}.Debug|x86.Deploy.0 = Debug|Any CPU
		{D1FF3279-DBAB-478E-875D-516EFFBD34CB}.Release|Any CPU.ActiveCfg = Release|Any CPU
		{D1FF3279-DBAB-478E-875D-516EFFBD34CB}.Release|Any CPU.Build.0 = Release|Any CPU
		{D1FF3279-DBAB-478E-875D-516EFFBD34CB}.Release|Any CPU.Deploy.0 = Release|Any CPU
		{D1FF3279-DBAB-478E-875D-516EFFBD34CB}.Release|ARM.ActiveCfg = Release|Any CPU
		{D1FF3279-DBAB-478E-875D-516EFFBD34CB}.Release|ARM.Build.0 = Release|Any CPU
		{D1FF3279-DBAB-478E-875D-516EFFBD34CB}.Release|ARM.Deploy.0 = Release|Any CPU
		{D1FF3279-DBAB-478E-875D-516EFFBD34CB}.Release|iPhone.ActiveCfg = Release|Any CPU
		{D1FF3279-DBAB-478E-875D-516EFFBD34CB}.Release|iPhone.Build.0 = Release|Any CPU
		{D1FF3279-DBAB-478E-875D-516EFFBD34CB}.Release|iPhone.Deploy.0 = Release|Any CPU
		{D1FF3279-DBAB-478E-875D-516EFFBD34CB}.Release|iPhoneSimulator.ActiveCfg = Release|Any CPU
		{D1FF3279-DBAB-478E-875D-516EFFBD34CB}.Release|iPhoneSimulator.Build.0 = Release|Any CPU
		{D1FF3279-DBAB-478E-875D-516EFFBD34CB}.Release|iPhoneSimulator.Deploy.0 = Release|Any CPU
		{D1FF3279-DBAB-478E-875D-516EFFBD34CB}.Release|x64.ActiveCfg = Release|Any CPU
		{D1FF3279-DBAB-478E-875D-516EFFBD34CB}.Release|x64.Build.0 = Release|Any CPU
		{D1FF3279-DBAB-478E-875D-516EFFBD34CB}.Release|x64.Deploy.0 = Release|Any CPU
		{D1FF3279-DBAB-478E-875D-516EFFBD34CB}.Release|x86.ActiveCfg = Release|Any CPU
		{D1FF3279-DBAB-478E-875D-516EFFBD34CB}.Release|x86.Build.0 = Release|Any CPU
		{D1FF3279-DBAB-478E-875D-516EFFBD34CB}.Release|x86.Deploy.0 = Release|Any CPU
		{D600FC2A-EF3A-44F8-9E46-D0DF5F6126F8}.Ad-Hoc|Any CPU.ActiveCfg = Ad-Hoc|iPhone
		{D600FC2A-EF3A-44F8-9E46-D0DF5F6126F8}.Ad-Hoc|ARM.ActiveCfg = Ad-Hoc|iPhone
		{D600FC2A-EF3A-44F8-9E46-D0DF5F6126F8}.Ad-Hoc|iPhone.ActiveCfg = Ad-Hoc|iPhone
		{D600FC2A-EF3A-44F8-9E46-D0DF5F6126F8}.Ad-Hoc|iPhone.Build.0 = Ad-Hoc|iPhone
		{D600FC2A-EF3A-44F8-9E46-D0DF5F6126F8}.Ad-Hoc|iPhoneSimulator.ActiveCfg = Ad-Hoc|iPhoneSimulator
		{D600FC2A-EF3A-44F8-9E46-D0DF5F6126F8}.Ad-Hoc|iPhoneSimulator.Build.0 = Ad-Hoc|iPhoneSimulator
		{D600FC2A-EF3A-44F8-9E46-D0DF5F6126F8}.Ad-Hoc|x64.ActiveCfg = Ad-Hoc|iPhone
		{D600FC2A-EF3A-44F8-9E46-D0DF5F6126F8}.Ad-Hoc|x86.ActiveCfg = Ad-Hoc|iPhone
		{D600FC2A-EF3A-44F8-9E46-D0DF5F6126F8}.AppStore|Any CPU.ActiveCfg = AppStore|iPhone
		{D600FC2A-EF3A-44F8-9E46-D0DF5F6126F8}.AppStore|ARM.ActiveCfg = AppStore|iPhone
		{D600FC2A-EF3A-44F8-9E46-D0DF5F6126F8}.AppStore|iPhone.ActiveCfg = AppStore|iPhone
		{D600FC2A-EF3A-44F8-9E46-D0DF5F6126F8}.AppStore|iPhone.Build.0 = AppStore|iPhone
		{D600FC2A-EF3A-44F8-9E46-D0DF5F6126F8}.AppStore|iPhoneSimulator.ActiveCfg = AppStore|iPhoneSimulator
		{D600FC2A-EF3A-44F8-9E46-D0DF5F6126F8}.AppStore|iPhoneSimulator.Build.0 = AppStore|iPhoneSimulator
		{D600FC2A-EF3A-44F8-9E46-D0DF5F6126F8}.AppStore|x64.ActiveCfg = AppStore|iPhone
		{D600FC2A-EF3A-44F8-9E46-D0DF5F6126F8}.AppStore|x86.ActiveCfg = AppStore|iPhone
		{D600FC2A-EF3A-44F8-9E46-D0DF5F6126F8}.Debug|Any CPU.ActiveCfg = Debug|iPhone
		{D600FC2A-EF3A-44F8-9E46-D0DF5F6126F8}.Debug|ARM.ActiveCfg = Debug|iPhone
		{D600FC2A-EF3A-44F8-9E46-D0DF5F6126F8}.Debug|iPhone.ActiveCfg = Debug|iPhone
		{D600FC2A-EF3A-44F8-9E46-D0DF5F6126F8}.Debug|iPhone.Build.0 = Debug|iPhone
		{D600FC2A-EF3A-44F8-9E46-D0DF5F6126F8}.Debug|iPhoneSimulator.ActiveCfg = Debug|iPhoneSimulator
		{D600FC2A-EF3A-44F8-9E46-D0DF5F6126F8}.Debug|iPhoneSimulator.Build.0 = Debug|iPhoneSimulator
		{D600FC2A-EF3A-44F8-9E46-D0DF5F6126F8}.Debug|x64.ActiveCfg = Debug|iPhone
		{D600FC2A-EF3A-44F8-9E46-D0DF5F6126F8}.Debug|x86.ActiveCfg = Debug|iPhone
		{D600FC2A-EF3A-44F8-9E46-D0DF5F6126F8}.Release|Any CPU.ActiveCfg = Release|iPhone
		{D600FC2A-EF3A-44F8-9E46-D0DF5F6126F8}.Release|ARM.ActiveCfg = Release|iPhone
		{D600FC2A-EF3A-44F8-9E46-D0DF5F6126F8}.Release|iPhone.ActiveCfg = Release|iPhone
		{D600FC2A-EF3A-44F8-9E46-D0DF5F6126F8}.Release|iPhone.Build.0 = Release|iPhone
		{D600FC2A-EF3A-44F8-9E46-D0DF5F6126F8}.Release|iPhoneSimulator.ActiveCfg = Release|iPhoneSimulator
		{D600FC2A-EF3A-44F8-9E46-D0DF5F6126F8}.Release|iPhoneSimulator.Build.0 = Release|iPhoneSimulator
		{D600FC2A-EF3A-44F8-9E46-D0DF5F6126F8}.Release|x64.ActiveCfg = Release|iPhone
		{D600FC2A-EF3A-44F8-9E46-D0DF5F6126F8}.Release|x86.ActiveCfg = Release|iPhone
		{8FA68154-18DF-4DE1-AF82-99A184391E05}.Ad-Hoc|Any CPU.ActiveCfg = Release|x86
		{8FA68154-18DF-4DE1-AF82-99A184391E05}.Ad-Hoc|Any CPU.Build.0 = Release|x86
		{8FA68154-18DF-4DE1-AF82-99A184391E05}.Ad-Hoc|Any CPU.Deploy.0 = Release|x86
		{8FA68154-18DF-4DE1-AF82-99A184391E05}.Ad-Hoc|ARM.ActiveCfg = Release|ARM
		{8FA68154-18DF-4DE1-AF82-99A184391E05}.Ad-Hoc|ARM.Build.0 = Release|ARM
		{8FA68154-18DF-4DE1-AF82-99A184391E05}.Ad-Hoc|ARM.Deploy.0 = Release|ARM
		{8FA68154-18DF-4DE1-AF82-99A184391E05}.Ad-Hoc|iPhone.ActiveCfg = Release|x86
		{8FA68154-18DF-4DE1-AF82-99A184391E05}.Ad-Hoc|iPhone.Build.0 = Release|x86
		{8FA68154-18DF-4DE1-AF82-99A184391E05}.Ad-Hoc|iPhone.Deploy.0 = Release|x86
		{8FA68154-18DF-4DE1-AF82-99A184391E05}.Ad-Hoc|iPhoneSimulator.ActiveCfg = Release|x86
		{8FA68154-18DF-4DE1-AF82-99A184391E05}.Ad-Hoc|iPhoneSimulator.Build.0 = Release|x86
		{8FA68154-18DF-4DE1-AF82-99A184391E05}.Ad-Hoc|iPhoneSimulator.Deploy.0 = Release|x86
		{8FA68154-18DF-4DE1-AF82-99A184391E05}.Ad-Hoc|x64.ActiveCfg = Release|x64
		{8FA68154-18DF-4DE1-AF82-99A184391E05}.Ad-Hoc|x64.Build.0 = Release|x64
		{8FA68154-18DF-4DE1-AF82-99A184391E05}.Ad-Hoc|x64.Deploy.0 = Release|x64
		{8FA68154-18DF-4DE1-AF82-99A184391E05}.Ad-Hoc|x86.ActiveCfg = Release|x86
		{8FA68154-18DF-4DE1-AF82-99A184391E05}.Ad-Hoc|x86.Build.0 = Release|x86
		{8FA68154-18DF-4DE1-AF82-99A184391E05}.Ad-Hoc|x86.Deploy.0 = Release|x86
		{8FA68154-18DF-4DE1-AF82-99A184391E05}.AppStore|Any CPU.ActiveCfg = Release|x86
		{8FA68154-18DF-4DE1-AF82-99A184391E05}.AppStore|Any CPU.Build.0 = Release|x86
		{8FA68154-18DF-4DE1-AF82-99A184391E05}.AppStore|Any CPU.Deploy.0 = Release|x86
		{8FA68154-18DF-4DE1-AF82-99A184391E05}.AppStore|ARM.ActiveCfg = Release|ARM
		{8FA68154-18DF-4DE1-AF82-99A184391E05}.AppStore|ARM.Build.0 = Release|ARM
		{8FA68154-18DF-4DE1-AF82-99A184391E05}.AppStore|ARM.Deploy.0 = Release|ARM
		{8FA68154-18DF-4DE1-AF82-99A184391E05}.AppStore|iPhone.ActiveCfg = Release|x86
		{8FA68154-18DF-4DE1-AF82-99A184391E05}.AppStore|iPhone.Build.0 = Release|x86
		{8FA68154-18DF-4DE1-AF82-99A184391E05}.AppStore|iPhone.Deploy.0 = Release|x86
		{8FA68154-18DF-4DE1-AF82-99A184391E05}.AppStore|iPhoneSimulator.ActiveCfg = Release|x86
		{8FA68154-18DF-4DE1-AF82-99A184391E05}.AppStore|iPhoneSimulator.Build.0 = Release|x86
		{8FA68154-18DF-4DE1-AF82-99A184391E05}.AppStore|iPhoneSimulator.Deploy.0 = Release|x86
		{8FA68154-18DF-4DE1-AF82-99A184391E05}.AppStore|x64.ActiveCfg = Release|x64
		{8FA68154-18DF-4DE1-AF82-99A184391E05}.AppStore|x64.Build.0 = Release|x64
		{8FA68154-18DF-4DE1-AF82-99A184391E05}.AppStore|x64.Deploy.0 = Release|x64
		{8FA68154-18DF-4DE1-AF82-99A184391E05}.AppStore|x86.ActiveCfg = Release|x86
		{8FA68154-18DF-4DE1-AF82-99A184391E05}.AppStore|x86.Build.0 = Release|x86
		{8FA68154-18DF-4DE1-AF82-99A184391E05}.AppStore|x86.Deploy.0 = Release|x86
		{8FA68154-18DF-4DE1-AF82-99A184391E05}.Debug|Any CPU.ActiveCfg = Debug|x86
		{8FA68154-18DF-4DE1-AF82-99A184391E05}.Debug|ARM.ActiveCfg = Debug|ARM
		{8FA68154-18DF-4DE1-AF82-99A184391E05}.Debug|ARM.Build.0 = Debug|ARM
		{8FA68154-18DF-4DE1-AF82-99A184391E05}.Debug|ARM.Deploy.0 = Debug|ARM
		{8FA68154-18DF-4DE1-AF82-99A184391E05}.Debug|iPhone.ActiveCfg = Debug|x86
		{8FA68154-18DF-4DE1-AF82-99A184391E05}.Debug|iPhoneSimulator.ActiveCfg = Debug|x86
		{8FA68154-18DF-4DE1-AF82-99A184391E05}.Debug|x64.ActiveCfg = Debug|x64
		{8FA68154-18DF-4DE1-AF82-99A184391E05}.Debug|x64.Build.0 = Debug|x64
		{8FA68154-18DF-4DE1-AF82-99A184391E05}.Debug|x64.Deploy.0 = Debug|x64
		{8FA68154-18DF-4DE1-AF82-99A184391E05}.Debug|x86.ActiveCfg = Debug|x86
		{8FA68154-18DF-4DE1-AF82-99A184391E05}.Debug|x86.Build.0 = Debug|x86
		{8FA68154-18DF-4DE1-AF82-99A184391E05}.Debug|x86.Deploy.0 = Debug|x86
		{8FA68154-18DF-4DE1-AF82-99A184391E05}.Release|Any CPU.ActiveCfg = Release|x86
		{8FA68154-18DF-4DE1-AF82-99A184391E05}.Release|ARM.ActiveCfg = Release|ARM
		{8FA68154-18DF-4DE1-AF82-99A184391E05}.Release|ARM.Build.0 = Release|ARM
		{8FA68154-18DF-4DE1-AF82-99A184391E05}.Release|ARM.Deploy.0 = Release|ARM
		{8FA68154-18DF-4DE1-AF82-99A184391E05}.Release|iPhone.ActiveCfg = Release|x86
		{8FA68154-18DF-4DE1-AF82-99A184391E05}.Release|iPhoneSimulator.ActiveCfg = Release|x86
		{8FA68154-18DF-4DE1-AF82-99A184391E05}.Release|x64.ActiveCfg = Release|x64
		{8FA68154-18DF-4DE1-AF82-99A184391E05}.Release|x64.Build.0 = Release|x64
		{8FA68154-18DF-4DE1-AF82-99A184391E05}.Release|x64.Deploy.0 = Release|x64
		{8FA68154-18DF-4DE1-AF82-99A184391E05}.Release|x86.ActiveCfg = Release|x86
		{8FA68154-18DF-4DE1-AF82-99A184391E05}.Release|x86.Build.0 = Release|x86
		{8FA68154-18DF-4DE1-AF82-99A184391E05}.Release|x86.Deploy.0 = Release|x86
		{61E276D9-D619-434B-A079-8DBDF6EC6E87}.Ad-Hoc|Any CPU.ActiveCfg = Debug|Any CPU
		{61E276D9-D619-434B-A079-8DBDF6EC6E87}.Ad-Hoc|Any CPU.Build.0 = Debug|Any CPU
		{61E276D9-D619-434B-A079-8DBDF6EC6E87}.Ad-Hoc|ARM.ActiveCfg = Debug|Any CPU
		{61E276D9-D619-434B-A079-8DBDF6EC6E87}.Ad-Hoc|ARM.Build.0 = Debug|Any CPU
		{61E276D9-D619-434B-A079-8DBDF6EC6E87}.Ad-Hoc|iPhone.ActiveCfg = Debug|Any CPU
		{61E276D9-D619-434B-A079-8DBDF6EC6E87}.Ad-Hoc|iPhone.Build.0 = Debug|Any CPU
		{61E276D9-D619-434B-A079-8DBDF6EC6E87}.Ad-Hoc|iPhoneSimulator.ActiveCfg = Debug|Any CPU
		{61E276D9-D619-434B-A079-8DBDF6EC6E87}.Ad-Hoc|iPhoneSimulator.Build.0 = Debug|Any CPU
		{61E276D9-D619-434B-A079-8DBDF6EC6E87}.Ad-Hoc|x64.ActiveCfg = Debug|Any CPU
		{61E276D9-D619-434B-A079-8DBDF6EC6E87}.Ad-Hoc|x64.Build.0 = Debug|Any CPU
		{61E276D9-D619-434B-A079-8DBDF6EC6E87}.Ad-Hoc|x86.ActiveCfg = Debug|Any CPU
		{61E276D9-D619-434B-A079-8DBDF6EC6E87}.Ad-Hoc|x86.Build.0 = Debug|Any CPU
		{61E276D9-D619-434B-A079-8DBDF6EC6E87}.AppStore|Any CPU.ActiveCfg = Debug|Any CPU
		{61E276D9-D619-434B-A079-8DBDF6EC6E87}.AppStore|Any CPU.Build.0 = Debug|Any CPU
		{61E276D9-D619-434B-A079-8DBDF6EC6E87}.AppStore|ARM.ActiveCfg = Debug|Any CPU
		{61E276D9-D619-434B-A079-8DBDF6EC6E87}.AppStore|ARM.Build.0 = Debug|Any CPU
		{61E276D9-D619-434B-A079-8DBDF6EC6E87}.AppStore|iPhone.ActiveCfg = Debug|Any CPU
		{61E276D9-D619-434B-A079-8DBDF6EC6E87}.AppStore|iPhone.Build.0 = Debug|Any CPU
		{61E276D9-D619-434B-A079-8DBDF6EC6E87}.AppStore|iPhoneSimulator.ActiveCfg = Debug|Any CPU
		{61E276D9-D619-434B-A079-8DBDF6EC6E87}.AppStore|iPhoneSimulator.Build.0 = Debug|Any CPU
		{61E276D9-D619-434B-A079-8DBDF6EC6E87}.AppStore|x64.ActiveCfg = Debug|Any CPU
		{61E276D9-D619-434B-A079-8DBDF6EC6E87}.AppStore|x64.Build.0 = Debug|Any CPU
		{61E276D9-D619-434B-A079-8DBDF6EC6E87}.AppStore|x86.ActiveCfg = Debug|Any CPU
		{61E276D9-D619-434B-A079-8DBDF6EC6E87}.AppStore|x86.Build.0 = Debug|Any CPU
		{61E276D9-D619-434B-A079-8DBDF6EC6E87}.Debug|Any CPU.ActiveCfg = Debug|Any CPU
		{61E276D9-D619-434B-A079-8DBDF6EC6E87}.Debug|Any CPU.Build.0 = Debug|Any CPU
		{61E276D9-D619-434B-A079-8DBDF6EC6E87}.Debug|ARM.ActiveCfg = Debug|Any CPU
		{61E276D9-D619-434B-A079-8DBDF6EC6E87}.Debug|ARM.Build.0 = Debug|Any CPU
		{61E276D9-D619-434B-A079-8DBDF6EC6E87}.Debug|iPhone.ActiveCfg = Debug|Any CPU
		{61E276D9-D619-434B-A079-8DBDF6EC6E87}.Debug|iPhone.Build.0 = Debug|Any CPU
		{61E276D9-D619-434B-A079-8DBDF6EC6E87}.Debug|iPhoneSimulator.ActiveCfg = Debug|Any CPU
		{61E276D9-D619-434B-A079-8DBDF6EC6E87}.Debug|iPhoneSimulator.Build.0 = Debug|Any CPU
		{61E276D9-D619-434B-A079-8DBDF6EC6E87}.Debug|x64.ActiveCfg = Debug|Any CPU
		{61E276D9-D619-434B-A079-8DBDF6EC6E87}.Debug|x64.Build.0 = Debug|Any CPU
		{61E276D9-D619-434B-A079-8DBDF6EC6E87}.Debug|x86.ActiveCfg = Debug|Any CPU
		{61E276D9-D619-434B-A079-8DBDF6EC6E87}.Debug|x86.Build.0 = Debug|Any CPU
		{61E276D9-D619-434B-A079-8DBDF6EC6E87}.Release|Any CPU.ActiveCfg = Release|Any CPU
		{61E276D9-D619-434B-A079-8DBDF6EC6E87}.Release|Any CPU.Build.0 = Release|Any CPU
		{61E276D9-D619-434B-A079-8DBDF6EC6E87}.Release|ARM.ActiveCfg = Release|Any CPU
		{61E276D9-D619-434B-A079-8DBDF6EC6E87}.Release|ARM.Build.0 = Release|Any CPU
		{61E276D9-D619-434B-A079-8DBDF6EC6E87}.Release|iPhone.ActiveCfg = Release|Any CPU
		{61E276D9-D619-434B-A079-8DBDF6EC6E87}.Release|iPhone.Build.0 = Release|Any CPU
		{61E276D9-D619-434B-A079-8DBDF6EC6E87}.Release|iPhoneSimulator.ActiveCfg = Release|Any CPU
		{61E276D9-D619-434B-A079-8DBDF6EC6E87}.Release|iPhoneSimulator.Build.0 = Release|Any CPU
		{61E276D9-D619-434B-A079-8DBDF6EC6E87}.Release|x64.ActiveCfg = Release|Any CPU
		{61E276D9-D619-434B-A079-8DBDF6EC6E87}.Release|x64.Build.0 = Release|Any CPU
		{61E276D9-D619-434B-A079-8DBDF6EC6E87}.Release|x86.ActiveCfg = Release|Any CPU
		{61E276D9-D619-434B-A079-8DBDF6EC6E87}.Release|x86.Build.0 = Release|Any CPU
	EndGlobalSection
	GlobalSection(SolutionProperties) = preSolution
		HideSolutionNode = FALSE
	EndGlobalSection
	GlobalSection(ExtensibilityGlobals) = postSolution
		SolutionGuid = {B0DBE0E9-3A3A-423D-B5ED-F4C5ABE1EECF}
	EndGlobalSection
EndGlobal
